{
  "version": 4,
  "terraform_version": "1.7.4",
  "serial": 112,
  "lineage": "028a25f8-9b3b-17a3-c13f-5744e8e9c948",
  "outputs": {
    "folder_id": {
      "value": "64504091340",
      "type": "string"
    },
    "projects": {
      "value": {
        "boa01": {
          "project_id": "boa01-rrww",
          "project_number": "994565223816"
        },
        "boa02": {
          "project_id": "boa02-ruva",
          "project_number": "688713234475"
        },
        "boa03": {
          "project_id": "boa03-dutz",
          "project_number": "404151034664"
        },
        "teacherz": {
          "project_id": "teacherz-9bkq",
          "project_number": "834908815552"
        }
      },
      "type": [
        "object",
        {
          "boa01": [
            "object",
            {
              "project_id": "string",
              "project_number": "string"
            }
          ],
          "boa02": [
            "object",
            {
              "project_id": "string",
              "project_number": "string"
            }
          ],
          "boa03": [
            "object",
            {
              "project_id": "string",
              "project_number": "string"
            }
          ],
          "teacherz": [
            "object",
            {
              "project_id": "string",
              "project_number": "string"
            }
          ]
        }
      ]
    }
  },
  "resources": [
    {
      "mode": "managed",
      "type": "google_folder",
      "name": "classroom",
      "provider": "provider[\"registry.terraform.io/hashicorp/google\"]",
      "instances": [
        {
          "schema_version": 0,
          "attributes": {
            "create_time": "2025-07-14T11:27:38.457Z",
            "deletion_protection": true,
            "display_name": "class_2teachers_6students",
            "folder_id": "64504091340",
            "id": "folders/64504091340",
            "lifecycle_state": "ACTIVE",
            "name": "folders/64504091340",
            "parent": "folders/1000371719973",
            "tags": null,
            "timeouts": null
          },
          "sensitive_attributes": [],
          "private": "eyJlMmJmYjczMC1lY2FhLTExZTYtOGY4OC0zNDM2M2JjN2M0YzAiOnsiY3JlYXRlIjoyNDAwMDAwMDAwMDAsImRlbGV0ZSI6MjQwMDAwMDAwMDAwLCJyZWFkIjoyNDAwMDAwMDAwMDAsInVwZGF0ZSI6MjQwMDAwMDAwMDAwfX0="
        }
      ]
    },
    {
      "module": "module.project[\"boa01\"]",
      "mode": "managed",
      "type": "google_project",
      "name": "new",
      "provider": "provider[\"registry.terraform.io/hashicorp/google\"]",
      "instances": [
        {
          "index_key": 0,
          "schema_version": 1,
          "attributes": {
            "auto_create_network": true,
            "billing_account": "01C588-4823BC-27F650",
            "deletion_policy": "PREVENT",
            "effective_labels": {
              "goog-terraform-provisioned": "true"
            },
            "folder_id": "64504091340",
            "id": "projects/boa01-rrww",
            "labels": {},
            "name": "boa01-rrww",
            "number": "994565223816",
            "org_id": "",
            "project_id": "boa01-rrww",
            "tags": null,
            "terraform_labels": {
              "goog-terraform-provisioned": "true"
            },
            "timeouts": null
          },
          "sensitive_attributes": [
            [
              {
                "type": "get_attr",
                "value": "billing_account"
              }
            ]
          ],
          "private": "eyJlMmJmYjczMC1lY2FhLTExZTYtOGY4OC0zNDM2M2JjN2M0YzAiOnsiY3JlYXRlIjo2MDAwMDAwMDAwMDAsImRlbGV0ZSI6NjAwMDAwMDAwMDAwLCJyZWFkIjo2MDAwMDAwMDAwMDAsInVwZGF0ZSI6NjAwMDAwMDAwMDAwfSwic2NoZW1hX3ZlcnNpb24iOiIxIn0=",
          "dependencies": [
            "google_folder.classroom",
            "module.project.random_string.suffix"
          ]
        }
      ]
    },
    {
      "module": "module.project[\"boa01\"]",
      "mode": "managed",
      "type": "google_project_iam_member",
      "name": "permissions",
      "provider": "provider[\"registry.terraform.io/hashicorp/google\"]",
      "instances": [
        {
          "index_key": "roles/aiplatform.user/user:student01@gmail.com",
          "schema_version": 0,
          "attributes": {
            "condition": [],
            "etag": "BwY54f9H+DE=",
            "id": "boa01-rrww/roles/aiplatform.user/user:student01@gmail.com",
            "member": "user:student01@gmail.com",
            "project": "boa01-rrww",
            "role": "roles/aiplatform.user"
          },
          "sensitive_attributes": [],
          "private": "bnVsbA==",
          "dependencies": [
            "google_folder.classroom",
            "module.project.data.google_project.existing",
            "module.project.google_project.new",
            "module.project.google_project_service.apis",
            "module.project.random_string.suffix"
          ]
        },
        {
          "index_key": "roles/aiplatform.user/user:student02@gmail.com",
          "schema_version": 0,
          "attributes": {
            "condition": [],
            "etag": "BwY54f9H+DE=",
            "id": "boa01-rrww/roles/aiplatform.user/user:student02@gmail.com",
            "member": "user:student02@gmail.com",
            "project": "boa01-rrww",
            "role": "roles/aiplatform.user"
          },
          "sensitive_attributes": [],
          "private": "bnVsbA==",
          "dependencies": [
            "google_folder.classroom",
            "module.project.data.google_project.existing",
            "module.project.google_project.new",
            "module.project.google_project_service.apis",
            "module.project.random_string.suffix"
          ]
        },
        {
          "index_key": "roles/artifactregistry.writer/user:student01@gmail.com",
          "schema_version": 0,
          "attributes": {
            "condition": [],
            "etag": "BwY54f9H+DE=",
            "id": "boa01-rrww/roles/artifactregistry.writer/user:student01@gmail.com",
            "member": "user:student01@gmail.com",
            "project": "boa01-rrww",
            "role": "roles/artifactregistry.writer"
          },
          "sensitive_attributes": [],
          "private": "bnVsbA==",
          "dependencies": [
            "google_folder.classroom",
            "module.project.data.google_project.existing",
            "module.project.google_project.new",
            "module.project.google_project_service.apis",
            "module.project.random_string.suffix"
          ]
        },
        {
          "index_key": "roles/artifactregistry.writer/user:student02@gmail.com",
          "schema_version": 0,
          "attributes": {
            "condition": [],
            "etag": "BwY54f9H+DE=",
            "id": "boa01-rrww/roles/artifactregistry.writer/user:student02@gmail.com",
            "member": "user:student02@gmail.com",
            "project": "boa01-rrww",
            "role": "roles/artifactregistry.writer"
          },
          "sensitive_attributes": [],
          "private": "bnVsbA==",
          "dependencies": [
            "google_folder.classroom",
            "module.project.data.google_project.existing",
            "module.project.google_project.new",
            "module.project.google_project_service.apis",
            "module.project.random_string.suffix"
          ]
        },
        {
          "index_key": "roles/editor/user:student01@gmail.com",
          "schema_version": 0,
          "attributes": {
            "condition": [],
            "etag": "BwY54f9H+DE=",
            "id": "boa01-rrww/roles/editor/user:student01@gmail.com",
            "member": "user:student01@gmail.com",
            "project": "boa01-rrww",
            "role": "roles/editor"
          },
          "sensitive_attributes": [],
          "private": "bnVsbA==",
          "dependencies": [
            "google_folder.classroom",
            "module.project.data.google_project.existing",
            "module.project.google_project.new",
            "module.project.google_project_service.apis",
            "module.project.random_string.suffix"
          ]
        },
        {
          "index_key": "roles/editor/user:student02@gmail.com",
          "schema_version": 0,
          "attributes": {
            "condition": [],
            "etag": "BwY54f9H+DE=",
            "id": "boa01-rrww/roles/editor/user:student02@gmail.com",
            "member": "user:student02@gmail.com",
            "project": "boa01-rrww",
            "role": "roles/editor"
          },
          "sensitive_attributes": [],
          "private": "bnVsbA==",
          "dependencies": [
            "google_folder.classroom",
            "module.project.data.google_project.existing",
            "module.project.google_project.new",
            "module.project.google_project_service.apis",
            "module.project.random_string.suffix"
          ]
        },
        {
          "index_key": "roles/iam.serviceAccountUser/user:student01@gmail.com",
          "schema_version": 0,
          "attributes": {
            "condition": [],
            "etag": "BwY54f9H+DE=",
            "id": "boa01-rrww/roles/iam.serviceAccountUser/user:student01@gmail.com",
            "member": "user:student01@gmail.com",
            "project": "boa01-rrww",
            "role": "roles/iam.serviceAccountUser"
          },
          "sensitive_attributes": [],
          "private": "bnVsbA==",
          "dependencies": [
            "google_folder.classroom",
            "module.project.data.google_project.existing",
            "module.project.google_project.new",
            "module.project.google_project_service.apis",
            "module.project.random_string.suffix"
          ]
        },
        {
          "index_key": "roles/iam.serviceAccountUser/user:student02@gmail.com",
          "schema_version": 0,
          "attributes": {
            "condition": [],
            "etag": "BwY54f9H+DE=",
            "id": "boa01-rrww/roles/iam.serviceAccountUser/user:student02@gmail.com",
            "member": "user:student02@gmail.com",
            "project": "boa01-rrww",
            "role": "roles/iam.serviceAccountUser"
          },
          "sensitive_attributes": [],
          "private": "bnVsbA==",
          "dependencies": [
            "google_folder.classroom",
            "module.project.data.google_project.existing",
            "module.project.google_project.new",
            "module.project.google_project_service.apis",
            "module.project.random_string.suffix"
          ]
        },
        {
          "index_key": "roles/run.admin/user:student01@gmail.com",
          "schema_version": 0,
          "attributes": {
            "condition": [],
            "etag": "BwY54f9H+DE=",
            "id": "boa01-rrww/roles/run.admin/user:student01@gmail.com",
            "member": "user:student01@gmail.com",
            "project": "boa01-rrww",
            "role": "roles/run.admin"
          },
          "sensitive_attributes": [],
          "private": "bnVsbA==",
          "dependencies": [
            "google_folder.classroom",
            "module.project.data.google_project.existing",
            "module.project.google_project.new",
            "module.project.google_project_service.apis",
            "module.project.random_string.suffix"
          ]
        },
        {
          "index_key": "roles/run.admin/user:student02@gmail.com",
          "schema_version": 0,
          "attributes": {
            "condition": [],
            "etag": "BwY54f9H+DE=",
            "id": "boa01-rrww/roles/run.admin/user:student02@gmail.com",
            "member": "user:student02@gmail.com",
            "project": "boa01-rrww",
            "role": "roles/run.admin"
          },
          "sensitive_attributes": [],
          "private": "bnVsbA==",
          "dependencies": [
            "google_folder.classroom",
            "module.project.data.google_project.existing",
            "module.project.google_project.new",
            "module.project.google_project_service.apis",
            "module.project.random_string.suffix"
          ]
        },
        {
          "index_key": "roles/storage.admin/user:student01@gmail.com",
          "schema_version": 0,
          "attributes": {
            "condition": [],
            "etag": "BwY54f9H+DE=",
            "id": "boa01-rrww/roles/storage.admin/user:student01@gmail.com",
            "member": "user:student01@gmail.com",
            "project": "boa01-rrww",
            "role": "roles/storage.admin"
          },
          "sensitive_attributes": [],
          "private": "bnVsbA==",
          "dependencies": [
            "google_folder.classroom",
            "module.project.data.google_project.existing",
            "module.project.google_project.new",
            "module.project.google_project_service.apis",
            "module.project.random_string.suffix"
          ]
        },
        {
          "index_key": "roles/storage.admin/user:student02@gmail.com",
          "schema_version": 0,
          "attributes": {
            "condition": [],
            "etag": "BwY54f9H+DE=",
            "id": "boa01-rrww/roles/storage.admin/user:student02@gmail.com",
            "member": "user:student02@gmail.com",
            "project": "boa01-rrww",
            "role": "roles/storage.admin"
          },
          "sensitive_attributes": [],
          "private": "bnVsbA==",
          "dependencies": [
            "google_folder.classroom",
            "module.project.data.google_project.existing",
            "module.project.google_project.new",
            "module.project.google_project_service.apis",
            "module.project.random_string.suffix"
          ]
        }
      ]
    },
    {
      "module": "module.project[\"boa01\"]",
      "mode": "managed",
      "type": "google_project_service",
      "name": "apis",
      "provider": "provider[\"registry.terraform.io/hashicorp/google\"]",
      "instances": [
        {
          "index_key": "aiplatform.googleapis.com",
          "schema_version": 0,
          "attributes": {
            "disable_dependent_services": true,
            "disable_on_destroy": true,
            "id": "boa01-rrww/aiplatform.googleapis.com",
            "project": "boa01-rrww",
            "service": "aiplatform.googleapis.com",
            "timeouts": null
          },
          "sensitive_attributes": [],
          "private": "eyJlMmJmYjczMC1lY2FhLTExZTYtOGY4OC0zNDM2M2JjN2M0YzAiOnsiY3JlYXRlIjoxMjAwMDAwMDAwMDAwLCJkZWxldGUiOjEyMDAwMDAwMDAwMDAsInJlYWQiOjYwMDAwMDAwMDAwMCwidXBkYXRlIjoxMjAwMDAwMDAwMDAwfX0=",
          "dependencies": [
            "google_folder.classroom",
            "module.project.data.google_project.existing",
            "module.project.google_project.new",
            "module.project.random_string.suffix"
          ]
        },
        {
          "index_key": "apphub.googleapis.com",
          "schema_version": 0,
          "attributes": {
            "disable_dependent_services": true,
            "disable_on_destroy": true,
            "id": "boa01-rrww/apphub.googleapis.com",
            "project": "boa01-rrww",
            "service": "apphub.googleapis.com",
            "timeouts": null
          },
          "sensitive_attributes": [],
          "private": "eyJlMmJmYjczMC1lY2FhLTExZTYtOGY4OC0zNDM2M2JjN2M0YzAiOnsiY3JlYXRlIjoxMjAwMDAwMDAwMDAwLCJkZWxldGUiOjEyMDAwMDAwMDAwMDAsInJlYWQiOjYwMDAwMDAwMDAwMCwidXBkYXRlIjoxMjAwMDAwMDAwMDAwfX0=",
          "dependencies": [
            "google_folder.classroom",
            "module.project.data.google_project.existing",
            "module.project.google_project.new",
            "module.project.random_string.suffix"
          ]
        },
        {
          "index_key": "artifactregistry.googleapis.com",
          "schema_version": 0,
          "attributes": {
            "disable_dependent_services": true,
            "disable_on_destroy": true,
            "id": "boa01-rrww/artifactregistry.googleapis.com",
            "project": "boa01-rrww",
            "service": "artifactregistry.googleapis.com",
            "timeouts": null
          },
          "sensitive_attributes": [],
          "private": "eyJlMmJmYjczMC1lY2FhLTExZTYtOGY4OC0zNDM2M2JjN2M0YzAiOnsiY3JlYXRlIjoxMjAwMDAwMDAwMDAwLCJkZWxldGUiOjEyMDAwMDAwMDAwMDAsInJlYWQiOjYwMDAwMDAwMDAwMCwidXBkYXRlIjoxMjAwMDAwMDAwMDAwfX0=",
          "dependencies": [
            "google_folder.classroom",
            "module.project.data.google_project.existing",
            "module.project.google_project.new",
            "module.project.random_string.suffix"
          ]
        },
        {
          "index_key": "cloudbuild.googleapis.com",
          "schema_version": 0,
          "attributes": {
            "disable_dependent_services": true,
            "disable_on_destroy": true,
            "id": "boa01-rrww/cloudbuild.googleapis.com",
            "project": "boa01-rrww",
            "service": "cloudbuild.googleapis.com",
            "timeouts": null
          },
          "sensitive_attributes": [],
          "private": "eyJlMmJmYjczMC1lY2FhLTExZTYtOGY4OC0zNDM2M2JjN2M0YzAiOnsiY3JlYXRlIjoxMjAwMDAwMDAwMDAwLCJkZWxldGUiOjEyMDAwMDAwMDAwMDAsInJlYWQiOjYwMDAwMDAwMDAwMCwidXBkYXRlIjoxMjAwMDAwMDAwMDAwfX0=",
          "dependencies": [
            "google_folder.classroom",
            "module.project.data.google_project.existing",
            "module.project.google_project.new",
            "module.project.random_string.suffix"
          ]
        },
        {
          "index_key": "cloudresourcemanager.googleapis.com",
          "schema_version": 0,
          "attributes": {
            "disable_dependent_services": true,
            "disable_on_destroy": true,
            "id": "boa01-rrww/cloudresourcemanager.googleapis.com",
            "project": "boa01-rrww",
            "service": "cloudresourcemanager.googleapis.com",
            "timeouts": null
          },
          "sensitive_attributes": [],
          "private": "eyJlMmJmYjczMC1lY2FhLTExZTYtOGY4OC0zNDM2M2JjN2M0YzAiOnsiY3JlYXRlIjoxMjAwMDAwMDAwMDAwLCJkZWxldGUiOjEyMDAwMDAwMDAwMDAsInJlYWQiOjYwMDAwMDAwMDAwMCwidXBkYXRlIjoxMjAwMDAwMDAwMDAwfX0=",
          "dependencies": [
            "google_folder.classroom",
            "module.project.data.google_project.existing",
            "module.project.google_project.new",
            "module.project.random_string.suffix"
          ]
        },
        {
          "index_key": "compute.googleapis.com",
          "schema_version": 0,
          "attributes": {
            "disable_dependent_services": true,
            "disable_on_destroy": true,
            "id": "boa01-rrww/compute.googleapis.com",
            "project": "boa01-rrww",
            "service": "compute.googleapis.com",
            "timeouts": null
          },
          "sensitive_attributes": [],
          "private": "eyJlMmJmYjczMC1lY2FhLTExZTYtOGY4OC0zNDM2M2JjN2M0YzAiOnsiY3JlYXRlIjoxMjAwMDAwMDAwMDAwLCJkZWxldGUiOjEyMDAwMDAwMDAwMDAsInJlYWQiOjYwMDAwMDAwMDAwMCwidXBkYXRlIjoxMjAwMDAwMDAwMDAwfX0=",
          "dependencies": [
            "google_folder.classroom",
            "module.project.data.google_project.existing",
            "module.project.google_project.new",
            "module.project.random_string.suffix"
          ]
        },
        {
          "index_key": "iam.googleapis.com",
          "schema_version": 0,
          "attributes": {
            "disable_dependent_services": true,
            "disable_on_destroy": true,
            "id": "boa01-rrww/iam.googleapis.com",
            "project": "boa01-rrww",
            "service": "iam.googleapis.com",
            "timeouts": null
          },
          "sensitive_attributes": [],
          "private": "eyJlMmJmYjczMC1lY2FhLTExZTYtOGY4OC0zNDM2M2JjN2M0YzAiOnsiY3JlYXRlIjoxMjAwMDAwMDAwMDAwLCJkZWxldGUiOjEyMDAwMDAwMDAwMDAsInJlYWQiOjYwMDAwMDAwMDAwMCwidXBkYXRlIjoxMjAwMDAwMDAwMDAwfX0=",
          "dependencies": [
            "google_folder.classroom",
            "module.project.data.google_project.existing",
            "module.project.google_project.new",
            "module.project.random_string.suffix"
          ]
        },
        {
          "index_key": "logging.googleapis.com",
          "schema_version": 0,
          "attributes": {
            "disable_dependent_services": true,
            "disable_on_destroy": true,
            "id": "boa01-rrww/logging.googleapis.com",
            "project": "boa01-rrww",
            "service": "logging.googleapis.com",
            "timeouts": null
          },
          "sensitive_attributes": [],
          "private": "eyJlMmJmYjczMC1lY2FhLTExZTYtOGY4OC0zNDM2M2JjN2M0YzAiOnsiY3JlYXRlIjoxMjAwMDAwMDAwMDAwLCJkZWxldGUiOjEyMDAwMDAwMDAwMDAsInJlYWQiOjYwMDAwMDAwMDAwMCwidXBkYXRlIjoxMjAwMDAwMDAwMDAwfX0=",
          "dependencies": [
            "google_folder.classroom",
            "module.project.data.google_project.existing",
            "module.project.google_project.new",
            "module.project.random_string.suffix"
          ]
        },
        {
          "index_key": "monitoring.googleapis.com",
          "schema_version": 0,
          "attributes": {
            "disable_dependent_services": true,
            "disable_on_destroy": true,
            "id": "boa01-rrww/monitoring.googleapis.com",
            "project": "boa01-rrww",
            "service": "monitoring.googleapis.com",
            "timeouts": null
          },
          "sensitive_attributes": [],
          "private": "eyJlMmJmYjczMC1lY2FhLTExZTYtOGY4OC0zNDM2M2JjN2M0YzAiOnsiY3JlYXRlIjoxMjAwMDAwMDAwMDAwLCJkZWxldGUiOjEyMDAwMDAwMDAwMDAsInJlYWQiOjYwMDAwMDAwMDAwMCwidXBkYXRlIjoxMjAwMDAwMDAwMDAwfX0=",
          "dependencies": [
            "google_folder.classroom",
            "module.project.data.google_project.existing",
            "module.project.google_project.new",
            "module.project.random_string.suffix"
          ]
        },
        {
          "index_key": "run.googleapis.com",
          "schema_version": 0,
          "attributes": {
            "disable_dependent_services": true,
            "disable_on_destroy": true,
            "id": "boa01-rrww/run.googleapis.com",
            "project": "boa01-rrww",
            "service": "run.googleapis.com",
            "timeouts": null
          },
          "sensitive_attributes": [],
          "private": "eyJlMmJmYjczMC1lY2FhLTExZTYtOGY4OC0zNDM2M2JjN2M0YzAiOnsiY3JlYXRlIjoxMjAwMDAwMDAwMDAwLCJkZWxldGUiOjEyMDAwMDAwMDAwMDAsInJlYWQiOjYwMDAwMDAwMDAwMCwidXBkYXRlIjoxMjAwMDAwMDAwMDAwfX0=",
          "dependencies": [
            "google_folder.classroom",
            "module.project.data.google_project.existing",
            "module.project.google_project.new",
            "module.project.random_string.suffix"
          ]
        },
        {
          "index_key": "serviceusage.googleapis.com",
          "schema_version": 0,
          "attributes": {
            "disable_dependent_services": true,
            "disable_on_destroy": true,
            "id": "boa01-rrww/serviceusage.googleapis.com",
            "project": "boa01-rrww",
            "service": "serviceusage.googleapis.com",
            "timeouts": null
          },
          "sensitive_attributes": [],
          "private": "eyJlMmJmYjczMC1lY2FhLTExZTYtOGY4OC0zNDM2M2JjN2M0YzAiOnsiY3JlYXRlIjoxMjAwMDAwMDAwMDAwLCJkZWxldGUiOjEyMDAwMDAwMDAwMDAsInJlYWQiOjYwMDAwMDAwMDAwMCwidXBkYXRlIjoxMjAwMDAwMDAwMDAwfX0=",
          "dependencies": [
            "google_folder.classroom",
            "module.project.data.google_project.existing",
            "module.project.google_project.new",
            "module.project.random_string.suffix"
          ]
        }
      ]
    },
    {
      "module": "module.project[\"boa01\"]",
      "mode": "managed",
      "type": "random_string",
      "name": "suffix",
      "provider": "provider[\"registry.terraform.io/hashicorp/random\"]",
      "instances": [
        {
          "schema_version": 2,
          "attributes": {
            "id": "rrww",
            "keepers": null,
            "length": 4,
            "lower": true,
            "min_lower": 0,
            "min_numeric": 0,
            "min_special": 0,
            "min_upper": 0,
            "number": true,
            "numeric": true,
            "override_special": null,
            "result": "rrww",
            "special": false,
            "upper": false
          },
          "sensitive_attributes": [],
          "dependencies": [
            "google_folder.classroom"
          ]
        }
      ]
    },
    {
      "module": "module.project[\"boa02\"]",
      "mode": "managed",
      "type": "google_project",
      "name": "new",
      "provider": "provider[\"registry.terraform.io/hashicorp/google\"]",
      "instances": [
        {
          "index_key": 0,
          "schema_version": 1,
          "attributes": {
            "auto_create_network": true,
            "billing_account": "01C588-4823BC-27F650",
            "deletion_policy": "PREVENT",
            "effective_labels": {
              "goog-terraform-provisioned": "true"
            },
            "folder_id": "64504091340",
            "id": "projects/boa02-ruva",
            "labels": {},
            "name": "boa02-ruva",
            "number": "688713234475",
            "org_id": "",
            "project_id": "boa02-ruva",
            "tags": null,
            "terraform_labels": {
              "goog-terraform-provisioned": "true"
            },
            "timeouts": null
          },
          "sensitive_attributes": [
            [
              {
                "type": "get_attr",
                "value": "billing_account"
              }
            ]
          ],
          "private": "eyJlMmJmYjczMC1lY2FhLTExZTYtOGY4OC0zNDM2M2JjN2M0YzAiOnsiY3JlYXRlIjo2MDAwMDAwMDAwMDAsImRlbGV0ZSI6NjAwMDAwMDAwMDAwLCJyZWFkIjo2MDAwMDAwMDAwMDAsInVwZGF0ZSI6NjAwMDAwMDAwMDAwfSwic2NoZW1hX3ZlcnNpb24iOiIxIn0=",
          "dependencies": [
            "google_folder.classroom",
            "module.project.random_string.suffix"
          ]
        }
      ]
    },
    {
      "module": "module.project[\"boa02\"]",
      "mode": "managed",
      "type": "google_project_iam_member",
      "name": "permissions",
      "provider": "provider[\"registry.terraform.io/hashicorp/google\"]",
      "instances": [
        {
          "index_key": "roles/aiplatform.user/user:student03@gmail.com",
          "schema_version": 0,
          "attributes": {
            "condition": [],
            "etag": "BwY54f7g3Hw=",
            "id": "boa02-ruva/roles/aiplatform.user/user:student03@gmail.com",
            "member": "user:student03@gmail.com",
            "project": "boa02-ruva",
            "role": "roles/aiplatform.user"
          },
          "sensitive_attributes": [],
          "private": "bnVsbA==",
          "dependencies": [
            "google_folder.classroom",
            "module.project.data.google_project.existing",
            "module.project.google_project.new",
            "module.project.google_project_service.apis",
            "module.project.random_string.suffix"
          ]
        },
        {
          "index_key": "roles/aiplatform.user/user:student04@gmail.com",
          "schema_version": 0,
          "attributes": {
            "condition": [],
            "etag": "BwY54f7g3Hw=",
            "id": "boa02-ruva/roles/aiplatform.user/user:student04@gmail.com",
            "member": "user:student04@gmail.com",
            "project": "boa02-ruva",
            "role": "roles/aiplatform.user"
          },
          "sensitive_attributes": [],
          "private": "bnVsbA==",
          "dependencies": [
            "google_folder.classroom",
            "module.project.data.google_project.existing",
            "module.project.google_project.new",
            "module.project.google_project_service.apis",
            "module.project.random_string.suffix"
          ]
        },
        {
          "index_key": "roles/artifactregistry.writer/user:student03@gmail.com",
          "schema_version": 0,
          "attributes": {
            "condition": [],
            "etag": "BwY54f7g3Hw=",
            "id": "boa02-ruva/roles/artifactregistry.writer/user:student03@gmail.com",
            "member": "user:student03@gmail.com",
            "project": "boa02-ruva",
            "role": "roles/artifactregistry.writer"
          },
          "sensitive_attributes": [],
          "private": "bnVsbA==",
          "dependencies": [
            "google_folder.classroom",
            "module.project.data.google_project.existing",
            "module.project.google_project.new",
            "module.project.google_project_service.apis",
            "module.project.random_string.suffix"
          ]
        },
        {
          "index_key": "roles/artifactregistry.writer/user:student04@gmail.com",
          "schema_version": 0,
          "attributes": {
            "condition": [],
            "etag": "BwY54f7g3Hw=",
            "id": "boa02-ruva/roles/artifactregistry.writer/user:student04@gmail.com",
            "member": "user:student04@gmail.com",
            "project": "boa02-ruva",
            "role": "roles/artifactregistry.writer"
          },
          "sensitive_attributes": [],
          "private": "bnVsbA==",
          "dependencies": [
            "google_folder.classroom",
            "module.project.data.google_project.existing",
            "module.project.google_project.new",
            "module.project.google_project_service.apis",
            "module.project.random_string.suffix"
          ]
        },
        {
          "index_key": "roles/editor/user:student03@gmail.com",
          "schema_version": 0,
          "attributes": {
            "condition": [],
            "etag": "BwY54f7g3Hw=",
            "id": "boa02-ruva/roles/editor/user:student03@gmail.com",
            "member": "user:student03@gmail.com",
            "project": "boa02-ruva",
            "role": "roles/editor"
          },
          "sensitive_attributes": [],
          "private": "bnVsbA==",
          "dependencies": [
            "google_folder.classroom",
            "module.project.data.google_project.existing",
            "module.project.google_project.new",
            "module.project.google_project_service.apis",
            "module.project.random_string.suffix"
          ]
        },
        {
          "index_key": "roles/editor/user:student04@gmail.com",
          "schema_version": 0,
          "attributes": {
            "condition": [],
            "etag": "BwY54f7g3Hw=",
            "id": "boa02-ruva/roles/editor/user:student04@gmail.com",
            "member": "user:student04@gmail.com",
            "project": "boa02-ruva",
            "role": "roles/editor"
          },
          "sensitive_attributes": [],
          "private": "bnVsbA==",
          "dependencies": [
            "google_folder.classroom",
            "module.project.data.google_project.existing",
            "module.project.google_project.new",
            "module.project.google_project_service.apis",
            "module.project.random_string.suffix"
          ]
        },
        {
          "index_key": "roles/iam.serviceAccountUser/user:student03@gmail.com",
          "schema_version": 0,
          "attributes": {
            "condition": [],
            "etag": "BwY54f7g3Hw=",
            "id": "boa02-ruva/roles/iam.serviceAccountUser/user:student03@gmail.com",
            "member": "user:student03@gmail.com",
            "project": "boa02-ruva",
            "role": "roles/iam.serviceAccountUser"
          },
          "sensitive_attributes": [],
          "private": "bnVsbA==",
          "dependencies": [
            "google_folder.classroom",
            "module.project.data.google_project.existing",
            "module.project.google_project.new",
            "module.project.google_project_service.apis",
            "module.project.random_string.suffix"
          ]
        },
        {
          "index_key": "roles/iam.serviceAccountUser/user:student04@gmail.com",
          "schema_version": 0,
          "attributes": {
            "condition": [],
            "etag": "BwY54f7g3Hw=",
            "id": "boa02-ruva/roles/iam.serviceAccountUser/user:student04@gmail.com",
            "member": "user:student04@gmail.com",
            "project": "boa02-ruva",
            "role": "roles/iam.serviceAccountUser"
          },
          "sensitive_attributes": [],
          "private": "bnVsbA==",
          "dependencies": [
            "google_folder.classroom",
            "module.project.data.google_project.existing",
            "module.project.google_project.new",
            "module.project.google_project_service.apis",
            "module.project.random_string.suffix"
          ]
        },
        {
          "index_key": "roles/run.admin/user:student03@gmail.com",
          "schema_version": 0,
          "attributes": {
            "condition": [],
            "etag": "BwY54f7g3Hw=",
            "id": "boa02-ruva/roles/run.admin/user:student03@gmail.com",
            "member": "user:student03@gmail.com",
            "project": "boa02-ruva",
            "role": "roles/run.admin"
          },
          "sensitive_attributes": [],
          "private": "bnVsbA==",
          "dependencies": [
            "google_folder.classroom",
            "module.project.data.google_project.existing",
            "module.project.google_project.new",
            "module.project.google_project_service.apis",
            "module.project.random_string.suffix"
          ]
        },
        {
          "index_key": "roles/run.admin/user:student04@gmail.com",
          "schema_version": 0,
          "attributes": {
            "condition": [],
            "etag": "BwY54f7g3Hw=",
            "id": "boa02-ruva/roles/run.admin/user:student04@gmail.com",
            "member": "user:student04@gmail.com",
            "project": "boa02-ruva",
            "role": "roles/run.admin"
          },
          "sensitive_attributes": [],
          "private": "bnVsbA==",
          "dependencies": [
            "google_folder.classroom",
            "module.project.data.google_project.existing",
            "module.project.google_project.new",
            "module.project.google_project_service.apis",
            "module.project.random_string.suffix"
          ]
        },
        {
          "index_key": "roles/storage.admin/user:student03@gmail.com",
          "schema_version": 0,
          "attributes": {
            "condition": [],
            "etag": "BwY54f7g3Hw=",
            "id": "boa02-ruva/roles/storage.admin/user:student03@gmail.com",
            "member": "user:student03@gmail.com",
            "project": "boa02-ruva",
            "role": "roles/storage.admin"
          },
          "sensitive_attributes": [],
          "private": "bnVsbA==",
          "dependencies": [
            "google_folder.classroom",
            "module.project.data.google_project.existing",
            "module.project.google_project.new",
            "module.project.google_project_service.apis",
            "module.project.random_string.suffix"
          ]
        },
        {
          "index_key": "roles/storage.admin/user:student04@gmail.com",
          "schema_version": 0,
          "attributes": {
            "condition": [],
            "etag": "BwY54f7g3Hw=",
            "id": "boa02-ruva/roles/storage.admin/user:student04@gmail.com",
            "member": "user:student04@gmail.com",
            "project": "boa02-ruva",
            "role": "roles/storage.admin"
          },
          "sensitive_attributes": [],
          "private": "bnVsbA==",
          "dependencies": [
            "google_folder.classroom",
            "module.project.data.google_project.existing",
            "module.project.google_project.new",
            "module.project.google_project_service.apis",
            "module.project.random_string.suffix"
          ]
        }
      ]
    },
    {
      "module": "module.project[\"boa02\"]",
      "mode": "managed",
      "type": "google_project_service",
      "name": "apis",
      "provider": "provider[\"registry.terraform.io/hashicorp/google\"]",
      "instances": [
        {
          "index_key": "aiplatform.googleapis.com",
          "schema_version": 0,
          "attributes": {
            "disable_dependent_services": true,
            "disable_on_destroy": true,
            "id": "boa02-ruva/aiplatform.googleapis.com",
            "project": "boa02-ruva",
            "service": "aiplatform.googleapis.com",
            "timeouts": null
          },
          "sensitive_attributes": [],
          "private": "eyJlMmJmYjczMC1lY2FhLTExZTYtOGY4OC0zNDM2M2JjN2M0YzAiOnsiY3JlYXRlIjoxMjAwMDAwMDAwMDAwLCJkZWxldGUiOjEyMDAwMDAwMDAwMDAsInJlYWQiOjYwMDAwMDAwMDAwMCwidXBkYXRlIjoxMjAwMDAwMDAwMDAwfX0=",
          "dependencies": [
            "google_folder.classroom",
            "module.project.data.google_project.existing",
            "module.project.google_project.new",
            "module.project.random_string.suffix"
          ]
        },
        {
          "index_key": "apphub.googleapis.com",
          "schema_version": 0,
          "attributes": {
            "disable_dependent_services": true,
            "disable_on_destroy": true,
            "id": "boa02-ruva/apphub.googleapis.com",
            "project": "boa02-ruva",
            "service": "apphub.googleapis.com",
            "timeouts": null
          },
          "sensitive_attributes": [],
          "private": "eyJlMmJmYjczMC1lY2FhLTExZTYtOGY4OC0zNDM2M2JjN2M0YzAiOnsiY3JlYXRlIjoxMjAwMDAwMDAwMDAwLCJkZWxldGUiOjEyMDAwMDAwMDAwMDAsInJlYWQiOjYwMDAwMDAwMDAwMCwidXBkYXRlIjoxMjAwMDAwMDAwMDAwfX0=",
          "dependencies": [
            "google_folder.classroom",
            "module.project.data.google_project.existing",
            "module.project.google_project.new",
            "module.project.random_string.suffix"
          ]
        },
        {
          "index_key": "artifactregistry.googleapis.com",
          "schema_version": 0,
          "attributes": {
            "disable_dependent_services": true,
            "disable_on_destroy": true,
            "id": "boa02-ruva/artifactregistry.googleapis.com",
            "project": "boa02-ruva",
            "service": "artifactregistry.googleapis.com",
            "timeouts": null
          },
          "sensitive_attributes": [],
          "private": "eyJlMmJmYjczMC1lY2FhLTExZTYtOGY4OC0zNDM2M2JjN2M0YzAiOnsiY3JlYXRlIjoxMjAwMDAwMDAwMDAwLCJkZWxldGUiOjEyMDAwMDAwMDAwMDAsInJlYWQiOjYwMDAwMDAwMDAwMCwidXBkYXRlIjoxMjAwMDAwMDAwMDAwfX0=",
          "dependencies": [
            "google_folder.classroom",
            "module.project.data.google_project.existing",
            "module.project.google_project.new",
            "module.project.random_string.suffix"
          ]
        },
        {
          "index_key": "cloudbuild.googleapis.com",
          "schema_version": 0,
          "attributes": {
            "disable_dependent_services": true,
            "disable_on_destroy": true,
            "id": "boa02-ruva/cloudbuild.googleapis.com",
            "project": "boa02-ruva",
            "service": "cloudbuild.googleapis.com",
            "timeouts": null
          },
          "sensitive_attributes": [],
          "private": "eyJlMmJmYjczMC1lY2FhLTExZTYtOGY4OC0zNDM2M2JjN2M0YzAiOnsiY3JlYXRlIjoxMjAwMDAwMDAwMDAwLCJkZWxldGUiOjEyMDAwMDAwMDAwMDAsInJlYWQiOjYwMDAwMDAwMDAwMCwidXBkYXRlIjoxMjAwMDAwMDAwMDAwfX0=",
          "dependencies": [
            "google_folder.classroom",
            "module.project.data.google_project.existing",
            "module.project.google_project.new",
            "module.project.random_string.suffix"
          ]
        },
        {
          "index_key": "cloudresourcemanager.googleapis.com",
          "schema_version": 0,
          "attributes": {
            "disable_dependent_services": true,
            "disable_on_destroy": true,
            "id": "boa02-ruva/cloudresourcemanager.googleapis.com",
            "project": "boa02-ruva",
            "service": "cloudresourcemanager.googleapis.com",
            "timeouts": null
          },
          "sensitive_attributes": [],
          "private": "eyJlMmJmYjczMC1lY2FhLTExZTYtOGY4OC0zNDM2M2JjN2M0YzAiOnsiY3JlYXRlIjoxMjAwMDAwMDAwMDAwLCJkZWxldGUiOjEyMDAwMDAwMDAwMDAsInJlYWQiOjYwMDAwMDAwMDAwMCwidXBkYXRlIjoxMjAwMDAwMDAwMDAwfX0=",
          "dependencies": [
            "google_folder.classroom",
            "module.project.data.google_project.existing",
            "module.project.google_project.new",
            "module.project.random_string.suffix"
          ]
        },
        {
          "index_key": "compute.googleapis.com",
          "schema_version": 0,
          "attributes": {
            "disable_dependent_services": true,
            "disable_on_destroy": true,
            "id": "boa02-ruva/compute.googleapis.com",
            "project": "boa02-ruva",
            "service": "compute.googleapis.com",
            "timeouts": null
          },
          "sensitive_attributes": [],
          "private": "eyJlMmJmYjczMC1lY2FhLTExZTYtOGY4OC0zNDM2M2JjN2M0YzAiOnsiY3JlYXRlIjoxMjAwMDAwMDAwMDAwLCJkZWxldGUiOjEyMDAwMDAwMDAwMDAsInJlYWQiOjYwMDAwMDAwMDAwMCwidXBkYXRlIjoxMjAwMDAwMDAwMDAwfX0=",
          "dependencies": [
            "google_folder.classroom",
            "module.project.data.google_project.existing",
            "module.project.google_project.new",
            "module.project.random_string.suffix"
          ]
        },
        {
          "index_key": "iam.googleapis.com",
          "schema_version": 0,
          "attributes": {
            "disable_dependent_services": true,
            "disable_on_destroy": true,
            "id": "boa02-ruva/iam.googleapis.com",
            "project": "boa02-ruva",
            "service": "iam.googleapis.com",
            "timeouts": null
          },
          "sensitive_attributes": [],
          "private": "eyJlMmJmYjczMC1lY2FhLTExZTYtOGY4OC0zNDM2M2JjN2M0YzAiOnsiY3JlYXRlIjoxMjAwMDAwMDAwMDAwLCJkZWxldGUiOjEyMDAwMDAwMDAwMDAsInJlYWQiOjYwMDAwMDAwMDAwMCwidXBkYXRlIjoxMjAwMDAwMDAwMDAwfX0=",
          "dependencies": [
            "google_folder.classroom",
            "module.project.data.google_project.existing",
            "module.project.google_project.new",
            "module.project.random_string.suffix"
          ]
        },
        {
          "index_key": "logging.googleapis.com",
          "schema_version": 0,
          "attributes": {
            "disable_dependent_services": true,
            "disable_on_destroy": true,
            "id": "boa02-ruva/logging.googleapis.com",
            "project": "boa02-ruva",
            "service": "logging.googleapis.com",
            "timeouts": null
          },
          "sensitive_attributes": [],
          "private": "eyJlMmJmYjczMC1lY2FhLTExZTYtOGY4OC0zNDM2M2JjN2M0YzAiOnsiY3JlYXRlIjoxMjAwMDAwMDAwMDAwLCJkZWxldGUiOjEyMDAwMDAwMDAwMDAsInJlYWQiOjYwMDAwMDAwMDAwMCwidXBkYXRlIjoxMjAwMDAwMDAwMDAwfX0=",
          "dependencies": [
            "google_folder.classroom",
            "module.project.data.google_project.existing",
            "module.project.google_project.new",
            "module.project.random_string.suffix"
          ]
        },
        {
          "index_key": "monitoring.googleapis.com",
          "schema_version": 0,
          "attributes": {
            "disable_dependent_services": true,
            "disable_on_destroy": true,
            "id": "boa02-ruva/monitoring.googleapis.com",
            "project": "boa02-ruva",
            "service": "monitoring.googleapis.com",
            "timeouts": null
          },
          "sensitive_attributes": [],
          "private": "eyJlMmJmYjczMC1lY2FhLTExZTYtOGY4OC0zNDM2M2JjN2M0YzAiOnsiY3JlYXRlIjoxMjAwMDAwMDAwMDAwLCJkZWxldGUiOjEyMDAwMDAwMDAwMDAsInJlYWQiOjYwMDAwMDAwMDAwMCwidXBkYXRlIjoxMjAwMDAwMDAwMDAwfX0=",
          "dependencies": [
            "google_folder.classroom",
            "module.project.data.google_project.existing",
            "module.project.google_project.new",
            "module.project.random_string.suffix"
          ]
        },
        {
          "index_key": "run.googleapis.com",
          "schema_version": 0,
          "attributes": {
            "disable_dependent_services": true,
            "disable_on_destroy": true,
            "id": "boa02-ruva/run.googleapis.com",
            "project": "boa02-ruva",
            "service": "run.googleapis.com",
            "timeouts": null
          },
          "sensitive_attributes": [],
          "private": "eyJlMmJmYjczMC1lY2FhLTExZTYtOGY4OC0zNDM2M2JjN2M0YzAiOnsiY3JlYXRlIjoxMjAwMDAwMDAwMDAwLCJkZWxldGUiOjEyMDAwMDAwMDAwMDAsInJlYWQiOjYwMDAwMDAwMDAwMCwidXBkYXRlIjoxMjAwMDAwMDAwMDAwfX0=",
          "dependencies": [
            "google_folder.classroom",
            "module.project.data.google_project.existing",
            "module.project.google_project.new",
            "module.project.random_string.suffix"
          ]
        },
        {
          "index_key": "serviceusage.googleapis.com",
          "schema_version": 0,
          "attributes": {
            "disable_dependent_services": true,
            "disable_on_destroy": true,
            "id": "boa02-ruva/serviceusage.googleapis.com",
            "project": "boa02-ruva",
            "service": "serviceusage.googleapis.com",
            "timeouts": null
          },
          "sensitive_attributes": [],
          "private": "eyJlMmJmYjczMC1lY2FhLTExZTYtOGY4OC0zNDM2M2JjN2M0YzAiOnsiY3JlYXRlIjoxMjAwMDAwMDAwMDAwLCJkZWxldGUiOjEyMDAwMDAwMDAwMDAsInJlYWQiOjYwMDAwMDAwMDAwMCwidXBkYXRlIjoxMjAwMDAwMDAwMDAwfX0=",
          "dependencies": [
            "google_folder.classroom",
            "module.project.data.google_project.existing",
            "module.project.google_project.new",
            "module.project.random_string.suffix"
          ]
        }
      ]
    },
    {
      "module": "module.project[\"boa02\"]",
      "mode": "managed",
      "type": "random_string",
      "name": "suffix",
      "provider": "provider[\"registry.terraform.io/hashicorp/random\"]",
      "instances": [
        {
          "schema_version": 2,
          "attributes": {
            "id": "ruva",
            "keepers": null,
            "length": 4,
            "lower": true,
            "min_lower": 0,
            "min_numeric": 0,
            "min_special": 0,
            "min_upper": 0,
            "number": true,
            "numeric": true,
            "override_special": null,
            "result": "ruva",
            "special": false,
            "upper": false
          },
          "sensitive_attributes": [],
          "dependencies": [
            "google_folder.classroom"
          ]
        }
      ]
    },
    {
      "module": "module.project[\"boa03\"]",
      "mode": "managed",
      "type": "google_project",
      "name": "new",
      "provider": "provider[\"registry.terraform.io/hashicorp/google\"]",
      "instances": [
        {
          "index_key": 0,
          "schema_version": 1,
          "attributes": {
            "auto_create_network": true,
            "billing_account": "01C588-4823BC-27F650",
            "deletion_policy": "PREVENT",
            "effective_labels": {
              "goog-terraform-provisioned": "true"
            },
            "folder_id": "64504091340",
            "id": "projects/boa03-dutz",
            "labels": {},
            "name": "boa03-dutz",
            "number": "404151034664",
            "org_id": "",
            "project_id": "boa03-dutz",
            "tags": null,
            "terraform_labels": {
              "goog-terraform-provisioned": "true"
            },
            "timeouts": null
          },
          "sensitive_attributes": [
            [
              {
                "type": "get_attr",
                "value": "billing_account"
              }
            ]
          ],
          "private": "eyJlMmJmYjczMC1lY2FhLTExZTYtOGY4OC0zNDM2M2JjN2M0YzAiOnsiY3JlYXRlIjo2MDAwMDAwMDAwMDAsImRlbGV0ZSI6NjAwMDAwMDAwMDAwLCJyZWFkIjo2MDAwMDAwMDAwMDAsInVwZGF0ZSI6NjAwMDAwMDAwMDAwfSwic2NoZW1hX3ZlcnNpb24iOiIxIn0=",
          "dependencies": [
            "google_folder.classroom",
            "module.project.random_string.suffix"
          ]
        }
      ]
    },
    {
      "module": "module.project[\"boa03\"]",
      "mode": "managed",
      "type": "google_project_iam_member",
      "name": "permissions",
      "provider": "provider[\"registry.terraform.io/hashicorp/google\"]",
      "instances": [
        {
          "index_key": "roles/aiplatform.user/user:palladiusbonton@gmail.com",
          "schema_version": 0,
          "attributes": {
            "condition": [],
            "etag": "BwY54wLcGpc=",
            "id": "boa03-dutz/roles/aiplatform.user/user:palladiusbonton@gmail.com",
            "member": "user:palladiusbonton@gmail.com",
            "project": "boa03-dutz",
            "role": "roles/aiplatform.user"
          },
          "sensitive_attributes": [],
          "private": "bnVsbA==",
          "dependencies": [
            "google_folder.classroom",
            "module.project.data.google_project.existing",
            "module.project.google_project.new",
            "module.project.google_project_service.apis",
            "module.project.random_string.suffix"
          ]
        },
        {
          "index_key": "roles/aiplatform.user/user:student06@gmail.com",
          "schema_version": 0,
          "attributes": {
            "condition": [],
            "etag": "BwY54wLcGpc=",
            "id": "boa03-dutz/roles/aiplatform.user/user:student06@gmail.com",
            "member": "user:student06@gmail.com",
            "project": "boa03-dutz",
            "role": "roles/aiplatform.user"
          },
          "sensitive_attributes": [],
          "private": "bnVsbA==",
          "dependencies": [
            "google_folder.classroom",
            "module.project.data.google_project.existing",
            "module.project.google_project.new",
            "module.project.google_project_service.apis",
            "module.project.random_string.suffix"
          ]
        },
        {
          "index_key": "roles/artifactregistry.writer/user:palladiusbonton@gmail.com",
          "schema_version": 0,
          "attributes": {
            "condition": [],
            "etag": "BwY54wLcGpc=",
            "id": "boa03-dutz/roles/artifactregistry.writer/user:palladiusbonton@gmail.com",
            "member": "user:palladiusbonton@gmail.com",
            "project": "boa03-dutz",
            "role": "roles/artifactregistry.writer"
          },
          "sensitive_attributes": [],
          "private": "bnVsbA==",
          "dependencies": [
            "google_folder.classroom",
            "module.project.data.google_project.existing",
            "module.project.google_project.new",
            "module.project.google_project_service.apis",
            "module.project.random_string.suffix"
          ]
        },
        {
          "index_key": "roles/artifactregistry.writer/user:student06@gmail.com",
          "schema_version": 0,
          "attributes": {
            "condition": [],
            "etag": "BwY54wLcGpc=",
            "id": "boa03-dutz/roles/artifactregistry.writer/user:student06@gmail.com",
            "member": "user:student06@gmail.com",
            "project": "boa03-dutz",
            "role": "roles/artifactregistry.writer"
          },
          "sensitive_attributes": [],
          "private": "bnVsbA==",
          "dependencies": [
            "google_folder.classroom",
            "module.project.data.google_project.existing",
            "module.project.google_project.new",
            "module.project.google_project_service.apis",
            "module.project.random_string.suffix"
          ]
        },
        {
          "index_key": "roles/editor/user:palladiusbonton@gmail.com",
          "schema_version": 0,
          "attributes": {
            "condition": [],
            "etag": "BwY54wLcGpc=",
            "id": "boa03-dutz/roles/editor/user:palladiusbonton@gmail.com",
            "member": "user:palladiusbonton@gmail.com",
            "project": "boa03-dutz",
            "role": "roles/editor"
          },
          "sensitive_attributes": [],
          "private": "bnVsbA==",
          "dependencies": [
            "google_folder.classroom",
            "module.project.data.google_project.existing",
            "module.project.google_project.new",
            "module.project.google_project_service.apis",
            "module.project.random_string.suffix"
          ]
        },
        {
          "index_key": "roles/editor/user:student06@gmail.com",
          "schema_version": 0,
          "attributes": {
            "condition": [],
            "etag": "BwY54wLcGpc=",
            "id": "boa03-dutz/roles/editor/user:student06@gmail.com",
            "member": "user:student06@gmail.com",
            "project": "boa03-dutz",
            "role": "roles/editor"
          },
          "sensitive_attributes": [],
          "private": "bnVsbA==",
          "dependencies": [
            "google_folder.classroom",
            "module.project.data.google_project.existing",
            "module.project.google_project.new",
            "module.project.google_project_service.apis",
            "module.project.random_string.suffix"
          ]
        },
        {
          "index_key": "roles/iam.serviceAccountUser/user:palladiusbonton@gmail.com",
          "schema_version": 0,
          "attributes": {
            "condition": [],
            "etag": "BwY54wLcGpc=",
            "id": "boa03-dutz/roles/iam.serviceAccountUser/user:palladiusbonton@gmail.com",
            "member": "user:palladiusbonton@gmail.com",
            "project": "boa03-dutz",
            "role": "roles/iam.serviceAccountUser"
          },
          "sensitive_attributes": [],
          "private": "bnVsbA==",
          "dependencies": [
            "google_folder.classroom",
            "module.project.data.google_project.existing",
            "module.project.google_project.new",
            "module.project.google_project_service.apis",
            "module.project.random_string.suffix"
          ]
        },
        {
          "index_key": "roles/iam.serviceAccountUser/user:student06@gmail.com",
          "schema_version": 0,
          "attributes": {
            "condition": [],
            "etag": "BwY54wLcGpc=",
            "id": "boa03-dutz/roles/iam.serviceAccountUser/user:student06@gmail.com",
            "member": "user:student06@gmail.com",
            "project": "boa03-dutz",
            "role": "roles/iam.serviceAccountUser"
          },
          "sensitive_attributes": [],
          "private": "bnVsbA==",
          "dependencies": [
            "google_folder.classroom",
            "module.project.data.google_project.existing",
            "module.project.google_project.new",
            "module.project.google_project_service.apis",
            "module.project.random_string.suffix"
          ]
        },
        {
          "index_key": "roles/run.admin/user:palladiusbonton@gmail.com",
          "schema_version": 0,
          "attributes": {
            "condition": [],
            "etag": "BwY54wLcGpc=",
            "id": "boa03-dutz/roles/run.admin/user:palladiusbonton@gmail.com",
            "member": "user:palladiusbonton@gmail.com",
            "project": "boa03-dutz",
            "role": "roles/run.admin"
          },
          "sensitive_attributes": [],
          "private": "bnVsbA==",
          "dependencies": [
            "google_folder.classroom",
            "module.project.data.google_project.existing",
            "module.project.google_project.new",
            "module.project.google_project_service.apis",
            "module.project.random_string.suffix"
          ]
        },
        {
          "index_key": "roles/run.admin/user:student06@gmail.com",
          "schema_version": 0,
          "attributes": {
            "condition": [],
            "etag": "BwY54wLcGpc=",
            "id": "boa03-dutz/roles/run.admin/user:student06@gmail.com",
            "member": "user:student06@gmail.com",
            "project": "boa03-dutz",
            "role": "roles/run.admin"
          },
          "sensitive_attributes": [],
          "private": "bnVsbA==",
          "dependencies": [
            "google_folder.classroom",
            "module.project.data.google_project.existing",
            "module.project.google_project.new",
            "module.project.google_project_service.apis",
            "module.project.random_string.suffix"
          ]
        },
        {
          "index_key": "roles/storage.admin/user:palladiusbonton@gmail.com",
          "schema_version": 0,
          "attributes": {
            "condition": [],
            "etag": "BwY54wLcGpc=",
            "id": "boa03-dutz/roles/storage.admin/user:palladiusbonton@gmail.com",
            "member": "user:palladiusbonton@gmail.com",
            "project": "boa03-dutz",
            "role": "roles/storage.admin"
          },
          "sensitive_attributes": [],
          "private": "bnVsbA==",
          "dependencies": [
            "google_folder.classroom",
            "module.project.data.google_project.existing",
            "module.project.google_project.new",
            "module.project.google_project_service.apis",
            "module.project.random_string.suffix"
          ]
        },
        {
          "index_key": "roles/storage.admin/user:student06@gmail.com",
          "schema_version": 0,
          "attributes": {
            "condition": [],
            "etag": "BwY54wLcGpc=",
            "id": "boa03-dutz/roles/storage.admin/user:student06@gmail.com",
            "member": "user:student06@gmail.com",
            "project": "boa03-dutz",
            "role": "roles/storage.admin"
          },
          "sensitive_attributes": [],
          "private": "bnVsbA==",
          "dependencies": [
            "google_folder.classroom",
            "module.project.data.google_project.existing",
            "module.project.google_project.new",
            "module.project.google_project_service.apis",
            "module.project.random_string.suffix"
          ]
        }
      ]
    },
    {
      "module": "module.project[\"boa03\"]",
      "mode": "managed",
      "type": "google_project_service",
      "name": "apis",
      "provider": "provider[\"registry.terraform.io/hashicorp/google\"]",
      "instances": [
        {
          "index_key": "aiplatform.googleapis.com",
          "schema_version": 0,
          "attributes": {
            "disable_dependent_services": true,
            "disable_on_destroy": true,
            "id": "boa03-dutz/aiplatform.googleapis.com",
            "project": "boa03-dutz",
            "service": "aiplatform.googleapis.com",
            "timeouts": null
          },
          "sensitive_attributes": [],
          "private": "eyJlMmJmYjczMC1lY2FhLTExZTYtOGY4OC0zNDM2M2JjN2M0YzAiOnsiY3JlYXRlIjoxMjAwMDAwMDAwMDAwLCJkZWxldGUiOjEyMDAwMDAwMDAwMDAsInJlYWQiOjYwMDAwMDAwMDAwMCwidXBkYXRlIjoxMjAwMDAwMDAwMDAwfX0=",
          "dependencies": [
            "google_folder.classroom",
            "module.project.data.google_project.existing",
            "module.project.google_project.new",
            "module.project.random_string.suffix"
          ]
        },
        {
          "index_key": "apphub.googleapis.com",
          "schema_version": 0,
          "attributes": {
            "disable_dependent_services": true,
            "disable_on_destroy": true,
            "id": "boa03-dutz/apphub.googleapis.com",
            "project": "boa03-dutz",
            "service": "apphub.googleapis.com",
            "timeouts": null
          },
          "sensitive_attributes": [],
          "private": "eyJlMmJmYjczMC1lY2FhLTExZTYtOGY4OC0zNDM2M2JjN2M0YzAiOnsiY3JlYXRlIjoxMjAwMDAwMDAwMDAwLCJkZWxldGUiOjEyMDAwMDAwMDAwMDAsInJlYWQiOjYwMDAwMDAwMDAwMCwidXBkYXRlIjoxMjAwMDAwMDAwMDAwfX0=",
          "dependencies": [
            "google_folder.classroom",
            "module.project.data.google_project.existing",
            "module.project.google_project.new",
            "module.project.random_string.suffix"
          ]
        },
        {
          "index_key": "artifactregistry.googleapis.com",
          "schema_version": 0,
          "attributes": {
            "disable_dependent_services": true,
            "disable_on_destroy": true,
            "id": "boa03-dutz/artifactregistry.googleapis.com",
            "project": "boa03-dutz",
            "service": "artifactregistry.googleapis.com",
            "timeouts": null
          },
          "sensitive_attributes": [],
          "private": "eyJlMmJmYjczMC1lY2FhLTExZTYtOGY4OC0zNDM2M2JjN2M0YzAiOnsiY3JlYXRlIjoxMjAwMDAwMDAwMDAwLCJkZWxldGUiOjEyMDAwMDAwMDAwMDAsInJlYWQiOjYwMDAwMDAwMDAwMCwidXBkYXRlIjoxMjAwMDAwMDAwMDAwfX0=",
          "dependencies": [
            "google_folder.classroom",
            "module.project.data.google_project.existing",
            "module.project.google_project.new",
            "module.project.random_string.suffix"
          ]
        },
        {
          "index_key": "cloudbuild.googleapis.com",
          "schema_version": 0,
          "attributes": {
            "disable_dependent_services": true,
            "disable_on_destroy": true,
            "id": "boa03-dutz/cloudbuild.googleapis.com",
            "project": "boa03-dutz",
            "service": "cloudbuild.googleapis.com",
            "timeouts": null
          },
          "sensitive_attributes": [],
          "private": "eyJlMmJmYjczMC1lY2FhLTExZTYtOGY4OC0zNDM2M2JjN2M0YzAiOnsiY3JlYXRlIjoxMjAwMDAwMDAwMDAwLCJkZWxldGUiOjEyMDAwMDAwMDAwMDAsInJlYWQiOjYwMDAwMDAwMDAwMCwidXBkYXRlIjoxMjAwMDAwMDAwMDAwfX0=",
          "dependencies": [
            "google_folder.classroom",
            "module.project.data.google_project.existing",
            "module.project.google_project.new",
            "module.project.random_string.suffix"
          ]
        },
        {
          "index_key": "cloudresourcemanager.googleapis.com",
          "schema_version": 0,
          "attributes": {
            "disable_dependent_services": true,
            "disable_on_destroy": true,
            "id": "boa03-dutz/cloudresourcemanager.googleapis.com",
            "project": "boa03-dutz",
            "service": "cloudresourcemanager.googleapis.com",
            "timeouts": null
          },
          "sensitive_attributes": [],
          "private": "eyJlMmJmYjczMC1lY2FhLTExZTYtOGY4OC0zNDM2M2JjN2M0YzAiOnsiY3JlYXRlIjoxMjAwMDAwMDAwMDAwLCJkZWxldGUiOjEyMDAwMDAwMDAwMDAsInJlYWQiOjYwMDAwMDAwMDAwMCwidXBkYXRlIjoxMjAwMDAwMDAwMDAwfX0=",
          "dependencies": [
            "google_folder.classroom",
            "module.project.data.google_project.existing",
            "module.project.google_project.new",
            "module.project.random_string.suffix"
          ]
        },
        {
          "index_key": "compute.googleapis.com",
          "schema_version": 0,
          "attributes": {
            "disable_dependent_services": true,
            "disable_on_destroy": true,
            "id": "boa03-dutz/compute.googleapis.com",
            "project": "boa03-dutz",
            "service": "compute.googleapis.com",
            "timeouts": null
          },
          "sensitive_attributes": [],
          "private": "eyJlMmJmYjczMC1lY2FhLTExZTYtOGY4OC0zNDM2M2JjN2M0YzAiOnsiY3JlYXRlIjoxMjAwMDAwMDAwMDAwLCJkZWxldGUiOjEyMDAwMDAwMDAwMDAsInJlYWQiOjYwMDAwMDAwMDAwMCwidXBkYXRlIjoxMjAwMDAwMDAwMDAwfX0=",
          "dependencies": [
            "google_folder.classroom",
            "module.project.data.google_project.existing",
            "module.project.google_project.new",
            "module.project.random_string.suffix"
          ]
        },
        {
          "index_key": "iam.googleapis.com",
          "schema_version": 0,
          "attributes": {
            "disable_dependent_services": true,
            "disable_on_destroy": true,
            "id": "boa03-dutz/iam.googleapis.com",
            "project": "boa03-dutz",
            "service": "iam.googleapis.com",
            "timeouts": null
          },
          "sensitive_attributes": [],
          "private": "eyJlMmJmYjczMC1lY2FhLTExZTYtOGY4OC0zNDM2M2JjN2M0YzAiOnsiY3JlYXRlIjoxMjAwMDAwMDAwMDAwLCJkZWxldGUiOjEyMDAwMDAwMDAwMDAsInJlYWQiOjYwMDAwMDAwMDAwMCwidXBkYXRlIjoxMjAwMDAwMDAwMDAwfX0=",
          "dependencies": [
            "google_folder.classroom",
            "module.project.data.google_project.existing",
            "module.project.google_project.new",
            "module.project.random_string.suffix"
          ]
        },
        {
          "index_key": "logging.googleapis.com",
          "schema_version": 0,
          "attributes": {
            "disable_dependent_services": true,
            "disable_on_destroy": true,
            "id": "boa03-dutz/logging.googleapis.com",
            "project": "boa03-dutz",
            "service": "logging.googleapis.com",
            "timeouts": null
          },
          "sensitive_attributes": [],
          "private": "eyJlMmJmYjczMC1lY2FhLTExZTYtOGY4OC0zNDM2M2JjN2M0YzAiOnsiY3JlYXRlIjoxMjAwMDAwMDAwMDAwLCJkZWxldGUiOjEyMDAwMDAwMDAwMDAsInJlYWQiOjYwMDAwMDAwMDAwMCwidXBkYXRlIjoxMjAwMDAwMDAwMDAwfX0=",
          "dependencies": [
            "google_folder.classroom",
            "module.project.data.google_project.existing",
            "module.project.google_project.new",
            "module.project.random_string.suffix"
          ]
        },
        {
          "index_key": "monitoring.googleapis.com",
          "schema_version": 0,
          "attributes": {
            "disable_dependent_services": true,
            "disable_on_destroy": true,
            "id": "boa03-dutz/monitoring.googleapis.com",
            "project": "boa03-dutz",
            "service": "monitoring.googleapis.com",
            "timeouts": null
          },
          "sensitive_attributes": [],
          "private": "eyJlMmJmYjczMC1lY2FhLTExZTYtOGY4OC0zNDM2M2JjN2M0YzAiOnsiY3JlYXRlIjoxMjAwMDAwMDAwMDAwLCJkZWxldGUiOjEyMDAwMDAwMDAwMDAsInJlYWQiOjYwMDAwMDAwMDAwMCwidXBkYXRlIjoxMjAwMDAwMDAwMDAwfX0=",
          "dependencies": [
            "google_folder.classroom",
            "module.project.data.google_project.existing",
            "module.project.google_project.new",
            "module.project.random_string.suffix"
          ]
        },
        {
          "index_key": "run.googleapis.com",
          "schema_version": 0,
          "attributes": {
            "disable_dependent_services": true,
            "disable_on_destroy": true,
            "id": "boa03-dutz/run.googleapis.com",
            "project": "boa03-dutz",
            "service": "run.googleapis.com",
            "timeouts": null
          },
          "sensitive_attributes": [],
          "private": "eyJlMmJmYjczMC1lY2FhLTExZTYtOGY4OC0zNDM2M2JjN2M0YzAiOnsiY3JlYXRlIjoxMjAwMDAwMDAwMDAwLCJkZWxldGUiOjEyMDAwMDAwMDAwMDAsInJlYWQiOjYwMDAwMDAwMDAwMCwidXBkYXRlIjoxMjAwMDAwMDAwMDAwfX0=",
          "dependencies": [
            "google_folder.classroom",
            "module.project.data.google_project.existing",
            "module.project.google_project.new",
            "module.project.random_string.suffix"
          ]
        },
        {
          "index_key": "serviceusage.googleapis.com",
          "schema_version": 0,
          "attributes": {
            "disable_dependent_services": true,
            "disable_on_destroy": true,
            "id": "boa03-dutz/serviceusage.googleapis.com",
            "project": "boa03-dutz",
            "service": "serviceusage.googleapis.com",
            "timeouts": null
          },
          "sensitive_attributes": [],
          "private": "eyJlMmJmYjczMC1lY2FhLTExZTYtOGY4OC0zNDM2M2JjN2M0YzAiOnsiY3JlYXRlIjoxMjAwMDAwMDAwMDAwLCJkZWxldGUiOjEyMDAwMDAwMDAwMDAsInJlYWQiOjYwMDAwMDAwMDAwMCwidXBkYXRlIjoxMjAwMDAwMDAwMDAwfX0=",
          "dependencies": [
            "google_folder.classroom",
            "module.project.data.google_project.existing",
            "module.project.google_project.new",
            "module.project.random_string.suffix"
          ]
        }
      ]
    },
    {
      "module": "module.project[\"boa03\"]",
      "mode": "managed",
      "type": "random_string",
      "name": "suffix",
      "provider": "provider[\"registry.terraform.io/hashicorp/random\"]",
      "instances": [
        {
          "schema_version": 2,
          "attributes": {
            "id": "dutz",
            "keepers": null,
            "length": 4,
            "lower": true,
            "min_lower": 0,
            "min_numeric": 0,
            "min_special": 0,
            "min_upper": 0,
            "number": true,
            "numeric": true,
            "override_special": null,
            "result": "dutz",
            "special": false,
            "upper": false
          },
          "sensitive_attributes": [],
          "dependencies": [
            "google_folder.classroom"
          ]
        }
      ]
    },
    {
      "module": "module.project[\"teacherz\"]",
      "mode": "managed",
      "type": "google_project",
      "name": "new",
      "provider": "provider[\"registry.terraform.io/hashicorp/google\"]",
      "instances": [
        {
          "index_key": 0,
          "schema_version": 1,
          "attributes": {
            "auto_create_network": true,
            "billing_account": "01C588-4823BC-27F650",
            "deletion_policy": "PREVENT",
            "effective_labels": {
              "goog-terraform-provisioned": "true"
            },
            "folder_id": "64504091340",
            "id": "projects/teacherz-9bkq",
            "labels": {},
            "name": "teacherz-9bkq",
            "number": "834908815552",
            "org_id": "",
            "project_id": "teacherz-9bkq",
            "tags": null,
            "terraform_labels": {
              "goog-terraform-provisioned": "true"
            },
            "timeouts": null
          },
          "sensitive_attributes": [
            [
              {
                "type": "get_attr",
                "value": "billing_account"
              }
            ]
          ],
          "private": "eyJlMmJmYjczMC1lY2FhLTExZTYtOGY4OC0zNDM2M2JjN2M0YzAiOnsiY3JlYXRlIjo2MDAwMDAwMDAwMDAsImRlbGV0ZSI6NjAwMDAwMDAwMDAwLCJyZWFkIjo2MDAwMDAwMDAwMDAsInVwZGF0ZSI6NjAwMDAwMDAwMDAwfSwic2NoZW1hX3ZlcnNpb24iOiIxIn0=",
          "dependencies": [
            "google_folder.classroom",
            "module.project.random_string.suffix"
          ]
        }
      ]
    },
    {
      "module": "module.project[\"teacherz\"]",
      "mode": "managed",
      "type": "google_project_iam_member",
      "name": "permissions",
      "provider": "provider[\"registry.terraform.io/hashicorp/google\"]",
      "instances": [
        {
          "index_key": "roles/aiplatform.user/user:leoy@google.com",
          "schema_version": 0,
          "attributes": {
            "condition": [],
            "etag": "BwY54f8m/YY=",
            "id": "teacherz-9bkq/roles/aiplatform.user/user:leoy@google.com",
            "member": "user:leoy@google.com",
            "project": "teacherz-9bkq",
            "role": "roles/aiplatform.user"
          },
          "sensitive_attributes": [],
          "private": "bnVsbA==",
          "dependencies": [
            "google_folder.classroom",
            "module.project.data.google_project.existing",
            "module.project.google_project.new",
            "module.project.google_project_service.apis",
            "module.project.random_string.suffix"
          ]
        },
        {
          "index_key": "roles/aiplatform.user/user:ricc@google.com",
          "schema_version": 0,
          "attributes": {
            "condition": [],
            "etag": "BwY54f8m/YY=",
            "id": "teacherz-9bkq/roles/aiplatform.user/user:ricc@google.com",
            "member": "user:ricc@google.com",
            "project": "teacherz-9bkq",
            "role": "roles/aiplatform.user"
          },
          "sensitive_attributes": [],
          "private": "bnVsbA==",
          "dependencies": [
            "google_folder.classroom",
            "module.project.data.google_project.existing",
            "module.project.google_project.new",
            "module.project.google_project_service.apis",
            "module.project.random_string.suffix"
          ]
        },
        {
          "index_key": "roles/artifactregistry.writer/user:leoy@google.com",
          "schema_version": 0,
          "attributes": {
            "condition": [],
            "etag": "BwY54f8m/YY=",
            "id": "teacherz-9bkq/roles/artifactregistry.writer/user:leoy@google.com",
            "member": "user:leoy@google.com",
            "project": "teacherz-9bkq",
            "role": "roles/artifactregistry.writer"
          },
          "sensitive_attributes": [],
          "private": "bnVsbA==",
          "dependencies": [
            "google_folder.classroom",
            "module.project.data.google_project.existing",
            "module.project.google_project.new",
            "module.project.google_project_service.apis",
            "module.project.random_string.suffix"
          ]
        },
        {
          "index_key": "roles/artifactregistry.writer/user:ricc@google.com",
          "schema_version": 0,
          "attributes": {
            "condition": [],
            "etag": "BwY54f8m/YY=",
            "id": "teacherz-9bkq/roles/artifactregistry.writer/user:ricc@google.com",
            "member": "user:ricc@google.com",
            "project": "teacherz-9bkq",
            "role": "roles/artifactregistry.writer"
          },
          "sensitive_attributes": [],
          "private": "bnVsbA==",
          "dependencies": [
            "google_folder.classroom",
            "module.project.data.google_project.existing",
            "module.project.google_project.new",
            "module.project.google_project_service.apis",
            "module.project.random_string.suffix"
          ]
        },
        {
          "index_key": "roles/editor/user:leoy@google.com",
          "schema_version": 0,
          "attributes": {
            "condition": [],
            "etag": "BwY54f8m/YY=",
            "id": "teacherz-9bkq/roles/editor/user:leoy@google.com",
            "member": "user:leoy@google.com",
            "project": "teacherz-9bkq",
            "role": "roles/editor"
          },
          "sensitive_attributes": [],
          "private": "bnVsbA==",
          "dependencies": [
            "google_folder.classroom",
            "module.project.data.google_project.existing",
            "module.project.google_project.new",
            "module.project.google_project_service.apis",
            "module.project.random_string.suffix"
          ]
        },
        {
          "index_key": "roles/editor/user:ricc@google.com",
          "schema_version": 0,
          "attributes": {
            "condition": [],
            "etag": "BwY54f8m/YY=",
            "id": "teacherz-9bkq/roles/editor/user:ricc@google.com",
            "member": "user:ricc@google.com",
            "project": "teacherz-9bkq",
            "role": "roles/editor"
          },
          "sensitive_attributes": [],
          "private": "bnVsbA==",
          "dependencies": [
            "google_folder.classroom",
            "module.project.data.google_project.existing",
            "module.project.google_project.new",
            "module.project.google_project_service.apis",
            "module.project.random_string.suffix"
          ]
        },
        {
          "index_key": "roles/iam.serviceAccountUser/user:leoy@google.com",
          "schema_version": 0,
          "attributes": {
            "condition": [],
            "etag": "BwY54f8m/YY=",
            "id": "teacherz-9bkq/roles/iam.serviceAccountUser/user:leoy@google.com",
            "member": "user:leoy@google.com",
            "project": "teacherz-9bkq",
            "role": "roles/iam.serviceAccountUser"
          },
          "sensitive_attributes": [],
          "private": "bnVsbA==",
          "dependencies": [
            "google_folder.classroom",
            "module.project.data.google_project.existing",
            "module.project.google_project.new",
            "module.project.google_project_service.apis",
            "module.project.random_string.suffix"
          ]
        },
        {
          "index_key": "roles/iam.serviceAccountUser/user:ricc@google.com",
          "schema_version": 0,
          "attributes": {
            "condition": [],
            "etag": "BwY54f8m/YY=",
            "id": "teacherz-9bkq/roles/iam.serviceAccountUser/user:ricc@google.com",
            "member": "user:ricc@google.com",
            "project": "teacherz-9bkq",
            "role": "roles/iam.serviceAccountUser"
          },
          "sensitive_attributes": [],
          "private": "bnVsbA==",
          "dependencies": [
            "google_folder.classroom",
            "module.project.data.google_project.existing",
            "module.project.google_project.new",
            "module.project.google_project_service.apis",
            "module.project.random_string.suffix"
          ]
        },
        {
          "index_key": "roles/run.admin/user:leoy@google.com",
          "schema_version": 0,
          "attributes": {
            "condition": [],
            "etag": "BwY54f8m/YY=",
            "id": "teacherz-9bkq/roles/run.admin/user:leoy@google.com",
            "member": "user:leoy@google.com",
            "project": "teacherz-9bkq",
            "role": "roles/run.admin"
          },
          "sensitive_attributes": [],
          "private": "bnVsbA==",
          "dependencies": [
            "google_folder.classroom",
            "module.project.data.google_project.existing",
            "module.project.google_project.new",
            "module.project.google_project_service.apis",
            "module.project.random_string.suffix"
          ]
        },
        {
          "index_key": "roles/run.admin/user:ricc@google.com",
          "schema_version": 0,
          "attributes": {
            "condition": [],
            "etag": "BwY54f8m/YY=",
            "id": "teacherz-9bkq/roles/run.admin/user:ricc@google.com",
            "member": "user:ricc@google.com",
            "project": "teacherz-9bkq",
            "role": "roles/run.admin"
          },
          "sensitive_attributes": [],
          "private": "bnVsbA==",
          "dependencies": [
            "google_folder.classroom",
            "module.project.data.google_project.existing",
            "module.project.google_project.new",
            "module.project.google_project_service.apis",
            "module.project.random_string.suffix"
          ]
        },
        {
          "index_key": "roles/storage.admin/user:leoy@google.com",
          "schema_version": 0,
          "attributes": {
            "condition": [],
            "etag": "BwY54f8m/YY=",
            "id": "teacherz-9bkq/roles/storage.admin/user:leoy@google.com",
            "member": "user:leoy@google.com",
            "project": "teacherz-9bkq",
            "role": "roles/storage.admin"
          },
          "sensitive_attributes": [],
          "private": "bnVsbA==",
          "dependencies": [
            "google_folder.classroom",
            "module.project.data.google_project.existing",
            "module.project.google_project.new",
            "module.project.google_project_service.apis",
            "module.project.random_string.suffix"
          ]
        },
        {
          "index_key": "roles/storage.admin/user:ricc@google.com",
          "schema_version": 0,
          "attributes": {
            "condition": [],
            "etag": "BwY54f8m/YY=",
            "id": "teacherz-9bkq/roles/storage.admin/user:ricc@google.com",
            "member": "user:ricc@google.com",
            "project": "teacherz-9bkq",
            "role": "roles/storage.admin"
          },
          "sensitive_attributes": [],
          "private": "bnVsbA==",
          "dependencies": [
            "google_folder.classroom",
            "module.project.data.google_project.existing",
            "module.project.google_project.new",
            "module.project.google_project_service.apis",
            "module.project.random_string.suffix"
          ]
        }
      ]
    },
    {
      "module": "module.project[\"teacherz\"]",
      "mode": "managed",
      "type": "google_project_service",
      "name": "apis",
      "provider": "provider[\"registry.terraform.io/hashicorp/google\"]",
      "instances": [
        {
          "index_key": "aiplatform.googleapis.com",
          "schema_version": 0,
          "attributes": {
            "disable_dependent_services": true,
            "disable_on_destroy": true,
            "id": "teacherz-9bkq/aiplatform.googleapis.com",
            "project": "teacherz-9bkq",
            "service": "aiplatform.googleapis.com",
            "timeouts": null
          },
          "sensitive_attributes": [],
          "private": "eyJlMmJmYjczMC1lY2FhLTExZTYtOGY4OC0zNDM2M2JjN2M0YzAiOnsiY3JlYXRlIjoxMjAwMDAwMDAwMDAwLCJkZWxldGUiOjEyMDAwMDAwMDAwMDAsInJlYWQiOjYwMDAwMDAwMDAwMCwidXBkYXRlIjoxMjAwMDAwMDAwMDAwfX0=",
          "dependencies": [
            "google_folder.classroom",
            "module.project.data.google_project.existing",
            "module.project.google_project.new",
            "module.project.random_string.suffix"
          ]
        },
        {
          "index_key": "apphub.googleapis.com",
          "schema_version": 0,
          "attributes": {
            "disable_dependent_services": true,
            "disable_on_destroy": true,
            "id": "teacherz-9bkq/apphub.googleapis.com",
            "project": "teacherz-9bkq",
            "service": "apphub.googleapis.com",
            "timeouts": null
          },
          "sensitive_attributes": [],
          "private": "eyJlMmJmYjczMC1lY2FhLTExZTYtOGY4OC0zNDM2M2JjN2M0YzAiOnsiY3JlYXRlIjoxMjAwMDAwMDAwMDAwLCJkZWxldGUiOjEyMDAwMDAwMDAwMDAsInJlYWQiOjYwMDAwMDAwMDAwMCwidXBkYXRlIjoxMjAwMDAwMDAwMDAwfX0=",
          "dependencies": [
            "google_folder.classroom",
            "module.project.data.google_project.existing",
            "module.project.google_project.new",
            "module.project.random_string.suffix"
          ]
        },
        {
          "index_key": "artifactregistry.googleapis.com",
          "schema_version": 0,
          "attributes": {
            "disable_dependent_services": true,
            "disable_on_destroy": true,
            "id": "teacherz-9bkq/artifactregistry.googleapis.com",
            "project": "teacherz-9bkq",
            "service": "artifactregistry.googleapis.com",
            "timeouts": null
          },
          "sensitive_attributes": [],
          "private": "eyJlMmJmYjczMC1lY2FhLTExZTYtOGY4OC0zNDM2M2JjN2M0YzAiOnsiY3JlYXRlIjoxMjAwMDAwMDAwMDAwLCJkZWxldGUiOjEyMDAwMDAwMDAwMDAsInJlYWQiOjYwMDAwMDAwMDAwMCwidXBkYXRlIjoxMjAwMDAwMDAwMDAwfX0=",
          "dependencies": [
            "google_folder.classroom",
            "module.project.data.google_project.existing",
            "module.project.google_project.new",
            "module.project.random_string.suffix"
          ]
        },
        {
          "index_key": "cloudbuild.googleapis.com",
          "schema_version": 0,
          "attributes": {
            "disable_dependent_services": true,
            "disable_on_destroy": true,
            "id": "teacherz-9bkq/cloudbuild.googleapis.com",
            "project": "teacherz-9bkq",
            "service": "cloudbuild.googleapis.com",
            "timeouts": null
          },
          "sensitive_attributes": [],
          "private": "eyJlMmJmYjczMC1lY2FhLTExZTYtOGY4OC0zNDM2M2JjN2M0YzAiOnsiY3JlYXRlIjoxMjAwMDAwMDAwMDAwLCJkZWxldGUiOjEyMDAwMDAwMDAwMDAsInJlYWQiOjYwMDAwMDAwMDAwMCwidXBkYXRlIjoxMjAwMDAwMDAwMDAwfX0=",
          "dependencies": [
            "google_folder.classroom",
            "module.project.data.google_project.existing",
            "module.project.google_project.new",
            "module.project.random_string.suffix"
          ]
        },
        {
          "index_key": "cloudresourcemanager.googleapis.com",
          "schema_version": 0,
          "attributes": {
            "disable_dependent_services": true,
            "disable_on_destroy": true,
            "id": "teacherz-9bkq/cloudresourcemanager.googleapis.com",
            "project": "teacherz-9bkq",
            "service": "cloudresourcemanager.googleapis.com",
            "timeouts": null
          },
          "sensitive_attributes": [],
          "private": "eyJlMmJmYjczMC1lY2FhLTExZTYtOGY4OC0zNDM2M2JjN2M0YzAiOnsiY3JlYXRlIjoxMjAwMDAwMDAwMDAwLCJkZWxldGUiOjEyMDAwMDAwMDAwMDAsInJlYWQiOjYwMDAwMDAwMDAwMCwidXBkYXRlIjoxMjAwMDAwMDAwMDAwfX0=",
          "dependencies": [
            "google_folder.classroom",
            "module.project.data.google_project.existing",
            "module.project.google_project.new",
            "module.project.random_string.suffix"
          ]
        },
        {
          "index_key": "compute.googleapis.com",
          "schema_version": 0,
          "attributes": {
            "disable_dependent_services": true,
            "disable_on_destroy": true,
            "id": "teacherz-9bkq/compute.googleapis.com",
            "project": "teacherz-9bkq",
            "service": "compute.googleapis.com",
            "timeouts": null
          },
          "sensitive_attributes": [],
          "private": "eyJlMmJmYjczMC1lY2FhLTExZTYtOGY4OC0zNDM2M2JjN2M0YzAiOnsiY3JlYXRlIjoxMjAwMDAwMDAwMDAwLCJkZWxldGUiOjEyMDAwMDAwMDAwMDAsInJlYWQiOjYwMDAwMDAwMDAwMCwidXBkYXRlIjoxMjAwMDAwMDAwMDAwfX0=",
          "dependencies": [
            "google_folder.classroom",
            "module.project.data.google_project.existing",
            "module.project.google_project.new",
            "module.project.random_string.suffix"
          ]
        },
        {
          "index_key": "iam.googleapis.com",
          "schema_version": 0,
          "attributes": {
            "disable_dependent_services": true,
            "disable_on_destroy": true,
            "id": "teacherz-9bkq/iam.googleapis.com",
            "project": "teacherz-9bkq",
            "service": "iam.googleapis.com",
            "timeouts": null
          },
          "sensitive_attributes": [],
          "private": "eyJlMmJmYjczMC1lY2FhLTExZTYtOGY4OC0zNDM2M2JjN2M0YzAiOnsiY3JlYXRlIjoxMjAwMDAwMDAwMDAwLCJkZWxldGUiOjEyMDAwMDAwMDAwMDAsInJlYWQiOjYwMDAwMDAwMDAwMCwidXBkYXRlIjoxMjAwMDAwMDAwMDAwfX0=",
          "dependencies": [
            "google_folder.classroom",
            "module.project.data.google_project.existing",
            "module.project.google_project.new",
            "module.project.random_string.suffix"
          ]
        },
        {
          "index_key": "logging.googleapis.com",
          "schema_version": 0,
          "attributes": {
            "disable_dependent_services": true,
            "disable_on_destroy": true,
            "id": "teacherz-9bkq/logging.googleapis.com",
            "project": "teacherz-9bkq",
            "service": "logging.googleapis.com",
            "timeouts": null
          },
          "sensitive_attributes": [],
          "private": "eyJlMmJmYjczMC1lY2FhLTExZTYtOGY4OC0zNDM2M2JjN2M0YzAiOnsiY3JlYXRlIjoxMjAwMDAwMDAwMDAwLCJkZWxldGUiOjEyMDAwMDAwMDAwMDAsInJlYWQiOjYwMDAwMDAwMDAwMCwidXBkYXRlIjoxMjAwMDAwMDAwMDAwfX0=",
          "dependencies": [
            "google_folder.classroom",
            "module.project.data.google_project.existing",
            "module.project.google_project.new",
            "module.project.random_string.suffix"
          ]
        },
        {
          "index_key": "monitoring.googleapis.com",
          "schema_version": 0,
          "attributes": {
            "disable_dependent_services": true,
            "disable_on_destroy": true,
            "id": "teacherz-9bkq/monitoring.googleapis.com",
            "project": "teacherz-9bkq",
            "service": "monitoring.googleapis.com",
            "timeouts": null
          },
          "sensitive_attributes": [],
          "private": "eyJlMmJmYjczMC1lY2FhLTExZTYtOGY4OC0zNDM2M2JjN2M0YzAiOnsiY3JlYXRlIjoxMjAwMDAwMDAwMDAwLCJkZWxldGUiOjEyMDAwMDAwMDAwMDAsInJlYWQiOjYwMDAwMDAwMDAwMCwidXBkYXRlIjoxMjAwMDAwMDAwMDAwfX0=",
          "dependencies": [
            "google_folder.classroom",
            "module.project.data.google_project.existing",
            "module.project.google_project.new",
            "module.project.random_string.suffix"
          ]
        },
        {
          "index_key": "run.googleapis.com",
          "schema_version": 0,
          "attributes": {
            "disable_dependent_services": true,
            "disable_on_destroy": true,
            "id": "teacherz-9bkq/run.googleapis.com",
            "project": "teacherz-9bkq",
            "service": "run.googleapis.com",
            "timeouts": null
          },
          "sensitive_attributes": [],
          "private": "eyJlMmJmYjczMC1lY2FhLTExZTYtOGY4OC0zNDM2M2JjN2M0YzAiOnsiY3JlYXRlIjoxMjAwMDAwMDAwMDAwLCJkZWxldGUiOjEyMDAwMDAwMDAwMDAsInJlYWQiOjYwMDAwMDAwMDAwMCwidXBkYXRlIjoxMjAwMDAwMDAwMDAwfX0=",
          "dependencies": [
            "google_folder.classroom",
            "module.project.data.google_project.existing",
            "module.project.google_project.new",
            "module.project.random_string.suffix"
          ]
        },
        {
          "index_key": "serviceusage.googleapis.com",
          "schema_version": 0,
          "attributes": {
            "disable_dependent_services": true,
            "disable_on_destroy": true,
            "id": "teacherz-9bkq/serviceusage.googleapis.com",
            "project": "teacherz-9bkq",
            "service": "serviceusage.googleapis.com",
            "timeouts": null
          },
          "sensitive_attributes": [],
          "private": "eyJlMmJmYjczMC1lY2FhLTExZTYtOGY4OC0zNDM2M2JjN2M0YzAiOnsiY3JlYXRlIjoxMjAwMDAwMDAwMDAwLCJkZWxldGUiOjEyMDAwMDAwMDAwMDAsInJlYWQiOjYwMDAwMDAwMDAwMCwidXBkYXRlIjoxMjAwMDAwMDAwMDAwfX0=",
          "dependencies": [
            "google_folder.classroom",
            "module.project.data.google_project.existing",
            "module.project.google_project.new",
            "module.project.random_string.suffix"
          ]
        }
      ]
    },
    {
      "module": "module.project[\"teacherz\"]",
      "mode": "managed",
      "type": "random_string",
      "name": "suffix",
      "provider": "provider[\"registry.terraform.io/hashicorp/random\"]",
      "instances": [
        {
          "schema_version": 2,
          "attributes": {
            "id": "9bkq",
            "keepers": null,
            "length": 4,
            "lower": true,
            "min_lower": 0,
            "min_numeric": 0,
            "min_special": 0,
            "min_upper": 0,
            "number": true,
            "numeric": true,
            "override_special": null,
            "result": "9bkq",
            "special": false,
            "upper": false
          },
          "sensitive_attributes": [],
          "dependencies": [
            "google_folder.classroom"
          ]
        }
      ]
    }
  ],
  "check_results": null
}
