
[0m[1mInitializing the backend...[0m
[0m[1mInitializing modules...[0m

[0m[1mInitializing provider plugins...[0m
- Reusing previous version of hashicorp/google from the dependency lock file
- Reusing previous version of hashicorp/random from the dependency lock file
- Using previously-installed hashicorp/google v6.43.0
- Using previously-installed hashicorp/random v3.7.2

[0m[1m[32mTerraform has been successfully initialized![0m[32m[0m
[0m[32m
You may now begin working with Terraform. Try running "terraform plan" to see
any changes that are required for your infrastructure. All Terraform commands
should now work.

If you ever set or change modules or backend configuration for Terraform,
rerun this command to reinitialize your working directory. If you forget, other
commands will detect it and remind you to do so if necessary.[0m

Terraform used the selected providers to generate the following execution
plan. Resource actions are indicated with the following symbols:
  [32m+[0m create[0m

Terraform will perform the following actions:

[1m  # google_folder.classroom[0m will be created
[0m  [32m+[0m[0m resource "google_folder" "classroom" {
      [32m+[0m[0m create_time         = (known after apply)
      [32m+[0m[0m deletion_protection = true
      [32m+[0m[0m display_name        = "class_2teachers_6students"
      [32m+[0m[0m folder_id           = (known after apply)
      [32m+[0m[0m id                  = (known after apply)
      [32m+[0m[0m lifecycle_state     = (known after apply)
      [32m+[0m[0m name                = (known after apply)
      [32m+[0m[0m parent              = "folders/791852209422"
    }

[1m  # module.project["boa01"].google_project.new[0][0m will be created
[0m  [32m+[0m[0m resource "google_project" "new" {
      [32m+[0m[0m auto_create_network = true
      [32m+[0m[0m billing_account     = (sensitive value)
      [32m+[0m[0m deletion_policy     = "PREVENT"
      [32m+[0m[0m effective_labels    = {
          [32m+[0m[0m "goog-terraform-provisioned" = "true"
        }
      [32m+[0m[0m folder_id           = (known after apply)
      [32m+[0m[0m id                  = (known after apply)
      [32m+[0m[0m name                = (known after apply)
      [32m+[0m[0m number              = (known after apply)
      [32m+[0m[0m org_id              = (known after apply)
      [32m+[0m[0m project_id          = (known after apply)
      [32m+[0m[0m terraform_labels    = {
          [32m+[0m[0m "goog-terraform-provisioned" = "true"
        }
    }

[1m  # module.project["boa01"].google_project_iam_member.permissions["roles/aiplatform.user/user:student01@gmail.com"][0m will be created
[0m  [32m+[0m[0m resource "google_project_iam_member" "permissions" {
      [32m+[0m[0m etag    = (known after apply)
      [32m+[0m[0m id      = (known after apply)
      [32m+[0m[0m member  = "user:student01@gmail.com"
      [32m+[0m[0m project = (known after apply)
      [32m+[0m[0m role    = "roles/aiplatform.user"
    }

[1m  # module.project["boa01"].google_project_iam_member.permissions["roles/aiplatform.user/user:student02@gmail.com"][0m will be created
[0m  [32m+[0m[0m resource "google_project_iam_member" "permissions" {
      [32m+[0m[0m etag    = (known after apply)
      [32m+[0m[0m id      = (known after apply)
      [32m+[0m[0m member  = "user:student02@gmail.com"
      [32m+[0m[0m project = (known after apply)
      [32m+[0m[0m role    = "roles/aiplatform.user"
    }

[1m  # module.project["boa01"].google_project_iam_member.permissions["roles/artifactregistry.writer/user:student01@gmail.com"][0m will be created
[0m  [32m+[0m[0m resource "google_project_iam_member" "permissions" {
      [32m+[0m[0m etag    = (known after apply)
      [32m+[0m[0m id      = (known after apply)
      [32m+[0m[0m member  = "user:student01@gmail.com"
      [32m+[0m[0m project = (known after apply)
      [32m+[0m[0m role    = "roles/artifactregistry.writer"
    }

[1m  # module.project["boa01"].google_project_iam_member.permissions["roles/artifactregistry.writer/user:student02@gmail.com"][0m will be created
[0m  [32m+[0m[0m resource "google_project_iam_member" "permissions" {
      [32m+[0m[0m etag    = (known after apply)
      [32m+[0m[0m id      = (known after apply)
      [32m+[0m[0m member  = "user:student02@gmail.com"
      [32m+[0m[0m project = (known after apply)
      [32m+[0m[0m role    = "roles/artifactregistry.writer"
    }

[1m  # module.project["boa01"].google_project_iam_member.permissions["roles/editor/user:student01@gmail.com"][0m will be created
[0m  [32m+[0m[0m resource "google_project_iam_member" "permissions" {
      [32m+[0m[0m etag    = (known after apply)
      [32m+[0m[0m id      = (known after apply)
      [32m+[0m[0m member  = "user:student01@gmail.com"
      [32m+[0m[0m project = (known after apply)
      [32m+[0m[0m role    = "roles/editor"
    }

[1m  # module.project["boa01"].google_project_iam_member.permissions["roles/editor/user:student02@gmail.com"][0m will be created
[0m  [32m+[0m[0m resource "google_project_iam_member" "permissions" {
      [32m+[0m[0m etag    = (known after apply)
      [32m+[0m[0m id      = (known after apply)
      [32m+[0m[0m member  = "user:student02@gmail.com"
      [32m+[0m[0m project = (known after apply)
      [32m+[0m[0m role    = "roles/editor"
    }

[1m  # module.project["boa01"].google_project_iam_member.permissions["roles/iam.serviceAccountUser/user:student01@gmail.com"][0m will be created
[0m  [32m+[0m[0m resource "google_project_iam_member" "permissions" {
      [32m+[0m[0m etag    = (known after apply)
      [32m+[0m[0m id      = (known after apply)
      [32m+[0m[0m member  = "user:student01@gmail.com"
      [32m+[0m[0m project = (known after apply)
      [32m+[0m[0m role    = "roles/iam.serviceAccountUser"
    }

[1m  # module.project["boa01"].google_project_iam_member.permissions["roles/iam.serviceAccountUser/user:student02@gmail.com"][0m will be created
[0m  [32m+[0m[0m resource "google_project_iam_member" "permissions" {
      [32m+[0m[0m etag    = (known after apply)
      [32m+[0m[0m id      = (known after apply)
      [32m+[0m[0m member  = "user:student02@gmail.com"
      [32m+[0m[0m project = (known after apply)
      [32m+[0m[0m role    = "roles/iam.serviceAccountUser"
    }

[1m  # module.project["boa01"].google_project_iam_member.permissions["roles/run.admin/user:student01@gmail.com"][0m will be created
[0m  [32m+[0m[0m resource "google_project_iam_member" "permissions" {
      [32m+[0m[0m etag    = (known after apply)
      [32m+[0m[0m id      = (known after apply)
      [32m+[0m[0m member  = "user:student01@gmail.com"
      [32m+[0m[0m project = (known after apply)
      [32m+[0m[0m role    = "roles/run.admin"
    }

[1m  # module.project["boa01"].google_project_iam_member.permissions["roles/run.admin/user:student02@gmail.com"][0m will be created
[0m  [32m+[0m[0m resource "google_project_iam_member" "permissions" {
      [32m+[0m[0m etag    = (known after apply)
      [32m+[0m[0m id      = (known after apply)
      [32m+[0m[0m member  = "user:student02@gmail.com"
      [32m+[0m[0m project = (known after apply)
      [32m+[0m[0m role    = "roles/run.admin"
    }

[1m  # module.project["boa01"].google_project_iam_member.permissions["roles/storage.admin/user:student01@gmail.com"][0m will be created
[0m  [32m+[0m[0m resource "google_project_iam_member" "permissions" {
      [32m+[0m[0m etag    = (known after apply)
      [32m+[0m[0m id      = (known after apply)
      [32m+[0m[0m member  = "user:student01@gmail.com"
      [32m+[0m[0m project = (known after apply)
      [32m+[0m[0m role    = "roles/storage.admin"
    }

[1m  # module.project["boa01"].google_project_iam_member.permissions["roles/storage.admin/user:student02@gmail.com"][0m will be created
[0m  [32m+[0m[0m resource "google_project_iam_member" "permissions" {
      [32m+[0m[0m etag    = (known after apply)
      [32m+[0m[0m id      = (known after apply)
      [32m+[0m[0m member  = "user:student02@gmail.com"
      [32m+[0m[0m project = (known after apply)
      [32m+[0m[0m role    = "roles/storage.admin"
    }

[1m  # module.project["boa01"].google_project_service.apis["aiplatform.googleapis.com"][0m will be created
[0m  [32m+[0m[0m resource "google_project_service" "apis" {
      [32m+[0m[0m disable_dependent_services = true
      [32m+[0m[0m disable_on_destroy         = true
      [32m+[0m[0m id                         = (known after apply)
      [32m+[0m[0m project                    = (known after apply)
      [32m+[0m[0m service                    = "aiplatform.googleapis.com"
    }

[1m  # module.project["boa01"].google_project_service.apis["artifactregistry.googleapis.com"][0m will be created
[0m  [32m+[0m[0m resource "google_project_service" "apis" {
      [32m+[0m[0m disable_dependent_services = true
      [32m+[0m[0m disable_on_destroy         = true
      [32m+[0m[0m id                         = (known after apply)
      [32m+[0m[0m project                    = (known after apply)
      [32m+[0m[0m service                    = "artifactregistry.googleapis.com"
    }

[1m  # module.project["boa01"].google_project_service.apis["cloudbuild.googleapis.com"][0m will be created
[0m  [32m+[0m[0m resource "google_project_service" "apis" {
      [32m+[0m[0m disable_dependent_services = true
      [32m+[0m[0m disable_on_destroy         = true
      [32m+[0m[0m id                         = (known after apply)
      [32m+[0m[0m project                    = (known after apply)
      [32m+[0m[0m service                    = "cloudbuild.googleapis.com"
    }

[1m  # module.project["boa01"].google_project_service.apis["cloudresourcemanager.googleapis.com"][0m will be created
[0m  [32m+[0m[0m resource "google_project_service" "apis" {
      [32m+[0m[0m disable_dependent_services = true
      [32m+[0m[0m disable_on_destroy         = true
      [32m+[0m[0m id                         = (known after apply)
      [32m+[0m[0m project                    = (known after apply)
      [32m+[0m[0m service                    = "cloudresourcemanager.googleapis.com"
    }

[1m  # module.project["boa01"].google_project_service.apis["compute.googleapis.com"][0m will be created
[0m  [32m+[0m[0m resource "google_project_service" "apis" {
      [32m+[0m[0m disable_dependent_services = true
      [32m+[0m[0m disable_on_destroy         = true
      [32m+[0m[0m id                         = (known after apply)
      [32m+[0m[0m project                    = (known after apply)
      [32m+[0m[0m service                    = "compute.googleapis.com"
    }

[1m  # module.project["boa01"].google_project_service.apis["iam.googleapis.com"][0m will be created
[0m  [32m+[0m[0m resource "google_project_service" "apis" {
      [32m+[0m[0m disable_dependent_services = true
      [32m+[0m[0m disable_on_destroy         = true
      [32m+[0m[0m id                         = (known after apply)
      [32m+[0m[0m project                    = (known after apply)
      [32m+[0m[0m service                    = "iam.googleapis.com"
    }

[1m  # module.project["boa01"].google_project_service.apis["run.googleapis.com"][0m will be created
[0m  [32m+[0m[0m resource "google_project_service" "apis" {
      [32m+[0m[0m disable_dependent_services = true
      [32m+[0m[0m disable_on_destroy         = true
      [32m+[0m[0m id                         = (known after apply)
      [32m+[0m[0m project                    = (known after apply)
      [32m+[0m[0m service                    = "run.googleapis.com"
    }

[1m  # module.project["boa01"].google_project_service.apis["serviceusage.googleapis.com"][0m will be created
[0m  [32m+[0m[0m resource "google_project_service" "apis" {
      [32m+[0m[0m disable_dependent_services = true
      [32m+[0m[0m disable_on_destroy         = true
      [32m+[0m[0m id                         = (known after apply)
      [32m+[0m[0m project                    = (known after apply)
      [32m+[0m[0m service                    = "serviceusage.googleapis.com"
    }

[1m  # module.project["boa01"].random_string.suffix[0m will be created
[0m  [32m+[0m[0m resource "random_string" "suffix" {
      [32m+[0m[0m id          = (known after apply)
      [32m+[0m[0m length      = 4
      [32m+[0m[0m lower       = true
      [32m+[0m[0m min_lower   = 0
      [32m+[0m[0m min_numeric = 0
      [32m+[0m[0m min_special = 0
      [32m+[0m[0m min_upper   = 0
      [32m+[0m[0m number      = true
      [32m+[0m[0m numeric     = true
      [32m+[0m[0m result      = (known after apply)
      [32m+[0m[0m special     = false
      [32m+[0m[0m upper       = false
    }

[1m  # module.project["boa02"].google_project.new[0][0m will be created
[0m  [32m+[0m[0m resource "google_project" "new" {
      [32m+[0m[0m auto_create_network = true
      [32m+[0m[0m billing_account     = (sensitive value)
      [32m+[0m[0m deletion_policy     = "PREVENT"
      [32m+[0m[0m effective_labels    = {
          [32m+[0m[0m "goog-terraform-provisioned" = "true"
        }
      [32m+[0m[0m folder_id           = (known after apply)
      [32m+[0m[0m id                  = (known after apply)
      [32m+[0m[0m name                = (known after apply)
      [32m+[0m[0m number              = (known after apply)
      [32m+[0m[0m org_id              = (known after apply)
      [32m+[0m[0m project_id          = (known after apply)
      [32m+[0m[0m terraform_labels    = {
          [32m+[0m[0m "goog-terraform-provisioned" = "true"
        }
    }

[1m  # module.project["boa02"].google_project_iam_member.permissions["roles/aiplatform.user/user:student03@gmail.com"][0m will be created
[0m  [32m+[0m[0m resource "google_project_iam_member" "permissions" {
      [32m+[0m[0m etag    = (known after apply)
      [32m+[0m[0m id      = (known after apply)
      [32m+[0m[0m member  = "user:student03@gmail.com"
      [32m+[0m[0m project = (known after apply)
      [32m+[0m[0m role    = "roles/aiplatform.user"
    }

[1m  # module.project["boa02"].google_project_iam_member.permissions["roles/aiplatform.user/user:student04@gmail.com"][0m will be created
[0m  [32m+[0m[0m resource "google_project_iam_member" "permissions" {
      [32m+[0m[0m etag    = (known after apply)
      [32m+[0m[0m id      = (known after apply)
      [32m+[0m[0m member  = "user:student04@gmail.com"
      [32m+[0m[0m project = (known after apply)
      [32m+[0m[0m role    = "roles/aiplatform.user"
    }

[1m  # module.project["boa02"].google_project_iam_member.permissions["roles/artifactregistry.writer/user:student03@gmail.com"][0m will be created
[0m  [32m+[0m[0m resource "google_project_iam_member" "permissions" {
      [32m+[0m[0m etag    = (known after apply)
      [32m+[0m[0m id      = (known after apply)
      [32m+[0m[0m member  = "user:student03@gmail.com"
      [32m+[0m[0m project = (known after apply)
      [32m+[0m[0m role    = "roles/artifactregistry.writer"
    }

[1m  # module.project["boa02"].google_project_iam_member.permissions["roles/artifactregistry.writer/user:student04@gmail.com"][0m will be created
[0m  [32m+[0m[0m resource "google_project_iam_member" "permissions" {
      [32m+[0m[0m etag    = (known after apply)
      [32m+[0m[0m id      = (known after apply)
      [32m+[0m[0m member  = "user:student04@gmail.com"
      [32m+[0m[0m project = (known after apply)
      [32m+[0m[0m role    = "roles/artifactregistry.writer"
    }

[1m  # module.project["boa02"].google_project_iam_member.permissions["roles/editor/user:student03@gmail.com"][0m will be created
[0m  [32m+[0m[0m resource "google_project_iam_member" "permissions" {
      [32m+[0m[0m etag    = (known after apply)
      [32m+[0m[0m id      = (known after apply)
      [32m+[0m[0m member  = "user:student03@gmail.com"
      [32m+[0m[0m project = (known after apply)
      [32m+[0m[0m role    = "roles/editor"
    }

[1m  # module.project["boa02"].google_project_iam_member.permissions["roles/editor/user:student04@gmail.com"][0m will be created
[0m  [32m+[0m[0m resource "google_project_iam_member" "permissions" {
      [32m+[0m[0m etag    = (known after apply)
      [32m+[0m[0m id      = (known after apply)
      [32m+[0m[0m member  = "user:student04@gmail.com"
      [32m+[0m[0m project = (known after apply)
      [32m+[0m[0m role    = "roles/editor"
    }

[1m  # module.project["boa02"].google_project_iam_member.permissions["roles/iam.serviceAccountUser/user:student03@gmail.com"][0m will be created
[0m  [32m+[0m[0m resource "google_project_iam_member" "permissions" {
      [32m+[0m[0m etag    = (known after apply)
      [32m+[0m[0m id      = (known after apply)
      [32m+[0m[0m member  = "user:student03@gmail.com"
      [32m+[0m[0m project = (known after apply)
      [32m+[0m[0m role    = "roles/iam.serviceAccountUser"
    }

[1m  # module.project["boa02"].google_project_iam_member.permissions["roles/iam.serviceAccountUser/user:student04@gmail.com"][0m will be created
[0m  [32m+[0m[0m resource "google_project_iam_member" "permissions" {
      [32m+[0m[0m etag    = (known after apply)
      [32m+[0m[0m id      = (known after apply)
      [32m+[0m[0m member  = "user:student04@gmail.com"
      [32m+[0m[0m project = (known after apply)
      [32m+[0m[0m role    = "roles/iam.serviceAccountUser"
    }

[1m  # module.project["boa02"].google_project_iam_member.permissions["roles/run.admin/user:student03@gmail.com"][0m will be created
[0m  [32m+[0m[0m resource "google_project_iam_member" "permissions" {
      [32m+[0m[0m etag    = (known after apply)
      [32m+[0m[0m id      = (known after apply)
      [32m+[0m[0m member  = "user:student03@gmail.com"
      [32m+[0m[0m project = (known after apply)
      [32m+[0m[0m role    = "roles/run.admin"
    }

[1m  # module.project["boa02"].google_project_iam_member.permissions["roles/run.admin/user:student04@gmail.com"][0m will be created
[0m  [32m+[0m[0m resource "google_project_iam_member" "permissions" {
      [32m+[0m[0m etag    = (known after apply)
      [32m+[0m[0m id      = (known after apply)
      [32m+[0m[0m member  = "user:student04@gmail.com"
      [32m+[0m[0m project = (known after apply)
      [32m+[0m[0m role    = "roles/run.admin"
    }

[1m  # module.project["boa02"].google_project_iam_member.permissions["roles/storage.admin/user:student03@gmail.com"][0m will be created
[0m  [32m+[0m[0m resource "google_project_iam_member" "permissions" {
      [32m+[0m[0m etag    = (known after apply)
      [32m+[0m[0m id      = (known after apply)
      [32m+[0m[0m member  = "user:student03@gmail.com"
      [32m+[0m[0m project = (known after apply)
      [32m+[0m[0m role    = "roles/storage.admin"
    }

[1m  # module.project["boa02"].google_project_iam_member.permissions["roles/storage.admin/user:student04@gmail.com"][0m will be created
[0m  [32m+[0m[0m resource "google_project_iam_member" "permissions" {
      [32m+[0m[0m etag    = (known after apply)
      [32m+[0m[0m id      = (known after apply)
      [32m+[0m[0m member  = "user:student04@gmail.com"
      [32m+[0m[0m project = (known after apply)
      [32m+[0m[0m role    = "roles/storage.admin"
    }

[1m  # module.project["boa02"].google_project_service.apis["aiplatform.googleapis.com"][0m will be created
[0m  [32m+[0m[0m resource "google_project_service" "apis" {
      [32m+[0m[0m disable_dependent_services = true
      [32m+[0m[0m disable_on_destroy         = true
      [32m+[0m[0m id                         = (known after apply)
      [32m+[0m[0m project                    = (known after apply)
      [32m+[0m[0m service                    = "aiplatform.googleapis.com"
    }

[1m  # module.project["boa02"].google_project_service.apis["artifactregistry.googleapis.com"][0m will be created
[0m  [32m+[0m[0m resource "google_project_service" "apis" {
      [32m+[0m[0m disable_dependent_services = true
      [32m+[0m[0m disable_on_destroy         = true
      [32m+[0m[0m id                         = (known after apply)
      [32m+[0m[0m project                    = (known after apply)
      [32m+[0m[0m service                    = "artifactregistry.googleapis.com"
    }

[1m  # module.project["boa02"].google_project_service.apis["cloudbuild.googleapis.com"][0m will be created
[0m  [32m+[0m[0m resource "google_project_service" "apis" {
      [32m+[0m[0m disable_dependent_services = true
      [32m+[0m[0m disable_on_destroy         = true
      [32m+[0m[0m id                         = (known after apply)
      [32m+[0m[0m project                    = (known after apply)
      [32m+[0m[0m service                    = "cloudbuild.googleapis.com"
    }

[1m  # module.project["boa02"].google_project_service.apis["cloudresourcemanager.googleapis.com"][0m will be created
[0m  [32m+[0m[0m resource "google_project_service" "apis" {
      [32m+[0m[0m disable_dependent_services = true
      [32m+[0m[0m disable_on_destroy         = true
      [32m+[0m[0m id                         = (known after apply)
      [32m+[0m[0m project                    = (known after apply)
      [32m+[0m[0m service                    = "cloudresourcemanager.googleapis.com"
    }

[1m  # module.project["boa02"].google_project_service.apis["compute.googleapis.com"][0m will be created
[0m  [32m+[0m[0m resource "google_project_service" "apis" {
      [32m+[0m[0m disable_dependent_services = true
      [32m+[0m[0m disable_on_destroy         = true
      [32m+[0m[0m id                         = (known after apply)
      [32m+[0m[0m project                    = (known after apply)
      [32m+[0m[0m service                    = "compute.googleapis.com"
    }

[1m  # module.project["boa02"].google_project_service.apis["iam.googleapis.com"][0m will be created
[0m  [32m+[0m[0m resource "google_project_service" "apis" {
      [32m+[0m[0m disable_dependent_services = true
      [32m+[0m[0m disable_on_destroy         = true
      [32m+[0m[0m id                         = (known after apply)
      [32m+[0m[0m project                    = (known after apply)
      [32m+[0m[0m service                    = "iam.googleapis.com"
    }

[1m  # module.project["boa02"].google_project_service.apis["run.googleapis.com"][0m will be created
[0m  [32m+[0m[0m resource "google_project_service" "apis" {
      [32m+[0m[0m disable_dependent_services = true
      [32m+[0m[0m disable_on_destroy         = true
      [32m+[0m[0m id                         = (known after apply)
      [32m+[0m[0m project                    = (known after apply)
      [32m+[0m[0m service                    = "run.googleapis.com"
    }

[1m  # module.project["boa02"].google_project_service.apis["serviceusage.googleapis.com"][0m will be created
[0m  [32m+[0m[0m resource "google_project_service" "apis" {
      [32m+[0m[0m disable_dependent_services = true
      [32m+[0m[0m disable_on_destroy         = true
      [32m+[0m[0m id                         = (known after apply)
      [32m+[0m[0m project                    = (known after apply)
      [32m+[0m[0m service                    = "serviceusage.googleapis.com"
    }

[1m  # module.project["boa02"].random_string.suffix[0m will be created
[0m  [32m+[0m[0m resource "random_string" "suffix" {
      [32m+[0m[0m id          = (known after apply)
      [32m+[0m[0m length      = 4
      [32m+[0m[0m lower       = true
      [32m+[0m[0m min_lower   = 0
      [32m+[0m[0m min_numeric = 0
      [32m+[0m[0m min_special = 0
      [32m+[0m[0m min_upper   = 0
      [32m+[0m[0m number      = true
      [32m+[0m[0m numeric     = true
      [32m+[0m[0m result      = (known after apply)
      [32m+[0m[0m special     = false
      [32m+[0m[0m upper       = false
    }

[1m  # module.project["boa03"].google_project.new[0][0m will be created
[0m  [32m+[0m[0m resource "google_project" "new" {
      [32m+[0m[0m auto_create_network = true
      [32m+[0m[0m billing_account     = (sensitive value)
      [32m+[0m[0m deletion_policy     = "PREVENT"
      [32m+[0m[0m effective_labels    = {
          [32m+[0m[0m "goog-terraform-provisioned" = "true"
        }
      [32m+[0m[0m folder_id           = (known after apply)
      [32m+[0m[0m id                  = (known after apply)
      [32m+[0m[0m name                = (known after apply)
      [32m+[0m[0m number              = (known after apply)
      [32m+[0m[0m org_id              = (known after apply)
      [32m+[0m[0m project_id          = (known after apply)
      [32m+[0m[0m terraform_labels    = {
          [32m+[0m[0m "goog-terraform-provisioned" = "true"
        }
    }

[1m  # module.project["boa03"].google_project_iam_member.permissions["roles/aiplatform.user/user:student05@gmail.com"][0m will be created
[0m  [32m+[0m[0m resource "google_project_iam_member" "permissions" {
      [32m+[0m[0m etag    = (known after apply)
      [32m+[0m[0m id      = (known after apply)
      [32m+[0m[0m member  = "user:student05@gmail.com"
      [32m+[0m[0m project = (known after apply)
      [32m+[0m[0m role    = "roles/aiplatform.user"
    }

[1m  # module.project["boa03"].google_project_iam_member.permissions["roles/aiplatform.user/user:student06@gmail.com"][0m will be created
[0m  [32m+[0m[0m resource "google_project_iam_member" "permissions" {
      [32m+[0m[0m etag    = (known after apply)
      [32m+[0m[0m id      = (known after apply)
      [32m+[0m[0m member  = "user:student06@gmail.com"
      [32m+[0m[0m project = (known after apply)
      [32m+[0m[0m role    = "roles/aiplatform.user"
    }

[1m  # module.project["boa03"].google_project_iam_member.permissions["roles/artifactregistry.writer/user:student05@gmail.com"][0m will be created
[0m  [32m+[0m[0m resource "google_project_iam_member" "permissions" {
      [32m+[0m[0m etag    = (known after apply)
      [32m+[0m[0m id      = (known after apply)
      [32m+[0m[0m member  = "user:student05@gmail.com"
      [32m+[0m[0m project = (known after apply)
      [32m+[0m[0m role    = "roles/artifactregistry.writer"
    }

[1m  # module.project["boa03"].google_project_iam_member.permissions["roles/artifactregistry.writer/user:student06@gmail.com"][0m will be created
[0m  [32m+[0m[0m resource "google_project_iam_member" "permissions" {
      [32m+[0m[0m etag    = (known after apply)
      [32m+[0m[0m id      = (known after apply)
      [32m+[0m[0m member  = "user:student06@gmail.com"
      [32m+[0m[0m project = (known after apply)
      [32m+[0m[0m role    = "roles/artifactregistry.writer"
    }

[1m  # module.project["boa03"].google_project_iam_member.permissions["roles/editor/user:student05@gmail.com"][0m will be created
[0m  [32m+[0m[0m resource "google_project_iam_member" "permissions" {
      [32m+[0m[0m etag    = (known after apply)
      [32m+[0m[0m id      = (known after apply)
      [32m+[0m[0m member  = "user:student05@gmail.com"
      [32m+[0m[0m project = (known after apply)
      [32m+[0m[0m role    = "roles/editor"
    }

[1m  # module.project["boa03"].google_project_iam_member.permissions["roles/editor/user:student06@gmail.com"][0m will be created
[0m  [32m+[0m[0m resource "google_project_iam_member" "permissions" {
      [32m+[0m[0m etag    = (known after apply)
      [32m+[0m[0m id      = (known after apply)
      [32m+[0m[0m member  = "user:student06@gmail.com"
      [32m+[0m[0m project = (known after apply)
      [32m+[0m[0m role    = "roles/editor"
    }

[1m  # module.project["boa03"].google_project_iam_member.permissions["roles/iam.serviceAccountUser/user:student05@gmail.com"][0m will be created
[0m  [32m+[0m[0m resource "google_project_iam_member" "permissions" {
      [32m+[0m[0m etag    = (known after apply)
      [32m+[0m[0m id      = (known after apply)
      [32m+[0m[0m member  = "user:student05@gmail.com"
      [32m+[0m[0m project = (known after apply)
      [32m+[0m[0m role    = "roles/iam.serviceAccountUser"
    }

[1m  # module.project["boa03"].google_project_iam_member.permissions["roles/iam.serviceAccountUser/user:student06@gmail.com"][0m will be created
[0m  [32m+[0m[0m resource "google_project_iam_member" "permissions" {
      [32m+[0m[0m etag    = (known after apply)
      [32m+[0m[0m id      = (known after apply)
      [32m+[0m[0m member  = "user:student06@gmail.com"
      [32m+[0m[0m project = (known after apply)
      [32m+[0m[0m role    = "roles/iam.serviceAccountUser"
    }

[1m  # module.project["boa03"].google_project_iam_member.permissions["roles/run.admin/user:student05@gmail.com"][0m will be created
[0m  [32m+[0m[0m resource "google_project_iam_member" "permissions" {
      [32m+[0m[0m etag    = (known after apply)
      [32m+[0m[0m id      = (known after apply)
      [32m+[0m[0m member  = "user:student05@gmail.com"
      [32m+[0m[0m project = (known after apply)
      [32m+[0m[0m role    = "roles/run.admin"
    }

[1m  # module.project["boa03"].google_project_iam_member.permissions["roles/run.admin/user:student06@gmail.com"][0m will be created
[0m  [32m+[0m[0m resource "google_project_iam_member" "permissions" {
      [32m+[0m[0m etag    = (known after apply)
      [32m+[0m[0m id      = (known after apply)
      [32m+[0m[0m member  = "user:student06@gmail.com"
      [32m+[0m[0m project = (known after apply)
      [32m+[0m[0m role    = "roles/run.admin"
    }

[1m  # module.project["boa03"].google_project_iam_member.permissions["roles/storage.admin/user:student05@gmail.com"][0m will be created
[0m  [32m+[0m[0m resource "google_project_iam_member" "permissions" {
      [32m+[0m[0m etag    = (known after apply)
      [32m+[0m[0m id      = (known after apply)
      [32m+[0m[0m member  = "user:student05@gmail.com"
      [32m+[0m[0m project = (known after apply)
      [32m+[0m[0m role    = "roles/storage.admin"
    }

[1m  # module.project["boa03"].google_project_iam_member.permissions["roles/storage.admin/user:student06@gmail.com"][0m will be created
[0m  [32m+[0m[0m resource "google_project_iam_member" "permissions" {
      [32m+[0m[0m etag    = (known after apply)
      [32m+[0m[0m id      = (known after apply)
      [32m+[0m[0m member  = "user:student06@gmail.com"
      [32m+[0m[0m project = (known after apply)
      [32m+[0m[0m role    = "roles/storage.admin"
    }

[1m  # module.project["boa03"].google_project_service.apis["aiplatform.googleapis.com"][0m will be created
[0m  [32m+[0m[0m resource "google_project_service" "apis" {
      [32m+[0m[0m disable_dependent_services = true
      [32m+[0m[0m disable_on_destroy         = true
      [32m+[0m[0m id                         = (known after apply)
      [32m+[0m[0m project                    = (known after apply)
      [32m+[0m[0m service                    = "aiplatform.googleapis.com"
    }

[1m  # module.project["boa03"].google_project_service.apis["artifactregistry.googleapis.com"][0m will be created
[0m  [32m+[0m[0m resource "google_project_service" "apis" {
      [32m+[0m[0m disable_dependent_services = true
      [32m+[0m[0m disable_on_destroy         = true
      [32m+[0m[0m id                         = (known after apply)
      [32m+[0m[0m project                    = (known after apply)
      [32m+[0m[0m service                    = "artifactregistry.googleapis.com"
    }

[1m  # module.project["boa03"].google_project_service.apis["cloudbuild.googleapis.com"][0m will be created
[0m  [32m+[0m[0m resource "google_project_service" "apis" {
      [32m+[0m[0m disable_dependent_services = true
      [32m+[0m[0m disable_on_destroy         = true
      [32m+[0m[0m id                         = (known after apply)
      [32m+[0m[0m project                    = (known after apply)
      [32m+[0m[0m service                    = "cloudbuild.googleapis.com"
    }

[1m  # module.project["boa03"].google_project_service.apis["cloudresourcemanager.googleapis.com"][0m will be created
[0m  [32m+[0m[0m resource "google_project_service" "apis" {
      [32m+[0m[0m disable_dependent_services = true
      [32m+[0m[0m disable_on_destroy         = true
      [32m+[0m[0m id                         = (known after apply)
      [32m+[0m[0m project                    = (known after apply)
      [32m+[0m[0m service                    = "cloudresourcemanager.googleapis.com"
    }

[1m  # module.project["boa03"].google_project_service.apis["compute.googleapis.com"][0m will be created
[0m  [32m+[0m[0m resource "google_project_service" "apis" {
      [32m+[0m[0m disable_dependent_services = true
      [32m+[0m[0m disable_on_destroy         = true
      [32m+[0m[0m id                         = (known after apply)
      [32m+[0m[0m project                    = (known after apply)
      [32m+[0m[0m service                    = "compute.googleapis.com"
    }

[1m  # module.project["boa03"].google_project_service.apis["iam.googleapis.com"][0m will be created
[0m  [32m+[0m[0m resource "google_project_service" "apis" {
      [32m+[0m[0m disable_dependent_services = true
      [32m+[0m[0m disable_on_destroy         = true
      [32m+[0m[0m id                         = (known after apply)
      [32m+[0m[0m project                    = (known after apply)
      [32m+[0m[0m service                    = "iam.googleapis.com"
    }

[1m  # module.project["boa03"].google_project_service.apis["run.googleapis.com"][0m will be created
[0m  [32m+[0m[0m resource "google_project_service" "apis" {
      [32m+[0m[0m disable_dependent_services = true
      [32m+[0m[0m disable_on_destroy         = true
      [32m+[0m[0m id                         = (known after apply)
      [32m+[0m[0m project                    = (known after apply)
      [32m+[0m[0m service                    = "run.googleapis.com"
    }

[1m  # module.project["boa03"].google_project_service.apis["serviceusage.googleapis.com"][0m will be created
[0m  [32m+[0m[0m resource "google_project_service" "apis" {
      [32m+[0m[0m disable_dependent_services = true
      [32m+[0m[0m disable_on_destroy         = true
      [32m+[0m[0m id                         = (known after apply)
      [32m+[0m[0m project                    = (known after apply)
      [32m+[0m[0m service                    = "serviceusage.googleapis.com"
    }

[1m  # module.project["boa03"].random_string.suffix[0m will be created
[0m  [32m+[0m[0m resource "random_string" "suffix" {
      [32m+[0m[0m id          = (known after apply)
      [32m+[0m[0m length      = 4
      [32m+[0m[0m lower       = true
      [32m+[0m[0m min_lower   = 0
      [32m+[0m[0m min_numeric = 0
      [32m+[0m[0m min_special = 0
      [32m+[0m[0m min_upper   = 0
      [32m+[0m[0m number      = true
      [32m+[0m[0m numeric     = true
      [32m+[0m[0m result      = (known after apply)
      [32m+[0m[0m special     = false
      [32m+[0m[0m upper       = false
    }

[1m  # module.project["teacherz"].google_project.new[0][0m will be created
[0m  [32m+[0m[0m resource "google_project" "new" {
      [32m+[0m[0m auto_create_network = true
      [32m+[0m[0m billing_account     = (sensitive value)
      [32m+[0m[0m deletion_policy     = "PREVENT"
      [32m+[0m[0m effective_labels    = {
          [32m+[0m[0m "goog-terraform-provisioned" = "true"
        }
      [32m+[0m[0m folder_id           = (known after apply)
      [32m+[0m[0m id                  = (known after apply)
      [32m+[0m[0m name                = (known after apply)
      [32m+[0m[0m number              = (known after apply)
      [32m+[0m[0m org_id              = (known after apply)
      [32m+[0m[0m project_id          = (known after apply)
      [32m+[0m[0m terraform_labels    = {
          [32m+[0m[0m "goog-terraform-provisioned" = "true"
        }
    }

[1m  # module.project["teacherz"].google_project_iam_member.permissions["roles/aiplatform.user/user:leoy@google.com"][0m will be created
[0m  [32m+[0m[0m resource "google_project_iam_member" "permissions" {
      [32m+[0m[0m etag    = (known after apply)
      [32m+[0m[0m id      = (known after apply)
      [32m+[0m[0m member  = "user:leoy@google.com"
      [32m+[0m[0m project = (known after apply)
      [32m+[0m[0m role    = "roles/aiplatform.user"
    }

[1m  # module.project["teacherz"].google_project_iam_member.permissions["roles/aiplatform.user/user:ricc@google.com"][0m will be created
[0m  [32m+[0m[0m resource "google_project_iam_member" "permissions" {
      [32m+[0m[0m etag    = (known after apply)
      [32m+[0m[0m id      = (known after apply)
      [32m+[0m[0m member  = "user:ricc@google.com"
      [32m+[0m[0m project = (known after apply)
      [32m+[0m[0m role    = "roles/aiplatform.user"
    }

[1m  # module.project["teacherz"].google_project_iam_member.permissions["roles/artifactregistry.writer/user:leoy@google.com"][0m will be created
[0m  [32m+[0m[0m resource "google_project_iam_member" "permissions" {
      [32m+[0m[0m etag    = (known after apply)
      [32m+[0m[0m id      = (known after apply)
      [32m+[0m[0m member  = "user:leoy@google.com"
      [32m+[0m[0m project = (known after apply)
      [32m+[0m[0m role    = "roles/artifactregistry.writer"
    }

[1m  # module.project["teacherz"].google_project_iam_member.permissions["roles/artifactregistry.writer/user:ricc@google.com"][0m will be created
[0m  [32m+[0m[0m resource "google_project_iam_member" "permissions" {
      [32m+[0m[0m etag    = (known after apply)
      [32m+[0m[0m id      = (known after apply)
      [32m+[0m[0m member  = "user:ricc@google.com"
      [32m+[0m[0m project = (known after apply)
      [32m+[0m[0m role    = "roles/artifactregistry.writer"
    }

[1m  # module.project["teacherz"].google_project_iam_member.permissions["roles/editor/user:leoy@google.com"][0m will be created
[0m  [32m+[0m[0m resource "google_project_iam_member" "permissions" {
      [32m+[0m[0m etag    = (known after apply)
      [32m+[0m[0m id      = (known after apply)
      [32m+[0m[0m member  = "user:leoy@google.com"
      [32m+[0m[0m project = (known after apply)
      [32m+[0m[0m role    = "roles/editor"
    }

[1m  # module.project["teacherz"].google_project_iam_member.permissions["roles/editor/user:ricc@google.com"][0m will be created
[0m  [32m+[0m[0m resource "google_project_iam_member" "permissions" {
      [32m+[0m[0m etag    = (known after apply)
      [32m+[0m[0m id      = (known after apply)
      [32m+[0m[0m member  = "user:ricc@google.com"
      [32m+[0m[0m project = (known after apply)
      [32m+[0m[0m role    = "roles/editor"
    }

[1m  # module.project["teacherz"].google_project_iam_member.permissions["roles/iam.serviceAccountUser/user:leoy@google.com"][0m will be created
[0m  [32m+[0m[0m resource "google_project_iam_member" "permissions" {
      [32m+[0m[0m etag    = (known after apply)
      [32m+[0m[0m id      = (known after apply)
      [32m+[0m[0m member  = "user:leoy@google.com"
      [32m+[0m[0m project = (known after apply)
      [32m+[0m[0m role    = "roles/iam.serviceAccountUser"
    }

[1m  # module.project["teacherz"].google_project_iam_member.permissions["roles/iam.serviceAccountUser/user:ricc@google.com"][0m will be created
[0m  [32m+[0m[0m resource "google_project_iam_member" "permissions" {
      [32m+[0m[0m etag    = (known after apply)
      [32m+[0m[0m id      = (known after apply)
      [32m+[0m[0m member  = "user:ricc@google.com"
      [32m+[0m[0m project = (known after apply)
      [32m+[0m[0m role    = "roles/iam.serviceAccountUser"
    }

[1m  # module.project["teacherz"].google_project_iam_member.permissions["roles/run.admin/user:leoy@google.com"][0m will be created
[0m  [32m+[0m[0m resource "google_project_iam_member" "permissions" {
      [32m+[0m[0m etag    = (known after apply)
      [32m+[0m[0m id      = (known after apply)
      [32m+[0m[0m member  = "user:leoy@google.com"
      [32m+[0m[0m project = (known after apply)
      [32m+[0m[0m role    = "roles/run.admin"
    }

[1m  # module.project["teacherz"].google_project_iam_member.permissions["roles/run.admin/user:ricc@google.com"][0m will be created
[0m  [32m+[0m[0m resource "google_project_iam_member" "permissions" {
      [32m+[0m[0m etag    = (known after apply)
      [32m+[0m[0m id      = (known after apply)
      [32m+[0m[0m member  = "user:ricc@google.com"
      [32m+[0m[0m project = (known after apply)
      [32m+[0m[0m role    = "roles/run.admin"
    }

[1m  # module.project["teacherz"].google_project_iam_member.permissions["roles/storage.admin/user:leoy@google.com"][0m will be created
[0m  [32m+[0m[0m resource "google_project_iam_member" "permissions" {
      [32m+[0m[0m etag    = (known after apply)
      [32m+[0m[0m id      = (known after apply)
      [32m+[0m[0m member  = "user:leoy@google.com"
      [32m+[0m[0m project = (known after apply)
      [32m+[0m[0m role    = "roles/storage.admin"
    }

[1m  # module.project["teacherz"].google_project_iam_member.permissions["roles/storage.admin/user:ricc@google.com"][0m will be created
[0m  [32m+[0m[0m resource "google_project_iam_member" "permissions" {
      [32m+[0m[0m etag    = (known after apply)
      [32m+[0m[0m id      = (known after apply)
      [32m+[0m[0m member  = "user:ricc@google.com"
      [32m+[0m[0m project = (known after apply)
      [32m+[0m[0m role    = "roles/storage.admin"
    }

[1m  # module.project["teacherz"].google_project_service.apis["aiplatform.googleapis.com"][0m will be created
[0m  [32m+[0m[0m resource "google_project_service" "apis" {
      [32m+[0m[0m disable_dependent_services = true
      [32m+[0m[0m disable_on_destroy         = true
      [32m+[0m[0m id                         = (known after apply)
      [32m+[0m[0m project                    = (known after apply)
      [32m+[0m[0m service                    = "aiplatform.googleapis.com"
    }

[1m  # module.project["teacherz"].google_project_service.apis["artifactregistry.googleapis.com"][0m will be created
[0m  [32m+[0m[0m resource "google_project_service" "apis" {
      [32m+[0m[0m disable_dependent_services = true
      [32m+[0m[0m disable_on_destroy         = true
      [32m+[0m[0m id                         = (known after apply)
      [32m+[0m[0m project                    = (known after apply)
      [32m+[0m[0m service                    = "artifactregistry.googleapis.com"
    }

[1m  # module.project["teacherz"].google_project_service.apis["cloudbuild.googleapis.com"][0m will be created
[0m  [32m+[0m[0m resource "google_project_service" "apis" {
      [32m+[0m[0m disable_dependent_services = true
      [32m+[0m[0m disable_on_destroy         = true
      [32m+[0m[0m id                         = (known after apply)
      [32m+[0m[0m project                    = (known after apply)
      [32m+[0m[0m service                    = "cloudbuild.googleapis.com"
    }

[1m  # module.project["teacherz"].google_project_service.apis["cloudresourcemanager.googleapis.com"][0m will be created
[0m  [32m+[0m[0m resource "google_project_service" "apis" {
      [32m+[0m[0m disable_dependent_services = true
      [32m+[0m[0m disable_on_destroy         = true
      [32m+[0m[0m id                         = (known after apply)
      [32m+[0m[0m project                    = (known after apply)
      [32m+[0m[0m service                    = "cloudresourcemanager.googleapis.com"
    }

[1m  # module.project["teacherz"].google_project_service.apis["compute.googleapis.com"][0m will be created
[0m  [32m+[0m[0m resource "google_project_service" "apis" {
      [32m+[0m[0m disable_dependent_services = true
      [32m+[0m[0m disable_on_destroy         = true
      [32m+[0m[0m id                         = (known after apply)
      [32m+[0m[0m project                    = (known after apply)
      [32m+[0m[0m service                    = "compute.googleapis.com"
    }

[1m  # module.project["teacherz"].google_project_service.apis["iam.googleapis.com"][0m will be created
[0m  [32m+[0m[0m resource "google_project_service" "apis" {
      [32m+[0m[0m disable_dependent_services = true
      [32m+[0m[0m disable_on_destroy         = true
      [32m+[0m[0m id                         = (known after apply)
      [32m+[0m[0m project                    = (known after apply)
      [32m+[0m[0m service                    = "iam.googleapis.com"
    }

[1m  # module.project["teacherz"].google_project_service.apis["run.googleapis.com"][0m will be created
[0m  [32m+[0m[0m resource "google_project_service" "apis" {
      [32m+[0m[0m disable_dependent_services = true
      [32m+[0m[0m disable_on_destroy         = true
      [32m+[0m[0m id                         = (known after apply)
      [32m+[0m[0m project                    = (known after apply)
      [32m+[0m[0m service                    = "run.googleapis.com"
    }

[1m  # module.project["teacherz"].google_project_service.apis["serviceusage.googleapis.com"][0m will be created
[0m  [32m+[0m[0m resource "google_project_service" "apis" {
      [32m+[0m[0m disable_dependent_services = true
      [32m+[0m[0m disable_on_destroy         = true
      [32m+[0m[0m id                         = (known after apply)
      [32m+[0m[0m project                    = (known after apply)
      [32m+[0m[0m service                    = "serviceusage.googleapis.com"
    }

[1m  # module.project["teacherz"].random_string.suffix[0m will be created
[0m  [32m+[0m[0m resource "random_string" "suffix" {
      [32m+[0m[0m id          = (known after apply)
      [32m+[0m[0m length      = 4
      [32m+[0m[0m lower       = true
      [32m+[0m[0m min_lower   = 0
      [32m+[0m[0m min_numeric = 0
      [32m+[0m[0m min_special = 0
      [32m+[0m[0m min_upper   = 0
      [32m+[0m[0m number      = true
      [32m+[0m[0m numeric     = true
      [32m+[0m[0m result      = (known after apply)
      [32m+[0m[0m special     = false
      [32m+[0m[0m upper       = false
    }

[1mPlan:[0m 89 to add, 0 to change, 0 to destroy.
[0m
Changes to Outputs:
  [32m+[0m[0m folder_id = (known after apply)
  [32m+[0m[0m projects  = {
      [32m+[0m[0m boa01    = {
          [32m+[0m[0m project_id     = (known after apply)
          [32m+[0m[0m project_number = (known after apply)
        }
      [32m+[0m[0m boa02    = {
          [32m+[0m[0m project_id     = (known after apply)
          [32m+[0m[0m project_number = (known after apply)
        }
      [32m+[0m[0m boa03    = {
          [32m+[0m[0m project_id     = (known after apply)
          [32m+[0m[0m project_number = (known after apply)
        }
      [32m+[0m[0m teacherz = {
          [32m+[0m[0m project_id     = (known after apply)
          [32m+[0m[0m project_number = (known after apply)
        }
    }
[0m[1mgoogle_folder.classroom: Creating...[0m[0m
