--- Starting Classroom Setup for etc/samples/classroom/with_apps.yaml in iac/terraform/sandmold/1a_classroom_setup ---
Workspace name: class-with-apps-v2-40b2ead2
DEBUG: All artifacts will be stored in: iac/terraform/sandmold/1a_classroom_setup/workspaces/class-with-apps-v2-40b2ead2
DEBUG: Terraform logs will be saved to: /usr/local/google/home/ricc/git/sandmold/iac/terraform/sandmold/1a_classroom_setup/workspaces/class-with-apps-v2-40b2ead2/20251009-122539_apply.log
--> Preparing Terraform variables...
--> Initializing and applying Terraform in workspace: class-with-apps-v2-40b2ead2

[0m[1mInitializing the backend...[0m
[0m[1mInitializing modules...[0m

[0m[1mInitializing provider plugins...[0m
- Reusing previous version of hashicorp/google from the dependency lock file
- Reusing previous version of hashicorp/random from the dependency lock file
- Using previously-installed hashicorp/google v6.43.0
- Using previously-installed hashicorp/random v3.7.2

[0m[1m[32mTerraform has been successfully initialized![0m[32m[0m
[0m[32m
You may now begin working with Terraform. Try running "terraform plan" to see
any changes that are required for your infrastructure. All Terraform commands
should now work.

If you ever set or change modules or backend configuration for Terraform,
rerun this command to reinitialize your working directory. If you forget, other
commands will detect it and remind you to do so if necessary.[0m
[0m[32mSwitched to workspace "class-with-apps-v2-40b2ead2".[0m
[0m[1mgoogle_folder.classroom: Refreshing state... [id=folders/388362520240][0m
[0m[1mgoogle_folder_iam_member.teacher_permissions["user:leoy@google.com"]: Refreshing state... [id=folders/388362520240/roles/owner/user:leoy@google.com][0m
[0m[1mgoogle_folder_iam_member.teacher_permissions["user:ricc@google.com"]: Refreshing state... [id=folders/388362520240/roles/owner/user:ricc@google.com][0m
[0m[1mmodule.project["oct25-tch-cattedra"].random_string.suffix: Refreshing state... [id=t0y5][0m
[0m[1mmodule.project["oct25-std-foobar03-fail"].random_string.suffix: Refreshing state... [id=u666][0m
[0m[1mmodule.project["oct25-std-foobar01-good"].random_string.suffix: Refreshing state... [id=x048][0m

Terraform used the selected providers to generate the following execution
plan. Resource actions are indicated with the following symbols:
  [32m+[0m create[0m
  [33m~[0m update in-place[0m

Terraform will perform the following actions:

[1m  # google_folder.classroom[0m will be updated in-place
[0m  [33m~[0m[0m resource "google_folder" "classroom" {
      [33m~[0m[0m display_name        = "oct25-class-with-apps-v2-0r1u" [33m->[0m[0m "oct25-class-with-apps-v2-pmo7"
        id                  = "folders/388362520240"
        name                = "folders/388362520240"
        [90m# (5 unchanged attributes hidden)[0m[0m
    }

[1m  # module.project["oct25-std-foobar01-good"].google_project.new[0][0m will be created
[0m  [32m+[0m[0m resource "google_project" "new" {
      [32m+[0m[0m auto_create_network = true
      [32m+[0m[0m billing_account     = (sensitive value)
      [32m+[0m[0m deletion_policy     = "DELETE"
      [32m+[0m[0m effective_labels    = {
          [32m+[0m[0m "createdby"                  = "sandmold"
          [32m+[0m[0m "desk-type"                  = "student"
          [32m+[0m[0m "environment"                = "development"
          [32m+[0m[0m "goog-terraform-provisioned" = "true"
        }
      [32m+[0m[0m folder_id           = "388362520240"
      [32m+[0m[0m id                  = (known after apply)
      [32m+[0m[0m labels              = {
          [32m+[0m[0m "createdby"   = "sandmold"
          [32m+[0m[0m "desk-type"   = "student"
          [32m+[0m[0m "environment" = "development"
        }
      [32m+[0m[0m name                = "oct25-std-foobar01-good-x048"
      [32m+[0m[0m number              = (known after apply)
      [32m+[0m[0m project_id          = "oct25-std-foobar01-good-x048"
      [32m+[0m[0m terraform_labels    = {
          [32m+[0m[0m "createdby"                  = "sandmold"
          [32m+[0m[0m "desk-type"                  = "student"
          [32m+[0m[0m "environment"                = "development"
          [32m+[0m[0m "goog-terraform-provisioned" = "true"
        }
    }

[1m  # module.project["oct25-std-foobar01-good"].google_project_iam_member.permissions["roles/aiplatform.user/user:student01@gmail.com"][0m will be created
[0m  [32m+[0m[0m resource "google_project_iam_member" "permissions" {
      [32m+[0m[0m etag    = (known after apply)
      [32m+[0m[0m id      = (known after apply)
      [32m+[0m[0m member  = "user:student01@gmail.com"
      [32m+[0m[0m project = "oct25-std-foobar01-good-x048"
      [32m+[0m[0m role    = "roles/aiplatform.user"
    }

[1m  # module.project["oct25-std-foobar01-good"].google_project_iam_member.permissions["roles/aiplatform.user/user:student02@gmail.com"][0m will be created
[0m  [32m+[0m[0m resource "google_project_iam_member" "permissions" {
      [32m+[0m[0m etag    = (known after apply)
      [32m+[0m[0m id      = (known after apply)
      [32m+[0m[0m member  = "user:student02@gmail.com"
      [32m+[0m[0m project = "oct25-std-foobar01-good-x048"
      [32m+[0m[0m role    = "roles/aiplatform.user"
    }

[1m  # module.project["oct25-std-foobar01-good"].google_project_iam_member.permissions["roles/editor/user:student01@gmail.com"][0m will be created
[0m  [32m+[0m[0m resource "google_project_iam_member" "permissions" {
      [32m+[0m[0m etag    = (known after apply)
      [32m+[0m[0m id      = (known after apply)
      [32m+[0m[0m member  = "user:student01@gmail.com"
      [32m+[0m[0m project = "oct25-std-foobar01-good-x048"
      [32m+[0m[0m role    = "roles/editor"
    }

[1m  # module.project["oct25-std-foobar01-good"].google_project_iam_member.permissions["roles/editor/user:student02@gmail.com"][0m will be created
[0m  [32m+[0m[0m resource "google_project_iam_member" "permissions" {
      [32m+[0m[0m etag    = (known after apply)
      [32m+[0m[0m id      = (known after apply)
      [32m+[0m[0m member  = "user:student02@gmail.com"
      [32m+[0m[0m project = "oct25-std-foobar01-good-x048"
      [32m+[0m[0m role    = "roles/editor"
    }

[1m  # module.project["oct25-std-foobar01-good"].google_project_iam_member.permissions["roles/iam.serviceAccountUser/user:student01@gmail.com"][0m will be created
[0m  [32m+[0m[0m resource "google_project_iam_member" "permissions" {
      [32m+[0m[0m etag    = (known after apply)
      [32m+[0m[0m id      = (known after apply)
      [32m+[0m[0m member  = "user:student01@gmail.com"
      [32m+[0m[0m project = "oct25-std-foobar01-good-x048"
      [32m+[0m[0m role    = "roles/iam.serviceAccountUser"
    }

[1m  # module.project["oct25-std-foobar01-good"].google_project_iam_member.permissions["roles/iam.serviceAccountUser/user:student02@gmail.com"][0m will be created
[0m  [32m+[0m[0m resource "google_project_iam_member" "permissions" {
      [32m+[0m[0m etag    = (known after apply)
      [32m+[0m[0m id      = (known after apply)
      [32m+[0m[0m member  = "user:student02@gmail.com"
      [32m+[0m[0m project = "oct25-std-foobar01-good-x048"
      [32m+[0m[0m role    = "roles/iam.serviceAccountUser"
    }

[1m  # module.project["oct25-std-foobar01-good"].google_project_iam_member.permissions["roles/run.admin/user:student01@gmail.com"][0m will be created
[0m  [32m+[0m[0m resource "google_project_iam_member" "permissions" {
      [32m+[0m[0m etag    = (known after apply)
      [32m+[0m[0m id      = (known after apply)
      [32m+[0m[0m member  = "user:student01@gmail.com"
      [32m+[0m[0m project = "oct25-std-foobar01-good-x048"
      [32m+[0m[0m role    = "roles/run.admin"
    }

[1m  # module.project["oct25-std-foobar01-good"].google_project_iam_member.permissions["roles/run.admin/user:student02@gmail.com"][0m will be created
[0m  [32m+[0m[0m resource "google_project_iam_member" "permissions" {
      [32m+[0m[0m etag    = (known after apply)
      [32m+[0m[0m id      = (known after apply)
      [32m+[0m[0m member  = "user:student02@gmail.com"
      [32m+[0m[0m project = "oct25-std-foobar01-good-x048"
      [32m+[0m[0m role    = "roles/run.admin"
    }

[1m  # module.project["oct25-std-foobar01-good"].google_project_iam_member.permissions["roles/storage.admin/user:student01@gmail.com"][0m will be created
[0m  [32m+[0m[0m resource "google_project_iam_member" "permissions" {
      [32m+[0m[0m etag    = (known after apply)
      [32m+[0m[0m id      = (known after apply)
      [32m+[0m[0m member  = "user:student01@gmail.com"
      [32m+[0m[0m project = "oct25-std-foobar01-good-x048"
      [32m+[0m[0m role    = "roles/storage.admin"
    }

[1m  # module.project["oct25-std-foobar01-good"].google_project_iam_member.permissions["roles/storage.admin/user:student02@gmail.com"][0m will be created
[0m  [32m+[0m[0m resource "google_project_iam_member" "permissions" {
      [32m+[0m[0m etag    = (known after apply)
      [32m+[0m[0m id      = (known after apply)
      [32m+[0m[0m member  = "user:student02@gmail.com"
      [32m+[0m[0m project = "oct25-std-foobar01-good-x048"
      [32m+[0m[0m role    = "roles/storage.admin"
    }

[1m  # module.project["oct25-std-foobar01-good"].google_project_service.apis["apphub.googleapis.com"][0m will be created
[0m  [32m+[0m[0m resource "google_project_service" "apis" {
      [32m+[0m[0m disable_dependent_services = true
      [32m+[0m[0m disable_on_destroy         = true
      [32m+[0m[0m id                         = (known after apply)
      [32m+[0m[0m project                    = "oct25-std-foobar01-good-x048"
      [32m+[0m[0m service                    = "apphub.googleapis.com"
    }

[1m  # module.project["oct25-std-foobar01-good"].google_project_service.apis["cloudresourcemanager.googleapis.com"][0m will be created
[0m  [32m+[0m[0m resource "google_project_service" "apis" {
      [32m+[0m[0m disable_dependent_services = true
      [32m+[0m[0m disable_on_destroy         = true
      [32m+[0m[0m id                         = (known after apply)
      [32m+[0m[0m project                    = "oct25-std-foobar01-good-x048"
      [32m+[0m[0m service                    = "cloudresourcemanager.googleapis.com"
    }

[1m  # module.project["oct25-std-foobar01-good"].google_project_service.apis["iam.googleapis.com"][0m will be created
[0m  [32m+[0m[0m resource "google_project_service" "apis" {
      [32m+[0m[0m disable_dependent_services = true
      [32m+[0m[0m disable_on_destroy         = true
      [32m+[0m[0m id                         = (known after apply)
      [32m+[0m[0m project                    = "oct25-std-foobar01-good-x048"
      [32m+[0m[0m service                    = "iam.googleapis.com"
    }

[1m  # module.project["oct25-std-foobar01-good"].google_project_service.apis["logging.googleapis.com"][0m will be created
[0m  [32m+[0m[0m resource "google_project_service" "apis" {
      [32m+[0m[0m disable_dependent_services = true
      [32m+[0m[0m disable_on_destroy         = true
      [32m+[0m[0m id                         = (known after apply)
      [32m+[0m[0m project                    = "oct25-std-foobar01-good-x048"
      [32m+[0m[0m service                    = "logging.googleapis.com"
    }

[1m  # module.project["oct25-std-foobar01-good"].google_project_service.apis["monitoring.googleapis.com"][0m will be created
[0m  [32m+[0m[0m resource "google_project_service" "apis" {
      [32m+[0m[0m disable_dependent_services = true
      [32m+[0m[0m disable_on_destroy         = true
      [32m+[0m[0m id                         = (known after apply)
      [32m+[0m[0m project                    = "oct25-std-foobar01-good-x048"
      [32m+[0m[0m service                    = "monitoring.googleapis.com"
    }

[1m  # module.project["oct25-std-foobar01-good"].google_project_service.apis["serviceusage.googleapis.com"][0m will be created
[0m  [32m+[0m[0m resource "google_project_service" "apis" {
      [32m+[0m[0m disable_dependent_services = true
      [32m+[0m[0m disable_on_destroy         = true
      [32m+[0m[0m id                         = (known after apply)
      [32m+[0m[0m project                    = "oct25-std-foobar01-good-x048"
      [32m+[0m[0m service                    = "serviceusage.googleapis.com"
    }

[1m  # module.project["oct25-std-foobar03-fail"].google_project.new[0][0m will be created
[0m  [32m+[0m[0m resource "google_project" "new" {
      [32m+[0m[0m auto_create_network = true
      [32m+[0m[0m billing_account     = (sensitive value)
      [32m+[0m[0m deletion_policy     = "DELETE"
      [32m+[0m[0m effective_labels    = {
          [32m+[0m[0m "createdby"                  = "sandmold"
          [32m+[0m[0m "desk-type"                  = "student"
          [32m+[0m[0m "environment"                = "development"
          [32m+[0m[0m "goog-terraform-provisioned" = "true"
        }
      [32m+[0m[0m folder_id           = "388362520240"
      [32m+[0m[0m id                  = (known after apply)
      [32m+[0m[0m labels              = {
          [32m+[0m[0m "createdby"   = "sandmold"
          [32m+[0m[0m "desk-type"   = "student"
          [32m+[0m[0m "environment" = "development"
        }
      [32m+[0m[0m name                = "oct25-std-foobar03-fail-u666"
      [32m+[0m[0m number              = (known after apply)
      [32m+[0m[0m project_id          = "oct25-std-foobar03-fail-u666"
      [32m+[0m[0m terraform_labels    = {
          [32m+[0m[0m "createdby"                  = "sandmold"
          [32m+[0m[0m "desk-type"                  = "student"
          [32m+[0m[0m "environment"                = "development"
          [32m+[0m[0m "goog-terraform-provisioned" = "true"
        }
    }

[1m  # module.project["oct25-std-foobar03-fail"].google_project_iam_member.permissions["roles/aiplatform.user/user:admin@sredemo.dev"][0m will be created
[0m  [32m+[0m[0m resource "google_project_iam_member" "permissions" {
      [32m+[0m[0m etag    = (known after apply)
      [32m+[0m[0m id      = (known after apply)
      [32m+[0m[0m member  = "user:admin@sredemo.dev"
      [32m+[0m[0m project = "oct25-std-foobar03-fail-u666"
      [32m+[0m[0m role    = "roles/aiplatform.user"
    }

[1m  # module.project["oct25-std-foobar03-fail"].google_project_iam_member.permissions["roles/editor/user:admin@sredemo.dev"][0m will be created
[0m  [32m+[0m[0m resource "google_project_iam_member" "permissions" {
      [32m+[0m[0m etag    = (known after apply)
      [32m+[0m[0m id      = (known after apply)
      [32m+[0m[0m member  = "user:admin@sredemo.dev"
      [32m+[0m[0m project = "oct25-std-foobar03-fail-u666"
      [32m+[0m[0m role    = "roles/editor"
    }

[1m  # module.project["oct25-std-foobar03-fail"].google_project_iam_member.permissions["roles/iam.serviceAccountUser/user:admin@sredemo.dev"][0m will be created
[0m  [32m+[0m[0m resource "google_project_iam_member" "permissions" {
      [32m+[0m[0m etag    = (known after apply)
      [32m+[0m[0m id      = (known after apply)
      [32m+[0m[0m member  = "user:admin@sredemo.dev"
      [32m+[0m[0m project = "oct25-std-foobar03-fail-u666"
      [32m+[0m[0m role    = "roles/iam.serviceAccountUser"
    }

[1m  # module.project["oct25-std-foobar03-fail"].google_project_iam_member.permissions["roles/run.admin/user:admin@sredemo.dev"][0m will be created
[0m  [32m+[0m[0m resource "google_project_iam_member" "permissions" {
      [32m+[0m[0m etag    = (known after apply)
      [32m+[0m[0m id      = (known after apply)
      [32m+[0m[0m member  = "user:admin@sredemo.dev"
      [32m+[0m[0m project = "oct25-std-foobar03-fail-u666"
      [32m+[0m[0m role    = "roles/run.admin"
    }

[1m  # module.project["oct25-std-foobar03-fail"].google_project_iam_member.permissions["roles/storage.admin/user:admin@sredemo.dev"][0m will be created
[0m  [32m+[0m[0m resource "google_project_iam_member" "permissions" {
      [32m+[0m[0m etag    = (known after apply)
      [32m+[0m[0m id      = (known after apply)
      [32m+[0m[0m member  = "user:admin@sredemo.dev"
      [32m+[0m[0m project = "oct25-std-foobar03-fail-u666"
      [32m+[0m[0m role    = "roles/storage.admin"
    }

[1m  # module.project["oct25-std-foobar03-fail"].google_project_service.apis["apphub.googleapis.com"][0m will be created
[0m  [32m+[0m[0m resource "google_project_service" "apis" {
      [32m+[0m[0m disable_dependent_services = true
      [32m+[0m[0m disable_on_destroy         = true
      [32m+[0m[0m id                         = (known after apply)
      [32m+[0m[0m project                    = "oct25-std-foobar03-fail-u666"
      [32m+[0m[0m service                    = "apphub.googleapis.com"
    }

[1m  # module.project["oct25-std-foobar03-fail"].google_project_service.apis["cloudresourcemanager.googleapis.com"][0m will be created
[0m  [32m+[0m[0m resource "google_project_service" "apis" {
      [32m+[0m[0m disable_dependent_services = true
      [32m+[0m[0m disable_on_destroy         = true
      [32m+[0m[0m id                         = (known after apply)
      [32m+[0m[0m project                    = "oct25-std-foobar03-fail-u666"
      [32m+[0m[0m service                    = "cloudresourcemanager.googleapis.com"
    }

[1m  # module.project["oct25-std-foobar03-fail"].google_project_service.apis["iam.googleapis.com"][0m will be created
[0m  [32m+[0m[0m resource "google_project_service" "apis" {
      [32m+[0m[0m disable_dependent_services = true
      [32m+[0m[0m disable_on_destroy         = true
      [32m+[0m[0m id                         = (known after apply)
      [32m+[0m[0m project                    = "oct25-std-foobar03-fail-u666"
      [32m+[0m[0m service                    = "iam.googleapis.com"
    }

[1m  # module.project["oct25-std-foobar03-fail"].google_project_service.apis["logging.googleapis.com"][0m will be created
[0m  [32m+[0m[0m resource "google_project_service" "apis" {
      [32m+[0m[0m disable_dependent_services = true
      [32m+[0m[0m disable_on_destroy         = true
      [32m+[0m[0m id                         = (known after apply)
      [32m+[0m[0m project                    = "oct25-std-foobar03-fail-u666"
      [32m+[0m[0m service                    = "logging.googleapis.com"
    }

[1m  # module.project["oct25-std-foobar03-fail"].google_project_service.apis["monitoring.googleapis.com"][0m will be created
[0m  [32m+[0m[0m resource "google_project_service" "apis" {
      [32m+[0m[0m disable_dependent_services = true
      [32m+[0m[0m disable_on_destroy         = true
      [32m+[0m[0m id                         = (known after apply)
      [32m+[0m[0m project                    = "oct25-std-foobar03-fail-u666"
      [32m+[0m[0m service                    = "monitoring.googleapis.com"
    }

[1m  # module.project["oct25-std-foobar03-fail"].google_project_service.apis["serviceusage.googleapis.com"][0m will be created
[0m  [32m+[0m[0m resource "google_project_service" "apis" {
      [32m+[0m[0m disable_dependent_services = true
      [32m+[0m[0m disable_on_destroy         = true
      [32m+[0m[0m id                         = (known after apply)
      [32m+[0m[0m project                    = "oct25-std-foobar03-fail-u666"
      [32m+[0m[0m service                    = "serviceusage.googleapis.com"
    }

[1m  # module.project["oct25-tch-cattedra"].google_project.new[0][0m will be created
[0m  [32m+[0m[0m resource "google_project" "new" {
      [32m+[0m[0m auto_create_network = true
      [32m+[0m[0m billing_account     = (sensitive value)
      [32m+[0m[0m deletion_policy     = "DELETE"
      [32m+[0m[0m effective_labels    = {
          [32m+[0m[0m "createdby"                  = "sandmold"
          [32m+[0m[0m "desk-type"                  = "teacher"
          [32m+[0m[0m "environment"                = "development"
          [32m+[0m[0m "goog-terraform-provisioned" = "true"
        }
      [32m+[0m[0m folder_id           = "388362520240"
      [32m+[0m[0m id                  = (known after apply)
      [32m+[0m[0m labels              = {
          [32m+[0m[0m "createdby"   = "sandmold"
          [32m+[0m[0m "desk-type"   = "teacher"
          [32m+[0m[0m "environment" = "development"
        }
      [32m+[0m[0m name                = "oct25-tch-cattedra-t0y5"
      [32m+[0m[0m number              = (known after apply)
      [32m+[0m[0m project_id          = "oct25-tch-cattedra-t0y5"
      [32m+[0m[0m terraform_labels    = {
          [32m+[0m[0m "createdby"                  = "sandmold"
          [32m+[0m[0m "desk-type"                  = "teacher"
          [32m+[0m[0m "environment"                = "development"
          [32m+[0m[0m "goog-terraform-provisioned" = "true"
        }
    }

[1m  # module.project["oct25-tch-cattedra"].google_project_iam_member.permissions["roles/aiplatform.user/user:ricc@google.com"][0m will be created
[0m  [32m+[0m[0m resource "google_project_iam_member" "permissions" {
      [32m+[0m[0m etag    = (known after apply)
      [32m+[0m[0m id      = (known after apply)
      [32m+[0m[0m member  = "user:ricc@google.com"
      [32m+[0m[0m project = "oct25-tch-cattedra-t0y5"
      [32m+[0m[0m role    = "roles/aiplatform.user"
    }

[1m  # module.project["oct25-tch-cattedra"].google_project_iam_member.permissions["roles/editor/user:ricc@google.com"][0m will be created
[0m  [32m+[0m[0m resource "google_project_iam_member" "permissions" {
      [32m+[0m[0m etag    = (known after apply)
      [32m+[0m[0m id      = (known after apply)
      [32m+[0m[0m member  = "user:ricc@google.com"
      [32m+[0m[0m project = "oct25-tch-cattedra-t0y5"
      [32m+[0m[0m role    = "roles/editor"
    }

[1m  # module.project["oct25-tch-cattedra"].google_project_iam_member.permissions["roles/iam.serviceAccountUser/user:ricc@google.com"][0m will be created
[0m  [32m+[0m[0m resource "google_project_iam_member" "permissions" {
      [32m+[0m[0m etag    = (known after apply)
      [32m+[0m[0m id      = (known after apply)
      [32m+[0m[0m member  = "user:ricc@google.com"
      [32m+[0m[0m project = "oct25-tch-cattedra-t0y5"
      [32m+[0m[0m role    = "roles/iam.serviceAccountUser"
    }

[1m  # module.project["oct25-tch-cattedra"].google_project_iam_member.permissions["roles/run.admin/user:ricc@google.com"][0m will be created
[0m  [32m+[0m[0m resource "google_project_iam_member" "permissions" {
      [32m+[0m[0m etag    = (known after apply)
      [32m+[0m[0m id      = (known after apply)
      [32m+[0m[0m member  = "user:ricc@google.com"
      [32m+[0m[0m project = "oct25-tch-cattedra-t0y5"
      [32m+[0m[0m role    = "roles/run.admin"
    }

[1m  # module.project["oct25-tch-cattedra"].google_project_iam_member.permissions["roles/storage.admin/user:ricc@google.com"][0m will be created
[0m  [32m+[0m[0m resource "google_project_iam_member" "permissions" {
      [32m+[0m[0m etag    = (known after apply)
      [32m+[0m[0m id      = (known after apply)
      [32m+[0m[0m member  = "user:ricc@google.com"
      [32m+[0m[0m project = "oct25-tch-cattedra-t0y5"
      [32m+[0m[0m role    = "roles/storage.admin"
    }

[1m  # module.project["oct25-tch-cattedra"].google_project_service.apis["apphub.googleapis.com"][0m will be created
[0m  [32m+[0m[0m resource "google_project_service" "apis" {
      [32m+[0m[0m disable_dependent_services = true
      [32m+[0m[0m disable_on_destroy         = true
      [32m+[0m[0m id                         = (known after apply)
      [32m+[0m[0m project                    = "oct25-tch-cattedra-t0y5"
      [32m+[0m[0m service                    = "apphub.googleapis.com"
    }

[1m  # module.project["oct25-tch-cattedra"].google_project_service.apis["cloudresourcemanager.googleapis.com"][0m will be created
[0m  [32m+[0m[0m resource "google_project_service" "apis" {
      [32m+[0m[0m disable_dependent_services = true
      [32m+[0m[0m disable_on_destroy         = true
      [32m+[0m[0m id                         = (known after apply)
      [32m+[0m[0m project                    = "oct25-tch-cattedra-t0y5"
      [32m+[0m[0m service                    = "cloudresourcemanager.googleapis.com"
    }

[1m  # module.project["oct25-tch-cattedra"].google_project_service.apis["iam.googleapis.com"][0m will be created
[0m  [32m+[0m[0m resource "google_project_service" "apis" {
      [32m+[0m[0m disable_dependent_services = true
      [32m+[0m[0m disable_on_destroy         = true
      [32m+[0m[0m id                         = (known after apply)
      [32m+[0m[0m project                    = "oct25-tch-cattedra-t0y5"
      [32m+[0m[0m service                    = "iam.googleapis.com"
    }

[1m  # module.project["oct25-tch-cattedra"].google_project_service.apis["logging.googleapis.com"][0m will be created
[0m  [32m+[0m[0m resource "google_project_service" "apis" {
      [32m+[0m[0m disable_dependent_services = true
      [32m+[0m[0m disable_on_destroy         = true
      [32m+[0m[0m id                         = (known after apply)
      [32m+[0m[0m project                    = "oct25-tch-cattedra-t0y5"
      [32m+[0m[0m service                    = "logging.googleapis.com"
    }

[1m  # module.project["oct25-tch-cattedra"].google_project_service.apis["monitoring.googleapis.com"][0m will be created
[0m  [32m+[0m[0m resource "google_project_service" "apis" {
      [32m+[0m[0m disable_dependent_services = true
      [32m+[0m[0m disable_on_destroy         = true
      [32m+[0m[0m id                         = (known after apply)
      [32m+[0m[0m project                    = "oct25-tch-cattedra-t0y5"
      [32m+[0m[0m service                    = "monitoring.googleapis.com"
    }

[1m  # module.project["oct25-tch-cattedra"].google_project_service.apis["serviceusage.googleapis.com"][0m will be created
[0m  [32m+[0m[0m resource "google_project_service" "apis" {
      [32m+[0m[0m disable_dependent_services = true
      [32m+[0m[0m disable_on_destroy         = true
      [32m+[0m[0m id                         = (known after apply)
      [32m+[0m[0m project                    = "oct25-tch-cattedra-t0y5"
      [32m+[0m[0m service                    = "serviceusage.googleapis.com"
    }

[1mPlan:[0m 41 to add, 1 to change, 0 to destroy.
[0m
Changes to Outputs:
  [32m+[0m[0m projects  = {
      [32m+[0m[0m oct25-std-foobar01-good = {
          [32m+[0m[0m apps           = [
              [32m+[0m[0m {
                  [32m+[0m[0m env  = {
                      [32m+[0m[0m AUTO_FAIL = "false"
                    }
                  [32m+[0m[0m name = "foobar"
                },
              [32m+[0m[0m {
                  [32m+[0m[0m env  = {
                      [32m+[0m[0m AUTO_FAIL = "false"
                    }
                  [32m+[0m[0m name = "online-boutique"
                },
            ]
          [32m+[0m[0m project_id     = "oct25-std-foobar01-good-x048"
          [32m+[0m[0m project_number = (known after apply)
        }
      [32m+[0m[0m oct25-std-foobar03-fail = {
          [32m+[0m[0m apps           = []
          [32m+[0m[0m project_id     = "oct25-std-foobar03-fail-u666"
          [32m+[0m[0m project_number = (known after apply)
        }
      [32m+[0m[0m oct25-tch-cattedra      = {
          [32m+[0m[0m apps           = [
              [32m+[0m[0m {
                  [32m+[0m[0m env  = {}
                  [32m+[0m[0m name = "bank-of-anthos"
                },
              [32m+[0m[0m {
                  [32m+[0m[0m env  = {}
                  [32m+[0m[0m name = "sandmold-web"
                },
            ]
          [32m+[0m[0m project_id     = "oct25-tch-cattedra-t0y5"
          [32m+[0m[0m project_number = (known after apply)
        }
    }
[0m[1mgoogle_folder.classroom: Modifying... [id=folders/388362520240][0m[0m
[0m[1mgoogle_folder.classroom: Modifications complete after 2s [id=folders/388362520240][0m
[0m[1mmodule.project["oct25-std-foobar01-good"].google_project.new[0]: Creating...[0m[0m
[0m[1mmodule.project["oct25-tch-cattedra"].google_project.new[0]: Creating...[0m[0m
[0m[1mmodule.project["oct25-std-foobar03-fail"].google_project.new[0]: Creating...[0m[0m
[31m╷[0m[0m
[31m│[0m [0m[1m[31mError: [0m[0m[1merror creating project oct25-std-foobar01-good-x048 (oct25-std-foobar01-good-x048): googleapi: Error 409: Requested entity already exists
[31m│[0m [0mDetails:
[31m│[0m [0m[
[31m│[0m [0m  {
[31m│[0m [0m    "@type": "type.googleapis.com/google.rpc.DebugInfo",
[31m│[0m [0m    "detail": "[ORIGINAL ERROR] generic::already_exists: com.google.apps.framework.request.StatusException: \u003ceye3 title='ALREADY_EXISTS'/\u003e generic::ALREADY_EXISTS: Project id: oct25-std-foobar01-good-x048 already exists!"
[31m│[0m [0m  }
[31m│[0m [0m]
[31m│[0m [0m, alreadyExists. If you received a 403 error, make sure you have the `roles/resourcemanager.projectCreator` permission[0m
[31m│[0m [0m
[31m│[0m [0m[0m  with module.project["oct25-std-foobar01-good"].google_project.new[0],
[31m│[0m [0m  on ../../modules/project/main.tf line 48, in resource "google_project" "new":
[31m│[0m [0m  48: resource "google_project" "new" [4m{[0m[0m
[31m│[0m [0m
[31m╵[0m[0m
[31m╷[0m[0m
[31m│[0m [0m[1m[31mError: [0m[0m[1merror creating project oct25-tch-cattedra-t0y5 (oct25-tch-cattedra-t0y5): googleapi: Error 409: Requested entity already exists
[31m│[0m [0mDetails:
[31m│[0m [0m[
[31m│[0m [0m  {
[31m│[0m [0m    "@type": "type.googleapis.com/google.rpc.DebugInfo",
[31m│[0m [0m    "detail": "[ORIGINAL ERROR] generic::already_exists: com.google.apps.framework.request.StatusException: \u003ceye3 title='ALREADY_EXISTS'/\u003e generic::ALREADY_EXISTS: Project id: oct25-tch-cattedra-t0y5 already exists!"
[31m│[0m [0m  }
[31m│[0m [0m]
[31m│[0m [0m, alreadyExists. If you received a 403 error, make sure you have the `roles/resourcemanager.projectCreator` permission[0m
[31m│[0m [0m
[31m│[0m [0m[0m  with module.project["oct25-tch-cattedra"].google_project.new[0],
[31m│[0m [0m  on ../../modules/project/main.tf line 48, in resource "google_project" "new":
[31m│[0m [0m  48: resource "google_project" "new" [4m{[0m[0m
[31m│[0m [0m
[31m╵[0m[0m
[31m╷[0m[0m
[31m│[0m [0m[1m[31mError: [0m[0m[1merror creating project oct25-std-foobar03-fail-u666 (oct25-std-foobar03-fail-u666): googleapi: Error 409: Requested entity already exists
[31m│[0m [0mDetails:
[31m│[0m [0m[
[31m│[0m [0m  {
[31m│[0m [0m    "@type": "type.googleapis.com/google.rpc.DebugInfo",
[31m│[0m [0m    "detail": "[ORIGINAL ERROR] generic::already_exists: com.google.apps.framework.request.StatusException: \u003ceye3 title='ALREADY_EXISTS'/\u003e generic::ALREADY_EXISTS: Project id: oct25-std-foobar03-fail-u666 already exists!"
[31m│[0m [0m  }
[31m│[0m [0m]
[31m│[0m [0m, alreadyExists. If you received a 403 error, make sure you have the `roles/resourcemanager.projectCreator` permission[0m
[31m│[0m [0m
[31m│[0m [0m[0m  with module.project["oct25-std-foobar03-fail"].google_project.new[0],
[31m│[0m [0m  on ../../modules/project/main.tf line 48, in resource "google_project" "new":
[31m│[0m [0m  48: resource "google_project" "new" [4m{[0m[0m
[31m│[0m [0m
[31m╵[0m[0m
