{
  "version": 4,
  "terraform_version": "1.10.5",
  "serial": 541,
  "lineage": "028a25f8-9b3b-17a3-c13f-5744e8e9c948",
  "outputs": {
    "folder_id": {
      "value": "64504091340",
      "type": "string"
    },
    "projects": {
      "value": {
        "boa01": {
          "project_id": "boa01-33nh",
          "project_number": "551792000820"
        },
        "boa02": {
          "project_id": "boa02-29qa",
          "project_number": "238107063177"
        },
        "boa03": {
          "project_id": "boa03-1lfg",
          "project_number": "514677065289"
        },
        "teacherz": {
          "project_id": "teacherz-u5m9",
          "project_number": "329170244907"
        }
      },
      "type": [
        "object",
        {
          "boa01": [
            "object",
            {
              "project_id": "string",
              "project_number": "string"
            }
          ],
          "boa02": [
            "object",
            {
              "project_id": "string",
              "project_number": "string"
            }
          ],
          "boa03": [
            "object",
            {
              "project_id": "string",
              "project_number": "string"
            }
          ],
          "teacherz": [
            "object",
            {
              "project_id": "string",
              "project_number": "string"
            }
          ]
        }
      ]
    }
  },
  "resources": [
    {
      "mode": "managed",
      "type": "google_folder",
      "name": "classroom",
      "provider": "provider[\"registry.terraform.io/hashicorp/google\"]",
      "instances": [
        {
          "schema_version": 0,
          "attributes": {
            "create_time": "2025-07-14T11:27:38.457Z",
            "deletion_protection": false,
            "display_name": "class_2teachers_6students",
            "folder_id": "64504091340",
            "id": "folders/64504091340",
            "lifecycle_state": "ACTIVE",
            "name": "folders/64504091340",
            "parent": "folders/1000371719973",
            "tags": null,
            "timeouts": null
          },
          "sensitive_attributes": [],
          "private": "eyJlMmJmYjczMC1lY2FhLTExZTYtOGY4OC0zNDM2M2JjN2M0YzAiOnsiY3JlYXRlIjoyNDAwMDAwMDAwMDAsImRlbGV0ZSI6MjQwMDAwMDAwMDAwLCJyZWFkIjoyNDAwMDAwMDAwMDAsInVwZGF0ZSI6MjQwMDAwMDAwMDAwfX0="
        }
      ]
    },
    {
      "module": "module.project[\"boa01\"]",
      "mode": "managed",
      "type": "google_project",
      "name": "new",
      "provider": "provider[\"registry.terraform.io/hashicorp/google\"]",
      "instances": [
        {
          "index_key": 0,
          "schema_version": 1,
          "attributes": {
            "auto_create_network": true,
            "billing_account": "01C588-4823BC-27F650",
            "deletion_policy": "DELETE",
            "effective_labels": {
              "goog-terraform-provisioned": "true"
            },
            "folder_id": "64504091340",
            "id": "projects/boa01-33nh",
            "labels": {},
            "name": "boa01-33nh",
            "number": "551792000820",
            "org_id": "",
            "project_id": "boa01-33nh",
            "tags": null,
            "terraform_labels": {
              "goog-terraform-provisioned": "true"
            },
            "timeouts": null
          },
          "sensitive_attributes": [
            [
              {
                "type": "get_attr",
                "value": "billing_account"
              }
            ]
          ],
          "private": "eyJlMmJmYjczMC1lY2FhLTExZTYtOGY4OC0zNDM2M2JjN2M0YzAiOnsiY3JlYXRlIjo2MDAwMDAwMDAwMDAsImRlbGV0ZSI6NjAwMDAwMDAwMDAwLCJyZWFkIjo2MDAwMDAwMDAwMDAsInVwZGF0ZSI6NjAwMDAwMDAwMDAwfSwic2NoZW1hX3ZlcnNpb24iOiIxIn0=",
          "dependencies": [
            "google_folder.classroom",
            "module.project.random_string.suffix"
          ]
        }
      ]
    },
    {
      "module": "module.project[\"boa01\"]",
      "mode": "managed",
      "type": "google_project_iam_member",
      "name": "permissions",
      "provider": "provider[\"registry.terraform.io/hashicorp/google\"]",
      "instances": [
        {
          "index_key": "roles/aiplatform.user/user:student01@gmail.com",
          "schema_version": 0,
          "attributes": {
            "condition": [],
            "etag": "BwY55aF5/iA=",
            "id": "boa01-33nh/roles/aiplatform.user/user:student01@gmail.com",
            "member": "user:student01@gmail.com",
            "project": "boa01-33nh",
            "role": "roles/aiplatform.user"
          },
          "sensitive_attributes": [],
          "private": "bnVsbA==",
          "dependencies": [
            "google_folder.classroom",
            "module.project.data.google_project.existing",
            "module.project.google_project.new",
            "module.project.google_project_service.apis",
            "module.project.random_string.suffix"
          ]
        },
        {
          "index_key": "roles/aiplatform.user/user:student02@gmail.com",
          "schema_version": 0,
          "attributes": {
            "condition": [],
            "etag": "BwY55aF5/iA=",
            "id": "boa01-33nh/roles/aiplatform.user/user:student02@gmail.com",
            "member": "user:student02@gmail.com",
            "project": "boa01-33nh",
            "role": "roles/aiplatform.user"
          },
          "sensitive_attributes": [],
          "private": "bnVsbA==",
          "dependencies": [
            "google_folder.classroom",
            "module.project.data.google_project.existing",
            "module.project.google_project.new",
            "module.project.google_project_service.apis",
            "module.project.random_string.suffix"
          ]
        },
        {
          "index_key": "roles/artifactregistry.writer/user:student01@gmail.com",
          "schema_version": 0,
          "attributes": {
            "condition": [],
            "etag": "BwY55aF5/iA=",
            "id": "boa01-33nh/roles/artifactregistry.writer/user:student01@gmail.com",
            "member": "user:student01@gmail.com",
            "project": "boa01-33nh",
            "role": "roles/artifactregistry.writer"
          },
          "sensitive_attributes": [],
          "private": "bnVsbA==",
          "dependencies": [
            "google_folder.classroom",
            "module.project.data.google_project.existing",
            "module.project.google_project.new",
            "module.project.google_project_service.apis",
            "module.project.random_string.suffix"
          ]
        },
        {
          "index_key": "roles/artifactregistry.writer/user:student02@gmail.com",
          "schema_version": 0,
          "attributes": {
            "condition": [],
            "etag": "BwY55aF5/iA=",
            "id": "boa01-33nh/roles/artifactregistry.writer/user:student02@gmail.com",
            "member": "user:student02@gmail.com",
            "project": "boa01-33nh",
            "role": "roles/artifactregistry.writer"
          },
          "sensitive_attributes": [],
          "private": "bnVsbA==",
          "dependencies": [
            "google_folder.classroom",
            "module.project.data.google_project.existing",
            "module.project.google_project.new",
            "module.project.google_project_service.apis",
            "module.project.random_string.suffix"
          ]
        },
        {
          "index_key": "roles/editor/user:student01@gmail.com",
          "schema_version": 0,
          "attributes": {
            "condition": [],
            "etag": "BwY55aF5/iA=",
            "id": "boa01-33nh/roles/editor/user:student01@gmail.com",
            "member": "user:student01@gmail.com",
            "project": "boa01-33nh",
            "role": "roles/editor"
          },
          "sensitive_attributes": [],
          "private": "bnVsbA==",
          "dependencies": [
            "google_folder.classroom",
            "module.project.data.google_project.existing",
            "module.project.google_project.new",
            "module.project.google_project_service.apis",
            "module.project.random_string.suffix"
          ]
        },
        {
          "index_key": "roles/editor/user:student02@gmail.com",
          "schema_version": 0,
          "attributes": {
            "condition": [],
            "etag": "BwY55aF5/iA=",
            "id": "boa01-33nh/roles/editor/user:student02@gmail.com",
            "member": "user:student02@gmail.com",
            "project": "boa01-33nh",
            "role": "roles/editor"
          },
          "sensitive_attributes": [],
          "private": "bnVsbA==",
          "dependencies": [
            "google_folder.classroom",
            "module.project.data.google_project.existing",
            "module.project.google_project.new",
            "module.project.google_project_service.apis",
            "module.project.random_string.suffix"
          ]
        },
        {
          "index_key": "roles/iam.serviceAccountUser/user:student01@gmail.com",
          "schema_version": 0,
          "attributes": {
            "condition": [],
            "etag": "BwY55aF5/iA=",
            "id": "boa01-33nh/roles/iam.serviceAccountUser/user:student01@gmail.com",
            "member": "user:student01@gmail.com",
            "project": "boa01-33nh",
            "role": "roles/iam.serviceAccountUser"
          },
          "sensitive_attributes": [],
          "private": "bnVsbA==",
          "dependencies": [
            "google_folder.classroom",
            "module.project.data.google_project.existing",
            "module.project.google_project.new",
            "module.project.google_project_service.apis",
            "module.project.random_string.suffix"
          ]
        },
        {
          "index_key": "roles/iam.serviceAccountUser/user:student02@gmail.com",
          "schema_version": 0,
          "attributes": {
            "condition": [],
            "etag": "BwY55aF5/iA=",
            "id": "boa01-33nh/roles/iam.serviceAccountUser/user:student02@gmail.com",
            "member": "user:student02@gmail.com",
            "project": "boa01-33nh",
            "role": "roles/iam.serviceAccountUser"
          },
          "sensitive_attributes": [],
          "private": "bnVsbA==",
          "dependencies": [
            "google_folder.classroom",
            "module.project.data.google_project.existing",
            "module.project.google_project.new",
            "module.project.google_project_service.apis",
            "module.project.random_string.suffix"
          ]
        },
        {
          "index_key": "roles/run.admin/user:student01@gmail.com",
          "schema_version": 0,
          "attributes": {
            "condition": [],
            "etag": "BwY55aF5/iA=",
            "id": "boa01-33nh/roles/run.admin/user:student01@gmail.com",
            "member": "user:student01@gmail.com",
            "project": "boa01-33nh",
            "role": "roles/run.admin"
          },
          "sensitive_attributes": [],
          "private": "bnVsbA==",
          "dependencies": [
            "google_folder.classroom",
            "module.project.data.google_project.existing",
            "module.project.google_project.new",
            "module.project.google_project_service.apis",
            "module.project.random_string.suffix"
          ]
        },
        {
          "index_key": "roles/run.admin/user:student02@gmail.com",
          "schema_version": 0,
          "attributes": {
            "condition": [],
            "etag": "BwY55aF5/iA=",
            "id": "boa01-33nh/roles/run.admin/user:student02@gmail.com",
            "member": "user:student02@gmail.com",
            "project": "boa01-33nh",
            "role": "roles/run.admin"
          },
          "sensitive_attributes": [],
          "private": "bnVsbA==",
          "dependencies": [
            "google_folder.classroom",
            "module.project.data.google_project.existing",
            "module.project.google_project.new",
            "module.project.google_project_service.apis",
            "module.project.random_string.suffix"
          ]
        },
        {
          "index_key": "roles/storage.admin/user:student01@gmail.com",
          "schema_version": 0,
          "attributes": {
            "condition": [],
            "etag": "BwY55aF5/iA=",
            "id": "boa01-33nh/roles/storage.admin/user:student01@gmail.com",
            "member": "user:student01@gmail.com",
            "project": "boa01-33nh",
            "role": "roles/storage.admin"
          },
          "sensitive_attributes": [],
          "private": "bnVsbA==",
          "dependencies": [
            "google_folder.classroom",
            "module.project.data.google_project.existing",
            "module.project.google_project.new",
            "module.project.google_project_service.apis",
            "module.project.random_string.suffix"
          ]
        },
        {
          "index_key": "roles/storage.admin/user:student02@gmail.com",
          "schema_version": 0,
          "attributes": {
            "condition": [],
            "etag": "BwY55aF5/iA=",
            "id": "boa01-33nh/roles/storage.admin/user:student02@gmail.com",
            "member": "user:student02@gmail.com",
            "project": "boa01-33nh",
            "role": "roles/storage.admin"
          },
          "sensitive_attributes": [],
          "private": "bnVsbA==",
          "dependencies": [
            "google_folder.classroom",
            "module.project.data.google_project.existing",
            "module.project.google_project.new",
            "module.project.google_project_service.apis",
            "module.project.random_string.suffix"
          ]
        }
      ]
    },
    {
      "module": "module.project[\"boa01\"]",
      "mode": "managed",
      "type": "google_project_service",
      "name": "apis",
      "provider": "provider[\"registry.terraform.io/hashicorp/google\"]",
      "instances": [
        {
          "index_key": "aiplatform.googleapis.com",
          "schema_version": 0,
          "attributes": {
            "disable_dependent_services": true,
            "disable_on_destroy": true,
            "id": "boa01-33nh/aiplatform.googleapis.com",
            "project": "boa01-33nh",
            "service": "aiplatform.googleapis.com",
            "timeouts": null
          },
          "sensitive_attributes": [],
          "private": "eyJlMmJmYjczMC1lY2FhLTExZTYtOGY4OC0zNDM2M2JjN2M0YzAiOnsiY3JlYXRlIjoxMjAwMDAwMDAwMDAwLCJkZWxldGUiOjEyMDAwMDAwMDAwMDAsInJlYWQiOjYwMDAwMDAwMDAwMCwidXBkYXRlIjoxMjAwMDAwMDAwMDAwfX0=",
          "dependencies": [
            "google_folder.classroom",
            "module.project.data.google_project.existing",
            "module.project.google_project.new",
            "module.project.random_string.suffix"
          ]
        },
        {
          "index_key": "apphub.googleapis.com",
          "schema_version": 0,
          "attributes": {
            "disable_dependent_services": true,
            "disable_on_destroy": true,
            "id": "boa01-33nh/apphub.googleapis.com",
            "project": "boa01-33nh",
            "service": "apphub.googleapis.com",
            "timeouts": null
          },
          "sensitive_attributes": [],
          "private": "eyJlMmJmYjczMC1lY2FhLTExZTYtOGY4OC0zNDM2M2JjN2M0YzAiOnsiY3JlYXRlIjoxMjAwMDAwMDAwMDAwLCJkZWxldGUiOjEyMDAwMDAwMDAwMDAsInJlYWQiOjYwMDAwMDAwMDAwMCwidXBkYXRlIjoxMjAwMDAwMDAwMDAwfX0=",
          "dependencies": [
            "google_folder.classroom",
            "module.project.data.google_project.existing",
            "module.project.google_project.new",
            "module.project.random_string.suffix"
          ]
        },
        {
          "index_key": "artifactregistry.googleapis.com",
          "schema_version": 0,
          "attributes": {
            "disable_dependent_services": true,
            "disable_on_destroy": true,
            "id": "boa01-33nh/artifactregistry.googleapis.com",
            "project": "boa01-33nh",
            "service": "artifactregistry.googleapis.com",
            "timeouts": null
          },
          "sensitive_attributes": [],
          "private": "eyJlMmJmYjczMC1lY2FhLTExZTYtOGY4OC0zNDM2M2JjN2M0YzAiOnsiY3JlYXRlIjoxMjAwMDAwMDAwMDAwLCJkZWxldGUiOjEyMDAwMDAwMDAwMDAsInJlYWQiOjYwMDAwMDAwMDAwMCwidXBkYXRlIjoxMjAwMDAwMDAwMDAwfX0=",
          "dependencies": [
            "google_folder.classroom",
            "module.project.data.google_project.existing",
            "module.project.google_project.new",
            "module.project.random_string.suffix"
          ]
        },
        {
          "index_key": "cloudbuild.googleapis.com",
          "schema_version": 0,
          "attributes": {
            "disable_dependent_services": true,
            "disable_on_destroy": true,
            "id": "boa01-33nh/cloudbuild.googleapis.com",
            "project": "boa01-33nh",
            "service": "cloudbuild.googleapis.com",
            "timeouts": null
          },
          "sensitive_attributes": [],
          "private": "eyJlMmJmYjczMC1lY2FhLTExZTYtOGY4OC0zNDM2M2JjN2M0YzAiOnsiY3JlYXRlIjoxMjAwMDAwMDAwMDAwLCJkZWxldGUiOjEyMDAwMDAwMDAwMDAsInJlYWQiOjYwMDAwMDAwMDAwMCwidXBkYXRlIjoxMjAwMDAwMDAwMDAwfX0=",
          "dependencies": [
            "google_folder.classroom",
            "module.project.data.google_project.existing",
            "module.project.google_project.new",
            "module.project.random_string.suffix"
          ]
        },
        {
          "index_key": "cloudresourcemanager.googleapis.com",
          "schema_version": 0,
          "attributes": {
            "disable_dependent_services": true,
            "disable_on_destroy": true,
            "id": "boa01-33nh/cloudresourcemanager.googleapis.com",
            "project": "boa01-33nh",
            "service": "cloudresourcemanager.googleapis.com",
            "timeouts": null
          },
          "sensitive_attributes": [],
          "private": "eyJlMmJmYjczMC1lY2FhLTExZTYtOGY4OC0zNDM2M2JjN2M0YzAiOnsiY3JlYXRlIjoxMjAwMDAwMDAwMDAwLCJkZWxldGUiOjEyMDAwMDAwMDAwMDAsInJlYWQiOjYwMDAwMDAwMDAwMCwidXBkYXRlIjoxMjAwMDAwMDAwMDAwfX0=",
          "dependencies": [
            "google_folder.classroom",
            "module.project.data.google_project.existing",
            "module.project.google_project.new",
            "module.project.random_string.suffix"
          ]
        },
        {
          "index_key": "compute.googleapis.com",
          "schema_version": 0,
          "attributes": {
            "disable_dependent_services": true,
            "disable_on_destroy": true,
            "id": "boa01-33nh/compute.googleapis.com",
            "project": "boa01-33nh",
            "service": "compute.googleapis.com",
            "timeouts": null
          },
          "sensitive_attributes": [],
          "private": "eyJlMmJmYjczMC1lY2FhLTExZTYtOGY4OC0zNDM2M2JjN2M0YzAiOnsiY3JlYXRlIjoxMjAwMDAwMDAwMDAwLCJkZWxldGUiOjEyMDAwMDAwMDAwMDAsInJlYWQiOjYwMDAwMDAwMDAwMCwidXBkYXRlIjoxMjAwMDAwMDAwMDAwfX0=",
          "dependencies": [
            "google_folder.classroom",
            "module.project.data.google_project.existing",
            "module.project.google_project.new",
            "module.project.random_string.suffix"
          ]
        },
        {
          "index_key": "iam.googleapis.com",
          "schema_version": 0,
          "attributes": {
            "disable_dependent_services": true,
            "disable_on_destroy": true,
            "id": "boa01-33nh/iam.googleapis.com",
            "project": "boa01-33nh",
            "service": "iam.googleapis.com",
            "timeouts": null
          },
          "sensitive_attributes": [],
          "private": "eyJlMmJmYjczMC1lY2FhLTExZTYtOGY4OC0zNDM2M2JjN2M0YzAiOnsiY3JlYXRlIjoxMjAwMDAwMDAwMDAwLCJkZWxldGUiOjEyMDAwMDAwMDAwMDAsInJlYWQiOjYwMDAwMDAwMDAwMCwidXBkYXRlIjoxMjAwMDAwMDAwMDAwfX0=",
          "dependencies": [
            "google_folder.classroom",
            "module.project.data.google_project.existing",
            "module.project.google_project.new",
            "module.project.random_string.suffix"
          ]
        },
        {
          "index_key": "logging.googleapis.com",
          "schema_version": 0,
          "attributes": {
            "disable_dependent_services": true,
            "disable_on_destroy": true,
            "id": "boa01-33nh/logging.googleapis.com",
            "project": "boa01-33nh",
            "service": "logging.googleapis.com",
            "timeouts": null
          },
          "sensitive_attributes": [],
          "private": "eyJlMmJmYjczMC1lY2FhLTExZTYtOGY4OC0zNDM2M2JjN2M0YzAiOnsiY3JlYXRlIjoxMjAwMDAwMDAwMDAwLCJkZWxldGUiOjEyMDAwMDAwMDAwMDAsInJlYWQiOjYwMDAwMDAwMDAwMCwidXBkYXRlIjoxMjAwMDAwMDAwMDAwfX0=",
          "dependencies": [
            "google_folder.classroom",
            "module.project.data.google_project.existing",
            "module.project.google_project.new",
            "module.project.random_string.suffix"
          ]
        },
        {
          "index_key": "monitoring.googleapis.com",
          "schema_version": 0,
          "attributes": {
            "disable_dependent_services": true,
            "disable_on_destroy": true,
            "id": "boa01-33nh/monitoring.googleapis.com",
            "project": "boa01-33nh",
            "service": "monitoring.googleapis.com",
            "timeouts": null
          },
          "sensitive_attributes": [],
          "private": "eyJlMmJmYjczMC1lY2FhLTExZTYtOGY4OC0zNDM2M2JjN2M0YzAiOnsiY3JlYXRlIjoxMjAwMDAwMDAwMDAwLCJkZWxldGUiOjEyMDAwMDAwMDAwMDAsInJlYWQiOjYwMDAwMDAwMDAwMCwidXBkYXRlIjoxMjAwMDAwMDAwMDAwfX0=",
          "dependencies": [
            "google_folder.classroom",
            "module.project.data.google_project.existing",
            "module.project.google_project.new",
            "module.project.random_string.suffix"
          ]
        },
        {
          "index_key": "run.googleapis.com",
          "schema_version": 0,
          "attributes": {
            "disable_dependent_services": true,
            "disable_on_destroy": true,
            "id": "boa01-33nh/run.googleapis.com",
            "project": "boa01-33nh",
            "service": "run.googleapis.com",
            "timeouts": null
          },
          "sensitive_attributes": [],
          "private": "eyJlMmJmYjczMC1lY2FhLTExZTYtOGY4OC0zNDM2M2JjN2M0YzAiOnsiY3JlYXRlIjoxMjAwMDAwMDAwMDAwLCJkZWxldGUiOjEyMDAwMDAwMDAwMDAsInJlYWQiOjYwMDAwMDAwMDAwMCwidXBkYXRlIjoxMjAwMDAwMDAwMDAwfX0=",
          "dependencies": [
            "google_folder.classroom",
            "module.project.data.google_project.existing",
            "module.project.google_project.new",
            "module.project.random_string.suffix"
          ]
        },
        {
          "index_key": "serviceusage.googleapis.com",
          "schema_version": 0,
          "attributes": {
            "disable_dependent_services": true,
            "disable_on_destroy": true,
            "id": "boa01-33nh/serviceusage.googleapis.com",
            "project": "boa01-33nh",
            "service": "serviceusage.googleapis.com",
            "timeouts": null
          },
          "sensitive_attributes": [],
          "private": "eyJlMmJmYjczMC1lY2FhLTExZTYtOGY4OC0zNDM2M2JjN2M0YzAiOnsiY3JlYXRlIjoxMjAwMDAwMDAwMDAwLCJkZWxldGUiOjEyMDAwMDAwMDAwMDAsInJlYWQiOjYwMDAwMDAwMDAwMCwidXBkYXRlIjoxMjAwMDAwMDAwMDAwfX0=",
          "dependencies": [
            "google_folder.classroom",
            "module.project.data.google_project.existing",
            "module.project.google_project.new",
            "module.project.random_string.suffix"
          ]
        }
      ]
    },
    {
      "module": "module.project[\"boa01\"]",
      "mode": "managed",
      "type": "random_string",
      "name": "suffix",
      "provider": "provider[\"registry.terraform.io/hashicorp/random\"]",
      "instances": [
        {
          "schema_version": 2,
          "attributes": {
            "id": "33nh",
            "keepers": null,
            "length": 4,
            "lower": true,
            "min_lower": 0,
            "min_numeric": 0,
            "min_special": 0,
            "min_upper": 0,
            "number": true,
            "numeric": true,
            "override_special": null,
            "result": "33nh",
            "special": false,
            "upper": false
          },
          "sensitive_attributes": [],
          "dependencies": [
            "google_folder.classroom"
          ]
        }
      ]
    },
    {
      "module": "module.project[\"boa02\"]",
      "mode": "managed",
      "type": "google_project",
      "name": "new",
      "provider": "provider[\"registry.terraform.io/hashicorp/google\"]",
      "instances": [
        {
          "index_key": 0,
          "schema_version": 1,
          "attributes": {
            "auto_create_network": true,
            "billing_account": "01C588-4823BC-27F650",
            "deletion_policy": "DELETE",
            "effective_labels": {
              "goog-terraform-provisioned": "true"
            },
            "folder_id": "64504091340",
            "id": "projects/boa02-29qa",
            "labels": {},
            "name": "boa02-29qa",
            "number": "238107063177",
            "org_id": "",
            "project_id": "boa02-29qa",
            "tags": null,
            "terraform_labels": {
              "goog-terraform-provisioned": "true"
            },
            "timeouts": null
          },
          "sensitive_attributes": [
            [
              {
                "type": "get_attr",
                "value": "billing_account"
              }
            ]
          ],
          "private": "eyJlMmJmYjczMC1lY2FhLTExZTYtOGY4OC0zNDM2M2JjN2M0YzAiOnsiY3JlYXRlIjo2MDAwMDAwMDAwMDAsImRlbGV0ZSI6NjAwMDAwMDAwMDAwLCJyZWFkIjo2MDAwMDAwMDAwMDAsInVwZGF0ZSI6NjAwMDAwMDAwMDAwfSwic2NoZW1hX3ZlcnNpb24iOiIxIn0=",
          "dependencies": [
            "google_folder.classroom",
            "module.project.random_string.suffix"
          ]
        }
      ]
    },
    {
      "module": "module.project[\"boa02\"]",
      "mode": "managed",
      "type": "google_project_iam_member",
      "name": "permissions",
      "provider": "provider[\"registry.terraform.io/hashicorp/google\"]",
      "instances": [
        {
          "index_key": "roles/aiplatform.user/user:student03@gmail.com",
          "schema_version": 0,
          "attributes": {
            "condition": [],
            "etag": "BwY55aF8cOg=",
            "id": "boa02-29qa/roles/aiplatform.user/user:student03@gmail.com",
            "member": "user:student03@gmail.com",
            "project": "boa02-29qa",
            "role": "roles/aiplatform.user"
          },
          "sensitive_attributes": [],
          "private": "bnVsbA==",
          "dependencies": [
            "google_folder.classroom",
            "module.project.data.google_project.existing",
            "module.project.google_project.new",
            "module.project.google_project_service.apis",
            "module.project.random_string.suffix"
          ]
        },
        {
          "index_key": "roles/aiplatform.user/user:student04@gmail.com",
          "schema_version": 0,
          "attributes": {
            "condition": [],
            "etag": "BwY55aF8cOg=",
            "id": "boa02-29qa/roles/aiplatform.user/user:student04@gmail.com",
            "member": "user:student04@gmail.com",
            "project": "boa02-29qa",
            "role": "roles/aiplatform.user"
          },
          "sensitive_attributes": [],
          "private": "bnVsbA==",
          "dependencies": [
            "google_folder.classroom",
            "module.project.data.google_project.existing",
            "module.project.google_project.new",
            "module.project.google_project_service.apis",
            "module.project.random_string.suffix"
          ]
        },
        {
          "index_key": "roles/artifactregistry.writer/user:student03@gmail.com",
          "schema_version": 0,
          "attributes": {
            "condition": [],
            "etag": "BwY55aF8cOg=",
            "id": "boa02-29qa/roles/artifactregistry.writer/user:student03@gmail.com",
            "member": "user:student03@gmail.com",
            "project": "boa02-29qa",
            "role": "roles/artifactregistry.writer"
          },
          "sensitive_attributes": [],
          "private": "bnVsbA==",
          "dependencies": [
            "google_folder.classroom",
            "module.project.data.google_project.existing",
            "module.project.google_project.new",
            "module.project.google_project_service.apis",
            "module.project.random_string.suffix"
          ]
        },
        {
          "index_key": "roles/artifactregistry.writer/user:student04@gmail.com",
          "schema_version": 0,
          "attributes": {
            "condition": [],
            "etag": "BwY55aF8cOg=",
            "id": "boa02-29qa/roles/artifactregistry.writer/user:student04@gmail.com",
            "member": "user:student04@gmail.com",
            "project": "boa02-29qa",
            "role": "roles/artifactregistry.writer"
          },
          "sensitive_attributes": [],
          "private": "bnVsbA==",
          "dependencies": [
            "google_folder.classroom",
            "module.project.data.google_project.existing",
            "module.project.google_project.new",
            "module.project.google_project_service.apis",
            "module.project.random_string.suffix"
          ]
        },
        {
          "index_key": "roles/editor/user:student03@gmail.com",
          "schema_version": 0,
          "attributes": {
            "condition": [],
            "etag": "BwY55aF8cOg=",
            "id": "boa02-29qa/roles/editor/user:student03@gmail.com",
            "member": "user:student03@gmail.com",
            "project": "boa02-29qa",
            "role": "roles/editor"
          },
          "sensitive_attributes": [],
          "private": "bnVsbA==",
          "dependencies": [
            "google_folder.classroom",
            "module.project.data.google_project.existing",
            "module.project.google_project.new",
            "module.project.google_project_service.apis",
            "module.project.random_string.suffix"
          ]
        },
        {
          "index_key": "roles/editor/user:student04@gmail.com",
          "schema_version": 0,
          "attributes": {
            "condition": [],
            "etag": "BwY55aF8cOg=",
            "id": "boa02-29qa/roles/editor/user:student04@gmail.com",
            "member": "user:student04@gmail.com",
            "project": "boa02-29qa",
            "role": "roles/editor"
          },
          "sensitive_attributes": [],
          "private": "bnVsbA==",
          "dependencies": [
            "google_folder.classroom",
            "module.project.data.google_project.existing",
            "module.project.google_project.new",
            "module.project.google_project_service.apis",
            "module.project.random_string.suffix"
          ]
        },
        {
          "index_key": "roles/iam.serviceAccountUser/user:student03@gmail.com",
          "schema_version": 0,
          "attributes": {
            "condition": [],
            "etag": "BwY55aF8cOg=",
            "id": "boa02-29qa/roles/iam.serviceAccountUser/user:student03@gmail.com",
            "member": "user:student03@gmail.com",
            "project": "boa02-29qa",
            "role": "roles/iam.serviceAccountUser"
          },
          "sensitive_attributes": [],
          "private": "bnVsbA==",
          "dependencies": [
            "google_folder.classroom",
            "module.project.data.google_project.existing",
            "module.project.google_project.new",
            "module.project.google_project_service.apis",
            "module.project.random_string.suffix"
          ]
        },
        {
          "index_key": "roles/iam.serviceAccountUser/user:student04@gmail.com",
          "schema_version": 0,
          "attributes": {
            "condition": [],
            "etag": "BwY55aF8cOg=",
            "id": "boa02-29qa/roles/iam.serviceAccountUser/user:student04@gmail.com",
            "member": "user:student04@gmail.com",
            "project": "boa02-29qa",
            "role": "roles/iam.serviceAccountUser"
          },
          "sensitive_attributes": [],
          "private": "bnVsbA==",
          "dependencies": [
            "google_folder.classroom",
            "module.project.data.google_project.existing",
            "module.project.google_project.new",
            "module.project.google_project_service.apis",
            "module.project.random_string.suffix"
          ]
        },
        {
          "index_key": "roles/run.admin/user:student03@gmail.com",
          "schema_version": 0,
          "attributes": {
            "condition": [],
            "etag": "BwY55aF8cOg=",
            "id": "boa02-29qa/roles/run.admin/user:student03@gmail.com",
            "member": "user:student03@gmail.com",
            "project": "boa02-29qa",
            "role": "roles/run.admin"
          },
          "sensitive_attributes": [],
          "private": "bnVsbA==",
          "dependencies": [
            "google_folder.classroom",
            "module.project.data.google_project.existing",
            "module.project.google_project.new",
            "module.project.google_project_service.apis",
            "module.project.random_string.suffix"
          ]
        },
        {
          "index_key": "roles/run.admin/user:student04@gmail.com",
          "schema_version": 0,
          "attributes": {
            "condition": [],
            "etag": "BwY55aF8cOg=",
            "id": "boa02-29qa/roles/run.admin/user:student04@gmail.com",
            "member": "user:student04@gmail.com",
            "project": "boa02-29qa",
            "role": "roles/run.admin"
          },
          "sensitive_attributes": [],
          "private": "bnVsbA==",
          "dependencies": [
            "google_folder.classroom",
            "module.project.data.google_project.existing",
            "module.project.google_project.new",
            "module.project.google_project_service.apis",
            "module.project.random_string.suffix"
          ]
        },
        {
          "index_key": "roles/storage.admin/user:student03@gmail.com",
          "schema_version": 0,
          "attributes": {
            "condition": [],
            "etag": "BwY55aF8cOg=",
            "id": "boa02-29qa/roles/storage.admin/user:student03@gmail.com",
            "member": "user:student03@gmail.com",
            "project": "boa02-29qa",
            "role": "roles/storage.admin"
          },
          "sensitive_attributes": [],
          "private": "bnVsbA==",
          "dependencies": [
            "google_folder.classroom",
            "module.project.data.google_project.existing",
            "module.project.google_project.new",
            "module.project.google_project_service.apis",
            "module.project.random_string.suffix"
          ]
        },
        {
          "index_key": "roles/storage.admin/user:student04@gmail.com",
          "schema_version": 0,
          "attributes": {
            "condition": [],
            "etag": "BwY55aF8cOg=",
            "id": "boa02-29qa/roles/storage.admin/user:student04@gmail.com",
            "member": "user:student04@gmail.com",
            "project": "boa02-29qa",
            "role": "roles/storage.admin"
          },
          "sensitive_attributes": [],
          "private": "bnVsbA==",
          "dependencies": [
            "google_folder.classroom",
            "module.project.data.google_project.existing",
            "module.project.google_project.new",
            "module.project.google_project_service.apis",
            "module.project.random_string.suffix"
          ]
        }
      ]
    },
    {
      "module": "module.project[\"boa02\"]",
      "mode": "managed",
      "type": "google_project_service",
      "name": "apis",
      "provider": "provider[\"registry.terraform.io/hashicorp/google\"]",
      "instances": [
        {
          "index_key": "aiplatform.googleapis.com",
          "schema_version": 0,
          "attributes": {
            "disable_dependent_services": true,
            "disable_on_destroy": true,
            "id": "boa02-29qa/aiplatform.googleapis.com",
            "project": "boa02-29qa",
            "service": "aiplatform.googleapis.com",
            "timeouts": null
          },
          "sensitive_attributes": [],
          "private": "eyJlMmJmYjczMC1lY2FhLTExZTYtOGY4OC0zNDM2M2JjN2M0YzAiOnsiY3JlYXRlIjoxMjAwMDAwMDAwMDAwLCJkZWxldGUiOjEyMDAwMDAwMDAwMDAsInJlYWQiOjYwMDAwMDAwMDAwMCwidXBkYXRlIjoxMjAwMDAwMDAwMDAwfX0=",
          "dependencies": [
            "google_folder.classroom",
            "module.project.data.google_project.existing",
            "module.project.google_project.new",
            "module.project.random_string.suffix"
          ]
        },
        {
          "index_key": "apphub.googleapis.com",
          "schema_version": 0,
          "attributes": {
            "disable_dependent_services": true,
            "disable_on_destroy": true,
            "id": "boa02-29qa/apphub.googleapis.com",
            "project": "boa02-29qa",
            "service": "apphub.googleapis.com",
            "timeouts": null
          },
          "sensitive_attributes": [],
          "private": "eyJlMmJmYjczMC1lY2FhLTExZTYtOGY4OC0zNDM2M2JjN2M0YzAiOnsiY3JlYXRlIjoxMjAwMDAwMDAwMDAwLCJkZWxldGUiOjEyMDAwMDAwMDAwMDAsInJlYWQiOjYwMDAwMDAwMDAwMCwidXBkYXRlIjoxMjAwMDAwMDAwMDAwfX0=",
          "dependencies": [
            "google_folder.classroom",
            "module.project.data.google_project.existing",
            "module.project.google_project.new",
            "module.project.random_string.suffix"
          ]
        },
        {
          "index_key": "artifactregistry.googleapis.com",
          "schema_version": 0,
          "attributes": {
            "disable_dependent_services": true,
            "disable_on_destroy": true,
            "id": "boa02-29qa/artifactregistry.googleapis.com",
            "project": "boa02-29qa",
            "service": "artifactregistry.googleapis.com",
            "timeouts": null
          },
          "sensitive_attributes": [],
          "private": "eyJlMmJmYjczMC1lY2FhLTExZTYtOGY4OC0zNDM2M2JjN2M0YzAiOnsiY3JlYXRlIjoxMjAwMDAwMDAwMDAwLCJkZWxldGUiOjEyMDAwMDAwMDAwMDAsInJlYWQiOjYwMDAwMDAwMDAwMCwidXBkYXRlIjoxMjAwMDAwMDAwMDAwfX0=",
          "dependencies": [
            "google_folder.classroom",
            "module.project.data.google_project.existing",
            "module.project.google_project.new",
            "module.project.random_string.suffix"
          ]
        },
        {
          "index_key": "cloudbuild.googleapis.com",
          "schema_version": 0,
          "attributes": {
            "disable_dependent_services": true,
            "disable_on_destroy": true,
            "id": "boa02-29qa/cloudbuild.googleapis.com",
            "project": "boa02-29qa",
            "service": "cloudbuild.googleapis.com",
            "timeouts": null
          },
          "sensitive_attributes": [],
          "private": "eyJlMmJmYjczMC1lY2FhLTExZTYtOGY4OC0zNDM2M2JjN2M0YzAiOnsiY3JlYXRlIjoxMjAwMDAwMDAwMDAwLCJkZWxldGUiOjEyMDAwMDAwMDAwMDAsInJlYWQiOjYwMDAwMDAwMDAwMCwidXBkYXRlIjoxMjAwMDAwMDAwMDAwfX0=",
          "dependencies": [
            "google_folder.classroom",
            "module.project.data.google_project.existing",
            "module.project.google_project.new",
            "module.project.random_string.suffix"
          ]
        },
        {
          "index_key": "cloudresourcemanager.googleapis.com",
          "schema_version": 0,
          "attributes": {
            "disable_dependent_services": true,
            "disable_on_destroy": true,
            "id": "boa02-29qa/cloudresourcemanager.googleapis.com",
            "project": "boa02-29qa",
            "service": "cloudresourcemanager.googleapis.com",
            "timeouts": null
          },
          "sensitive_attributes": [],
          "private": "eyJlMmJmYjczMC1lY2FhLTExZTYtOGY4OC0zNDM2M2JjN2M0YzAiOnsiY3JlYXRlIjoxMjAwMDAwMDAwMDAwLCJkZWxldGUiOjEyMDAwMDAwMDAwMDAsInJlYWQiOjYwMDAwMDAwMDAwMCwidXBkYXRlIjoxMjAwMDAwMDAwMDAwfX0=",
          "dependencies": [
            "google_folder.classroom",
            "module.project.data.google_project.existing",
            "module.project.google_project.new",
            "module.project.random_string.suffix"
          ]
        },
        {
          "index_key": "compute.googleapis.com",
          "schema_version": 0,
          "attributes": {
            "disable_dependent_services": true,
            "disable_on_destroy": true,
            "id": "boa02-29qa/compute.googleapis.com",
            "project": "boa02-29qa",
            "service": "compute.googleapis.com",
            "timeouts": null
          },
          "sensitive_attributes": [],
          "private": "eyJlMmJmYjczMC1lY2FhLTExZTYtOGY4OC0zNDM2M2JjN2M0YzAiOnsiY3JlYXRlIjoxMjAwMDAwMDAwMDAwLCJkZWxldGUiOjEyMDAwMDAwMDAwMDAsInJlYWQiOjYwMDAwMDAwMDAwMCwidXBkYXRlIjoxMjAwMDAwMDAwMDAwfX0=",
          "dependencies": [
            "google_folder.classroom",
            "module.project.data.google_project.existing",
            "module.project.google_project.new",
            "module.project.random_string.suffix"
          ]
        },
        {
          "index_key": "iam.googleapis.com",
          "schema_version": 0,
          "attributes": {
            "disable_dependent_services": true,
            "disable_on_destroy": true,
            "id": "boa02-29qa/iam.googleapis.com",
            "project": "boa02-29qa",
            "service": "iam.googleapis.com",
            "timeouts": null
          },
          "sensitive_attributes": [],
          "private": "eyJlMmJmYjczMC1lY2FhLTExZTYtOGY4OC0zNDM2M2JjN2M0YzAiOnsiY3JlYXRlIjoxMjAwMDAwMDAwMDAwLCJkZWxldGUiOjEyMDAwMDAwMDAwMDAsInJlYWQiOjYwMDAwMDAwMDAwMCwidXBkYXRlIjoxMjAwMDAwMDAwMDAwfX0=",
          "dependencies": [
            "google_folder.classroom",
            "module.project.data.google_project.existing",
            "module.project.google_project.new",
            "module.project.random_string.suffix"
          ]
        },
        {
          "index_key": "logging.googleapis.com",
          "schema_version": 0,
          "attributes": {
            "disable_dependent_services": true,
            "disable_on_destroy": true,
            "id": "boa02-29qa/logging.googleapis.com",
            "project": "boa02-29qa",
            "service": "logging.googleapis.com",
            "timeouts": null
          },
          "sensitive_attributes": [],
          "private": "eyJlMmJmYjczMC1lY2FhLTExZTYtOGY4OC0zNDM2M2JjN2M0YzAiOnsiY3JlYXRlIjoxMjAwMDAwMDAwMDAwLCJkZWxldGUiOjEyMDAwMDAwMDAwMDAsInJlYWQiOjYwMDAwMDAwMDAwMCwidXBkYXRlIjoxMjAwMDAwMDAwMDAwfX0=",
          "dependencies": [
            "google_folder.classroom",
            "module.project.data.google_project.existing",
            "module.project.google_project.new",
            "module.project.random_string.suffix"
          ]
        },
        {
          "index_key": "monitoring.googleapis.com",
          "schema_version": 0,
          "attributes": {
            "disable_dependent_services": true,
            "disable_on_destroy": true,
            "id": "boa02-29qa/monitoring.googleapis.com",
            "project": "boa02-29qa",
            "service": "monitoring.googleapis.com",
            "timeouts": null
          },
          "sensitive_attributes": [],
          "private": "eyJlMmJmYjczMC1lY2FhLTExZTYtOGY4OC0zNDM2M2JjN2M0YzAiOnsiY3JlYXRlIjoxMjAwMDAwMDAwMDAwLCJkZWxldGUiOjEyMDAwMDAwMDAwMDAsInJlYWQiOjYwMDAwMDAwMDAwMCwidXBkYXRlIjoxMjAwMDAwMDAwMDAwfX0=",
          "dependencies": [
            "google_folder.classroom",
            "module.project.data.google_project.existing",
            "module.project.google_project.new",
            "module.project.random_string.suffix"
          ]
        },
        {
          "index_key": "run.googleapis.com",
          "schema_version": 0,
          "attributes": {
            "disable_dependent_services": true,
            "disable_on_destroy": true,
            "id": "boa02-29qa/run.googleapis.com",
            "project": "boa02-29qa",
            "service": "run.googleapis.com",
            "timeouts": null
          },
          "sensitive_attributes": [],
          "private": "eyJlMmJmYjczMC1lY2FhLTExZTYtOGY4OC0zNDM2M2JjN2M0YzAiOnsiY3JlYXRlIjoxMjAwMDAwMDAwMDAwLCJkZWxldGUiOjEyMDAwMDAwMDAwMDAsInJlYWQiOjYwMDAwMDAwMDAwMCwidXBkYXRlIjoxMjAwMDAwMDAwMDAwfX0=",
          "dependencies": [
            "google_folder.classroom",
            "module.project.data.google_project.existing",
            "module.project.google_project.new",
            "module.project.random_string.suffix"
          ]
        },
        {
          "index_key": "serviceusage.googleapis.com",
          "schema_version": 0,
          "attributes": {
            "disable_dependent_services": true,
            "disable_on_destroy": true,
            "id": "boa02-29qa/serviceusage.googleapis.com",
            "project": "boa02-29qa",
            "service": "serviceusage.googleapis.com",
            "timeouts": null
          },
          "sensitive_attributes": [],
          "private": "eyJlMmJmYjczMC1lY2FhLTExZTYtOGY4OC0zNDM2M2JjN2M0YzAiOnsiY3JlYXRlIjoxMjAwMDAwMDAwMDAwLCJkZWxldGUiOjEyMDAwMDAwMDAwMDAsInJlYWQiOjYwMDAwMDAwMDAwMCwidXBkYXRlIjoxMjAwMDAwMDAwMDAwfX0=",
          "dependencies": [
            "google_folder.classroom",
            "module.project.data.google_project.existing",
            "module.project.google_project.new",
            "module.project.random_string.suffix"
          ]
        }
      ]
    },
    {
      "module": "module.project[\"boa02\"]",
      "mode": "managed",
      "type": "random_string",
      "name": "suffix",
      "provider": "provider[\"registry.terraform.io/hashicorp/random\"]",
      "instances": [
        {
          "schema_version": 2,
          "attributes": {
            "id": "29qa",
            "keepers": null,
            "length": 4,
            "lower": true,
            "min_lower": 0,
            "min_numeric": 0,
            "min_special": 0,
            "min_upper": 0,
            "number": true,
            "numeric": true,
            "override_special": null,
            "result": "29qa",
            "special": false,
            "upper": false
          },
          "sensitive_attributes": [],
          "dependencies": [
            "google_folder.classroom"
          ]
        }
      ]
    },
    {
      "module": "module.project[\"boa03\"]",
      "mode": "managed",
      "type": "google_project",
      "name": "new",
      "provider": "provider[\"registry.terraform.io/hashicorp/google\"]",
      "instances": [
        {
          "index_key": 0,
          "schema_version": 1,
          "attributes": {
            "auto_create_network": true,
            "billing_account": "01C588-4823BC-27F650",
            "deletion_policy": "DELETE",
            "effective_labels": {
              "goog-terraform-provisioned": "true"
            },
            "folder_id": "64504091340",
            "id": "projects/boa03-1lfg",
            "labels": {},
            "name": "boa03-1lfg",
            "number": "514677065289",
            "org_id": "",
            "project_id": "boa03-1lfg",
            "tags": null,
            "terraform_labels": {
              "goog-terraform-provisioned": "true"
            },
            "timeouts": null
          },
          "sensitive_attributes": [
            [
              {
                "type": "get_attr",
                "value": "billing_account"
              }
            ]
          ],
          "private": "eyJlMmJmYjczMC1lY2FhLTExZTYtOGY4OC0zNDM2M2JjN2M0YzAiOnsiY3JlYXRlIjo2MDAwMDAwMDAwMDAsImRlbGV0ZSI6NjAwMDAwMDAwMDAwLCJyZWFkIjo2MDAwMDAwMDAwMDAsInVwZGF0ZSI6NjAwMDAwMDAwMDAwfSwic2NoZW1hX3ZlcnNpb24iOiIxIn0=",
          "dependencies": [
            "google_folder.classroom",
            "module.project.random_string.suffix"
          ]
        }
      ]
    },
    {
      "module": "module.project[\"boa03\"]",
      "mode": "managed",
      "type": "google_project_iam_member",
      "name": "permissions",
      "provider": "provider[\"registry.terraform.io/hashicorp/google\"]",
      "instances": [
        {
          "index_key": "roles/aiplatform.user/user:palladiusbonton@gmail.com",
          "schema_version": 0,
          "attributes": {
            "condition": [],
            "etag": "BwY55aF+dM4=",
            "id": "boa03-1lfg/roles/aiplatform.user/user:palladiusbonton@gmail.com",
            "member": "user:palladiusbonton@gmail.com",
            "project": "boa03-1lfg",
            "role": "roles/aiplatform.user"
          },
          "sensitive_attributes": [],
          "private": "bnVsbA==",
          "dependencies": [
            "google_folder.classroom",
            "module.project.data.google_project.existing",
            "module.project.google_project.new",
            "module.project.google_project_service.apis",
            "module.project.random_string.suffix"
          ]
        },
        {
          "index_key": "roles/aiplatform.user/user:student06@gmail.com",
          "schema_version": 0,
          "attributes": {
            "condition": [],
            "etag": "BwY55aF+dM4=",
            "id": "boa03-1lfg/roles/aiplatform.user/user:student06@gmail.com",
            "member": "user:student06@gmail.com",
            "project": "boa03-1lfg",
            "role": "roles/aiplatform.user"
          },
          "sensitive_attributes": [],
          "private": "bnVsbA==",
          "dependencies": [
            "google_folder.classroom",
            "module.project.data.google_project.existing",
            "module.project.google_project.new",
            "module.project.google_project_service.apis",
            "module.project.random_string.suffix"
          ]
        },
        {
          "index_key": "roles/artifactregistry.writer/user:palladiusbonton@gmail.com",
          "schema_version": 0,
          "attributes": {
            "condition": [],
            "etag": "BwY55aF+dM4=",
            "id": "boa03-1lfg/roles/artifactregistry.writer/user:palladiusbonton@gmail.com",
            "member": "user:palladiusbonton@gmail.com",
            "project": "boa03-1lfg",
            "role": "roles/artifactregistry.writer"
          },
          "sensitive_attributes": [],
          "private": "bnVsbA==",
          "dependencies": [
            "google_folder.classroom",
            "module.project.data.google_project.existing",
            "module.project.google_project.new",
            "module.project.google_project_service.apis",
            "module.project.random_string.suffix"
          ]
        },
        {
          "index_key": "roles/artifactregistry.writer/user:student06@gmail.com",
          "schema_version": 0,
          "attributes": {
            "condition": [],
            "etag": "BwY55aF+dM4=",
            "id": "boa03-1lfg/roles/artifactregistry.writer/user:student06@gmail.com",
            "member": "user:student06@gmail.com",
            "project": "boa03-1lfg",
            "role": "roles/artifactregistry.writer"
          },
          "sensitive_attributes": [],
          "private": "bnVsbA==",
          "dependencies": [
            "google_folder.classroom",
            "module.project.data.google_project.existing",
            "module.project.google_project.new",
            "module.project.google_project_service.apis",
            "module.project.random_string.suffix"
          ]
        },
        {
          "index_key": "roles/editor/user:palladiusbonton@gmail.com",
          "schema_version": 0,
          "attributes": {
            "condition": [],
            "etag": "BwY55aF+dM4=",
            "id": "boa03-1lfg/roles/editor/user:palladiusbonton@gmail.com",
            "member": "user:palladiusbonton@gmail.com",
            "project": "boa03-1lfg",
            "role": "roles/editor"
          },
          "sensitive_attributes": [],
          "private": "bnVsbA==",
          "dependencies": [
            "google_folder.classroom",
            "module.project.data.google_project.existing",
            "module.project.google_project.new",
            "module.project.google_project_service.apis",
            "module.project.random_string.suffix"
          ]
        },
        {
          "index_key": "roles/editor/user:student06@gmail.com",
          "schema_version": 0,
          "attributes": {
            "condition": [],
            "etag": "BwY55aF+dM4=",
            "id": "boa03-1lfg/roles/editor/user:student06@gmail.com",
            "member": "user:student06@gmail.com",
            "project": "boa03-1lfg",
            "role": "roles/editor"
          },
          "sensitive_attributes": [],
          "private": "bnVsbA==",
          "dependencies": [
            "google_folder.classroom",
            "module.project.data.google_project.existing",
            "module.project.google_project.new",
            "module.project.google_project_service.apis",
            "module.project.random_string.suffix"
          ]
        },
        {
          "index_key": "roles/iam.serviceAccountUser/user:palladiusbonton@gmail.com",
          "schema_version": 0,
          "attributes": {
            "condition": [],
            "etag": "BwY55aF+dM4=",
            "id": "boa03-1lfg/roles/iam.serviceAccountUser/user:palladiusbonton@gmail.com",
            "member": "user:palladiusbonton@gmail.com",
            "project": "boa03-1lfg",
            "role": "roles/iam.serviceAccountUser"
          },
          "sensitive_attributes": [],
          "private": "bnVsbA==",
          "dependencies": [
            "google_folder.classroom",
            "module.project.data.google_project.existing",
            "module.project.google_project.new",
            "module.project.google_project_service.apis",
            "module.project.random_string.suffix"
          ]
        },
        {
          "index_key": "roles/iam.serviceAccountUser/user:student06@gmail.com",
          "schema_version": 0,
          "attributes": {
            "condition": [],
            "etag": "BwY55aF+dM4=",
            "id": "boa03-1lfg/roles/iam.serviceAccountUser/user:student06@gmail.com",
            "member": "user:student06@gmail.com",
            "project": "boa03-1lfg",
            "role": "roles/iam.serviceAccountUser"
          },
          "sensitive_attributes": [],
          "private": "bnVsbA==",
          "dependencies": [
            "google_folder.classroom",
            "module.project.data.google_project.existing",
            "module.project.google_project.new",
            "module.project.google_project_service.apis",
            "module.project.random_string.suffix"
          ]
        },
        {
          "index_key": "roles/run.admin/user:palladiusbonton@gmail.com",
          "schema_version": 0,
          "attributes": {
            "condition": [],
            "etag": "BwY55aF+dM4=",
            "id": "boa03-1lfg/roles/run.admin/user:palladiusbonton@gmail.com",
            "member": "user:palladiusbonton@gmail.com",
            "project": "boa03-1lfg",
            "role": "roles/run.admin"
          },
          "sensitive_attributes": [],
          "private": "bnVsbA==",
          "dependencies": [
            "google_folder.classroom",
            "module.project.data.google_project.existing",
            "module.project.google_project.new",
            "module.project.google_project_service.apis",
            "module.project.random_string.suffix"
          ]
        },
        {
          "index_key": "roles/run.admin/user:student06@gmail.com",
          "schema_version": 0,
          "attributes": {
            "condition": [],
            "etag": "BwY55aF+dM4=",
            "id": "boa03-1lfg/roles/run.admin/user:student06@gmail.com",
            "member": "user:student06@gmail.com",
            "project": "boa03-1lfg",
            "role": "roles/run.admin"
          },
          "sensitive_attributes": [],
          "private": "bnVsbA==",
          "dependencies": [
            "google_folder.classroom",
            "module.project.data.google_project.existing",
            "module.project.google_project.new",
            "module.project.google_project_service.apis",
            "module.project.random_string.suffix"
          ]
        },
        {
          "index_key": "roles/storage.admin/user:palladiusbonton@gmail.com",
          "schema_version": 0,
          "attributes": {
            "condition": [],
            "etag": "BwY55aF+dM4=",
            "id": "boa03-1lfg/roles/storage.admin/user:palladiusbonton@gmail.com",
            "member": "user:palladiusbonton@gmail.com",
            "project": "boa03-1lfg",
            "role": "roles/storage.admin"
          },
          "sensitive_attributes": [],
          "private": "bnVsbA==",
          "dependencies": [
            "google_folder.classroom",
            "module.project.data.google_project.existing",
            "module.project.google_project.new",
            "module.project.google_project_service.apis",
            "module.project.random_string.suffix"
          ]
        },
        {
          "index_key": "roles/storage.admin/user:student06@gmail.com",
          "schema_version": 0,
          "attributes": {
            "condition": [],
            "etag": "BwY55aF+dM4=",
            "id": "boa03-1lfg/roles/storage.admin/user:student06@gmail.com",
            "member": "user:student06@gmail.com",
            "project": "boa03-1lfg",
            "role": "roles/storage.admin"
          },
          "sensitive_attributes": [],
          "private": "bnVsbA==",
          "dependencies": [
            "google_folder.classroom",
            "module.project.data.google_project.existing",
            "module.project.google_project.new",
            "module.project.google_project_service.apis",
            "module.project.random_string.suffix"
          ]
        }
      ]
    },
    {
      "module": "module.project[\"boa03\"]",
      "mode": "managed",
      "type": "google_project_service",
      "name": "apis",
      "provider": "provider[\"registry.terraform.io/hashicorp/google\"]",
      "instances": [
        {
          "index_key": "aiplatform.googleapis.com",
          "schema_version": 0,
          "attributes": {
            "disable_dependent_services": true,
            "disable_on_destroy": true,
            "id": "boa03-1lfg/aiplatform.googleapis.com",
            "project": "boa03-1lfg",
            "service": "aiplatform.googleapis.com",
            "timeouts": null
          },
          "sensitive_attributes": [],
          "private": "eyJlMmJmYjczMC1lY2FhLTExZTYtOGY4OC0zNDM2M2JjN2M0YzAiOnsiY3JlYXRlIjoxMjAwMDAwMDAwMDAwLCJkZWxldGUiOjEyMDAwMDAwMDAwMDAsInJlYWQiOjYwMDAwMDAwMDAwMCwidXBkYXRlIjoxMjAwMDAwMDAwMDAwfX0=",
          "dependencies": [
            "google_folder.classroom",
            "module.project.data.google_project.existing",
            "module.project.google_project.new",
            "module.project.random_string.suffix"
          ]
        },
        {
          "index_key": "apphub.googleapis.com",
          "schema_version": 0,
          "attributes": {
            "disable_dependent_services": true,
            "disable_on_destroy": true,
            "id": "boa03-1lfg/apphub.googleapis.com",
            "project": "boa03-1lfg",
            "service": "apphub.googleapis.com",
            "timeouts": null
          },
          "sensitive_attributes": [],
          "private": "eyJlMmJmYjczMC1lY2FhLTExZTYtOGY4OC0zNDM2M2JjN2M0YzAiOnsiY3JlYXRlIjoxMjAwMDAwMDAwMDAwLCJkZWxldGUiOjEyMDAwMDAwMDAwMDAsInJlYWQiOjYwMDAwMDAwMDAwMCwidXBkYXRlIjoxMjAwMDAwMDAwMDAwfX0=",
          "dependencies": [
            "google_folder.classroom",
            "module.project.data.google_project.existing",
            "module.project.google_project.new",
            "module.project.random_string.suffix"
          ]
        },
        {
          "index_key": "artifactregistry.googleapis.com",
          "schema_version": 0,
          "attributes": {
            "disable_dependent_services": true,
            "disable_on_destroy": true,
            "id": "boa03-1lfg/artifactregistry.googleapis.com",
            "project": "boa03-1lfg",
            "service": "artifactregistry.googleapis.com",
            "timeouts": null
          },
          "sensitive_attributes": [],
          "private": "eyJlMmJmYjczMC1lY2FhLTExZTYtOGY4OC0zNDM2M2JjN2M0YzAiOnsiY3JlYXRlIjoxMjAwMDAwMDAwMDAwLCJkZWxldGUiOjEyMDAwMDAwMDAwMDAsInJlYWQiOjYwMDAwMDAwMDAwMCwidXBkYXRlIjoxMjAwMDAwMDAwMDAwfX0=",
          "dependencies": [
            "google_folder.classroom",
            "module.project.data.google_project.existing",
            "module.project.google_project.new",
            "module.project.random_string.suffix"
          ]
        },
        {
          "index_key": "cloudbuild.googleapis.com",
          "schema_version": 0,
          "attributes": {
            "disable_dependent_services": true,
            "disable_on_destroy": true,
            "id": "boa03-1lfg/cloudbuild.googleapis.com",
            "project": "boa03-1lfg",
            "service": "cloudbuild.googleapis.com",
            "timeouts": null
          },
          "sensitive_attributes": [],
          "private": "eyJlMmJmYjczMC1lY2FhLTExZTYtOGY4OC0zNDM2M2JjN2M0YzAiOnsiY3JlYXRlIjoxMjAwMDAwMDAwMDAwLCJkZWxldGUiOjEyMDAwMDAwMDAwMDAsInJlYWQiOjYwMDAwMDAwMDAwMCwidXBkYXRlIjoxMjAwMDAwMDAwMDAwfX0=",
          "dependencies": [
            "google_folder.classroom",
            "module.project.data.google_project.existing",
            "module.project.google_project.new",
            "module.project.random_string.suffix"
          ]
        },
        {
          "index_key": "cloudresourcemanager.googleapis.com",
          "schema_version": 0,
          "attributes": {
            "disable_dependent_services": true,
            "disable_on_destroy": true,
            "id": "boa03-1lfg/cloudresourcemanager.googleapis.com",
            "project": "boa03-1lfg",
            "service": "cloudresourcemanager.googleapis.com",
            "timeouts": null
          },
          "sensitive_attributes": [],
          "private": "eyJlMmJmYjczMC1lY2FhLTExZTYtOGY4OC0zNDM2M2JjN2M0YzAiOnsiY3JlYXRlIjoxMjAwMDAwMDAwMDAwLCJkZWxldGUiOjEyMDAwMDAwMDAwMDAsInJlYWQiOjYwMDAwMDAwMDAwMCwidXBkYXRlIjoxMjAwMDAwMDAwMDAwfX0=",
          "dependencies": [
            "google_folder.classroom",
            "module.project.data.google_project.existing",
            "module.project.google_project.new",
            "module.project.random_string.suffix"
          ]
        },
        {
          "index_key": "compute.googleapis.com",
          "schema_version": 0,
          "attributes": {
            "disable_dependent_services": true,
            "disable_on_destroy": true,
            "id": "boa03-1lfg/compute.googleapis.com",
            "project": "boa03-1lfg",
            "service": "compute.googleapis.com",
            "timeouts": null
          },
          "sensitive_attributes": [],
          "private": "eyJlMmJmYjczMC1lY2FhLTExZTYtOGY4OC0zNDM2M2JjN2M0YzAiOnsiY3JlYXRlIjoxMjAwMDAwMDAwMDAwLCJkZWxldGUiOjEyMDAwMDAwMDAwMDAsInJlYWQiOjYwMDAwMDAwMDAwMCwidXBkYXRlIjoxMjAwMDAwMDAwMDAwfX0=",
          "dependencies": [
            "google_folder.classroom",
            "module.project.data.google_project.existing",
            "module.project.google_project.new",
            "module.project.random_string.suffix"
          ]
        },
        {
          "index_key": "iam.googleapis.com",
          "schema_version": 0,
          "attributes": {
            "disable_dependent_services": true,
            "disable_on_destroy": true,
            "id": "boa03-1lfg/iam.googleapis.com",
            "project": "boa03-1lfg",
            "service": "iam.googleapis.com",
            "timeouts": null
          },
          "sensitive_attributes": [],
          "private": "eyJlMmJmYjczMC1lY2FhLTExZTYtOGY4OC0zNDM2M2JjN2M0YzAiOnsiY3JlYXRlIjoxMjAwMDAwMDAwMDAwLCJkZWxldGUiOjEyMDAwMDAwMDAwMDAsInJlYWQiOjYwMDAwMDAwMDAwMCwidXBkYXRlIjoxMjAwMDAwMDAwMDAwfX0=",
          "dependencies": [
            "google_folder.classroom",
            "module.project.data.google_project.existing",
            "module.project.google_project.new",
            "module.project.random_string.suffix"
          ]
        },
        {
          "index_key": "logging.googleapis.com",
          "schema_version": 0,
          "attributes": {
            "disable_dependent_services": true,
            "disable_on_destroy": true,
            "id": "boa03-1lfg/logging.googleapis.com",
            "project": "boa03-1lfg",
            "service": "logging.googleapis.com",
            "timeouts": null
          },
          "sensitive_attributes": [],
          "private": "eyJlMmJmYjczMC1lY2FhLTExZTYtOGY4OC0zNDM2M2JjN2M0YzAiOnsiY3JlYXRlIjoxMjAwMDAwMDAwMDAwLCJkZWxldGUiOjEyMDAwMDAwMDAwMDAsInJlYWQiOjYwMDAwMDAwMDAwMCwidXBkYXRlIjoxMjAwMDAwMDAwMDAwfX0=",
          "dependencies": [
            "google_folder.classroom",
            "module.project.data.google_project.existing",
            "module.project.google_project.new",
            "module.project.random_string.suffix"
          ]
        },
        {
          "index_key": "monitoring.googleapis.com",
          "schema_version": 0,
          "attributes": {
            "disable_dependent_services": true,
            "disable_on_destroy": true,
            "id": "boa03-1lfg/monitoring.googleapis.com",
            "project": "boa03-1lfg",
            "service": "monitoring.googleapis.com",
            "timeouts": null
          },
          "sensitive_attributes": [],
          "private": "eyJlMmJmYjczMC1lY2FhLTExZTYtOGY4OC0zNDM2M2JjN2M0YzAiOnsiY3JlYXRlIjoxMjAwMDAwMDAwMDAwLCJkZWxldGUiOjEyMDAwMDAwMDAwMDAsInJlYWQiOjYwMDAwMDAwMDAwMCwidXBkYXRlIjoxMjAwMDAwMDAwMDAwfX0=",
          "dependencies": [
            "google_folder.classroom",
            "module.project.data.google_project.existing",
            "module.project.google_project.new",
            "module.project.random_string.suffix"
          ]
        },
        {
          "index_key": "run.googleapis.com",
          "schema_version": 0,
          "attributes": {
            "disable_dependent_services": true,
            "disable_on_destroy": true,
            "id": "boa03-1lfg/run.googleapis.com",
            "project": "boa03-1lfg",
            "service": "run.googleapis.com",
            "timeouts": null
          },
          "sensitive_attributes": [],
          "private": "eyJlMmJmYjczMC1lY2FhLTExZTYtOGY4OC0zNDM2M2JjN2M0YzAiOnsiY3JlYXRlIjoxMjAwMDAwMDAwMDAwLCJkZWxldGUiOjEyMDAwMDAwMDAwMDAsInJlYWQiOjYwMDAwMDAwMDAwMCwidXBkYXRlIjoxMjAwMDAwMDAwMDAwfX0=",
          "dependencies": [
            "google_folder.classroom",
            "module.project.data.google_project.existing",
            "module.project.google_project.new",
            "module.project.random_string.suffix"
          ]
        },
        {
          "index_key": "serviceusage.googleapis.com",
          "schema_version": 0,
          "attributes": {
            "disable_dependent_services": true,
            "disable_on_destroy": true,
            "id": "boa03-1lfg/serviceusage.googleapis.com",
            "project": "boa03-1lfg",
            "service": "serviceusage.googleapis.com",
            "timeouts": null
          },
          "sensitive_attributes": [],
          "private": "eyJlMmJmYjczMC1lY2FhLTExZTYtOGY4OC0zNDM2M2JjN2M0YzAiOnsiY3JlYXRlIjoxMjAwMDAwMDAwMDAwLCJkZWxldGUiOjEyMDAwMDAwMDAwMDAsInJlYWQiOjYwMDAwMDAwMDAwMCwidXBkYXRlIjoxMjAwMDAwMDAwMDAwfX0=",
          "dependencies": [
            "google_folder.classroom",
            "module.project.data.google_project.existing",
            "module.project.google_project.new",
            "module.project.random_string.suffix"
          ]
        }
      ]
    },
    {
      "module": "module.project[\"boa03\"]",
      "mode": "managed",
      "type": "random_string",
      "name": "suffix",
      "provider": "provider[\"registry.terraform.io/hashicorp/random\"]",
      "instances": [
        {
          "schema_version": 2,
          "attributes": {
            "id": "1lfg",
            "keepers": null,
            "length": 4,
            "lower": true,
            "min_lower": 0,
            "min_numeric": 0,
            "min_special": 0,
            "min_upper": 0,
            "number": true,
            "numeric": true,
            "override_special": null,
            "result": "1lfg",
            "special": false,
            "upper": false
          },
          "sensitive_attributes": [],
          "dependencies": [
            "google_folder.classroom"
          ]
        }
      ]
    },
    {
      "module": "module.project[\"teacherz\"]",
      "mode": "managed",
      "type": "google_project",
      "name": "new",
      "provider": "provider[\"registry.terraform.io/hashicorp/google\"]",
      "instances": [
        {
          "index_key": 0,
          "schema_version": 1,
          "attributes": {
            "auto_create_network": true,
            "billing_account": "01C588-4823BC-27F650",
            "deletion_policy": "DELETE",
            "effective_labels": {
              "goog-terraform-provisioned": "true"
            },
            "folder_id": "64504091340",
            "id": "projects/teacherz-u5m9",
            "labels": {},
            "name": "teacherz-u5m9",
            "number": "329170244907",
            "org_id": "",
            "project_id": "teacherz-u5m9",
            "tags": null,
            "terraform_labels": {
              "goog-terraform-provisioned": "true"
            },
            "timeouts": null
          },
          "sensitive_attributes": [
            [
              {
                "type": "get_attr",
                "value": "billing_account"
              }
            ]
          ],
          "private": "eyJlMmJmYjczMC1lY2FhLTExZTYtOGY4OC0zNDM2M2JjN2M0YzAiOnsiY3JlYXRlIjo2MDAwMDAwMDAwMDAsImRlbGV0ZSI6NjAwMDAwMDAwMDAwLCJyZWFkIjo2MDAwMDAwMDAwMDAsInVwZGF0ZSI6NjAwMDAwMDAwMDAwfSwic2NoZW1hX3ZlcnNpb24iOiIxIn0=",
          "dependencies": [
            "google_folder.classroom",
            "module.project.random_string.suffix"
          ]
        }
      ]
    },
    {
      "module": "module.project[\"teacherz\"]",
      "mode": "managed",
      "type": "google_project_iam_member",
      "name": "permissions",
      "provider": "provider[\"registry.terraform.io/hashicorp/google\"]",
      "instances": [
        {
          "index_key": "roles/aiplatform.user/user:leoy@google.com",
          "schema_version": 0,
          "attributes": {
            "condition": [],
            "etag": "BwY55aF9Zaw=",
            "id": "teacherz-u5m9/roles/aiplatform.user/user:leoy@google.com",
            "member": "user:leoy@google.com",
            "project": "teacherz-u5m9",
            "role": "roles/aiplatform.user"
          },
          "sensitive_attributes": [],
          "private": "bnVsbA==",
          "dependencies": [
            "google_folder.classroom",
            "module.project.data.google_project.existing",
            "module.project.google_project.new",
            "module.project.google_project_service.apis",
            "module.project.random_string.suffix"
          ]
        },
        {
          "index_key": "roles/aiplatform.user/user:ricc@google.com",
          "schema_version": 0,
          "attributes": {
            "condition": [],
            "etag": "BwY55aF9Zaw=",
            "id": "teacherz-u5m9/roles/aiplatform.user/user:ricc@google.com",
            "member": "user:ricc@google.com",
            "project": "teacherz-u5m9",
            "role": "roles/aiplatform.user"
          },
          "sensitive_attributes": [],
          "private": "bnVsbA==",
          "dependencies": [
            "google_folder.classroom",
            "module.project.data.google_project.existing",
            "module.project.google_project.new",
            "module.project.google_project_service.apis",
            "module.project.random_string.suffix"
          ]
        },
        {
          "index_key": "roles/artifactregistry.writer/user:leoy@google.com",
          "schema_version": 0,
          "attributes": {
            "condition": [],
            "etag": "BwY55aF9Zaw=",
            "id": "teacherz-u5m9/roles/artifactregistry.writer/user:leoy@google.com",
            "member": "user:leoy@google.com",
            "project": "teacherz-u5m9",
            "role": "roles/artifactregistry.writer"
          },
          "sensitive_attributes": [],
          "private": "bnVsbA==",
          "dependencies": [
            "google_folder.classroom",
            "module.project.data.google_project.existing",
            "module.project.google_project.new",
            "module.project.google_project_service.apis",
            "module.project.random_string.suffix"
          ]
        },
        {
          "index_key": "roles/artifactregistry.writer/user:ricc@google.com",
          "schema_version": 0,
          "attributes": {
            "condition": [],
            "etag": "BwY55aF9Zaw=",
            "id": "teacherz-u5m9/roles/artifactregistry.writer/user:ricc@google.com",
            "member": "user:ricc@google.com",
            "project": "teacherz-u5m9",
            "role": "roles/artifactregistry.writer"
          },
          "sensitive_attributes": [],
          "private": "bnVsbA==",
          "dependencies": [
            "google_folder.classroom",
            "module.project.data.google_project.existing",
            "module.project.google_project.new",
            "module.project.google_project_service.apis",
            "module.project.random_string.suffix"
          ]
        },
        {
          "index_key": "roles/editor/user:leoy@google.com",
          "schema_version": 0,
          "attributes": {
            "condition": [],
            "etag": "BwY55aF9Zaw=",
            "id": "teacherz-u5m9/roles/editor/user:leoy@google.com",
            "member": "user:leoy@google.com",
            "project": "teacherz-u5m9",
            "role": "roles/editor"
          },
          "sensitive_attributes": [],
          "private": "bnVsbA==",
          "dependencies": [
            "google_folder.classroom",
            "module.project.data.google_project.existing",
            "module.project.google_project.new",
            "module.project.google_project_service.apis",
            "module.project.random_string.suffix"
          ]
        },
        {
          "index_key": "roles/editor/user:ricc@google.com",
          "schema_version": 0,
          "attributes": {
            "condition": [],
            "etag": "BwY55aF9Zaw=",
            "id": "teacherz-u5m9/roles/editor/user:ricc@google.com",
            "member": "user:ricc@google.com",
            "project": "teacherz-u5m9",
            "role": "roles/editor"
          },
          "sensitive_attributes": [],
          "private": "bnVsbA==",
          "dependencies": [
            "google_folder.classroom",
            "module.project.data.google_project.existing",
            "module.project.google_project.new",
            "module.project.google_project_service.apis",
            "module.project.random_string.suffix"
          ]
        },
        {
          "index_key": "roles/iam.serviceAccountUser/user:leoy@google.com",
          "schema_version": 0,
          "attributes": {
            "condition": [],
            "etag": "BwY55aF9Zaw=",
            "id": "teacherz-u5m9/roles/iam.serviceAccountUser/user:leoy@google.com",
            "member": "user:leoy@google.com",
            "project": "teacherz-u5m9",
            "role": "roles/iam.serviceAccountUser"
          },
          "sensitive_attributes": [],
          "private": "bnVsbA==",
          "dependencies": [
            "google_folder.classroom",
            "module.project.data.google_project.existing",
            "module.project.google_project.new",
            "module.project.google_project_service.apis",
            "module.project.random_string.suffix"
          ]
        },
        {
          "index_key": "roles/iam.serviceAccountUser/user:ricc@google.com",
          "schema_version": 0,
          "attributes": {
            "condition": [],
            "etag": "BwY55aF9Zaw=",
            "id": "teacherz-u5m9/roles/iam.serviceAccountUser/user:ricc@google.com",
            "member": "user:ricc@google.com",
            "project": "teacherz-u5m9",
            "role": "roles/iam.serviceAccountUser"
          },
          "sensitive_attributes": [],
          "private": "bnVsbA==",
          "dependencies": [
            "google_folder.classroom",
            "module.project.data.google_project.existing",
            "module.project.google_project.new",
            "module.project.google_project_service.apis",
            "module.project.random_string.suffix"
          ]
        },
        {
          "index_key": "roles/run.admin/user:leoy@google.com",
          "schema_version": 0,
          "attributes": {
            "condition": [],
            "etag": "BwY55aF9Zaw=",
            "id": "teacherz-u5m9/roles/run.admin/user:leoy@google.com",
            "member": "user:leoy@google.com",
            "project": "teacherz-u5m9",
            "role": "roles/run.admin"
          },
          "sensitive_attributes": [],
          "private": "bnVsbA==",
          "dependencies": [
            "google_folder.classroom",
            "module.project.data.google_project.existing",
            "module.project.google_project.new",
            "module.project.google_project_service.apis",
            "module.project.random_string.suffix"
          ]
        },
        {
          "index_key": "roles/run.admin/user:ricc@google.com",
          "schema_version": 0,
          "attributes": {
            "condition": [],
            "etag": "BwY55aF9Zaw=",
            "id": "teacherz-u5m9/roles/run.admin/user:ricc@google.com",
            "member": "user:ricc@google.com",
            "project": "teacherz-u5m9",
            "role": "roles/run.admin"
          },
          "sensitive_attributes": [],
          "private": "bnVsbA==",
          "dependencies": [
            "google_folder.classroom",
            "module.project.data.google_project.existing",
            "module.project.google_project.new",
            "module.project.google_project_service.apis",
            "module.project.random_string.suffix"
          ]
        },
        {
          "index_key": "roles/storage.admin/user:leoy@google.com",
          "schema_version": 0,
          "attributes": {
            "condition": [],
            "etag": "BwY55aF9Zaw=",
            "id": "teacherz-u5m9/roles/storage.admin/user:leoy@google.com",
            "member": "user:leoy@google.com",
            "project": "teacherz-u5m9",
            "role": "roles/storage.admin"
          },
          "sensitive_attributes": [],
          "private": "bnVsbA==",
          "dependencies": [
            "google_folder.classroom",
            "module.project.data.google_project.existing",
            "module.project.google_project.new",
            "module.project.google_project_service.apis",
            "module.project.random_string.suffix"
          ]
        },
        {
          "index_key": "roles/storage.admin/user:ricc@google.com",
          "schema_version": 0,
          "attributes": {
            "condition": [],
            "etag": "BwY55aF9Zaw=",
            "id": "teacherz-u5m9/roles/storage.admin/user:ricc@google.com",
            "member": "user:ricc@google.com",
            "project": "teacherz-u5m9",
            "role": "roles/storage.admin"
          },
          "sensitive_attributes": [],
          "private": "bnVsbA==",
          "dependencies": [
            "google_folder.classroom",
            "module.project.data.google_project.existing",
            "module.project.google_project.new",
            "module.project.google_project_service.apis",
            "module.project.random_string.suffix"
          ]
        }
      ]
    },
    {
      "module": "module.project[\"teacherz\"]",
      "mode": "managed",
      "type": "google_project_service",
      "name": "apis",
      "provider": "provider[\"registry.terraform.io/hashicorp/google\"]",
      "instances": [
        {
          "index_key": "aiplatform.googleapis.com",
          "schema_version": 0,
          "attributes": {
            "disable_dependent_services": true,
            "disable_on_destroy": true,
            "id": "teacherz-u5m9/aiplatform.googleapis.com",
            "project": "teacherz-u5m9",
            "service": "aiplatform.googleapis.com",
            "timeouts": null
          },
          "sensitive_attributes": [],
          "private": "eyJlMmJmYjczMC1lY2FhLTExZTYtOGY4OC0zNDM2M2JjN2M0YzAiOnsiY3JlYXRlIjoxMjAwMDAwMDAwMDAwLCJkZWxldGUiOjEyMDAwMDAwMDAwMDAsInJlYWQiOjYwMDAwMDAwMDAwMCwidXBkYXRlIjoxMjAwMDAwMDAwMDAwfX0=",
          "dependencies": [
            "google_folder.classroom",
            "module.project.data.google_project.existing",
            "module.project.google_project.new",
            "module.project.random_string.suffix"
          ]
        },
        {
          "index_key": "apphub.googleapis.com",
          "schema_version": 0,
          "attributes": {
            "disable_dependent_services": true,
            "disable_on_destroy": true,
            "id": "teacherz-u5m9/apphub.googleapis.com",
            "project": "teacherz-u5m9",
            "service": "apphub.googleapis.com",
            "timeouts": null
          },
          "sensitive_attributes": [],
          "private": "eyJlMmJmYjczMC1lY2FhLTExZTYtOGY4OC0zNDM2M2JjN2M0YzAiOnsiY3JlYXRlIjoxMjAwMDAwMDAwMDAwLCJkZWxldGUiOjEyMDAwMDAwMDAwMDAsInJlYWQiOjYwMDAwMDAwMDAwMCwidXBkYXRlIjoxMjAwMDAwMDAwMDAwfX0=",
          "dependencies": [
            "google_folder.classroom",
            "module.project.data.google_project.existing",
            "module.project.google_project.new",
            "module.project.random_string.suffix"
          ]
        },
        {
          "index_key": "artifactregistry.googleapis.com",
          "schema_version": 0,
          "attributes": {
            "disable_dependent_services": true,
            "disable_on_destroy": true,
            "id": "teacherz-u5m9/artifactregistry.googleapis.com",
            "project": "teacherz-u5m9",
            "service": "artifactregistry.googleapis.com",
            "timeouts": null
          },
          "sensitive_attributes": [],
          "private": "eyJlMmJmYjczMC1lY2FhLTExZTYtOGY4OC0zNDM2M2JjN2M0YzAiOnsiY3JlYXRlIjoxMjAwMDAwMDAwMDAwLCJkZWxldGUiOjEyMDAwMDAwMDAwMDAsInJlYWQiOjYwMDAwMDAwMDAwMCwidXBkYXRlIjoxMjAwMDAwMDAwMDAwfX0=",
          "dependencies": [
            "google_folder.classroom",
            "module.project.data.google_project.existing",
            "module.project.google_project.new",
            "module.project.random_string.suffix"
          ]
        },
        {
          "index_key": "cloudbuild.googleapis.com",
          "schema_version": 0,
          "attributes": {
            "disable_dependent_services": true,
            "disable_on_destroy": true,
            "id": "teacherz-u5m9/cloudbuild.googleapis.com",
            "project": "teacherz-u5m9",
            "service": "cloudbuild.googleapis.com",
            "timeouts": null
          },
          "sensitive_attributes": [],
          "private": "eyJlMmJmYjczMC1lY2FhLTExZTYtOGY4OC0zNDM2M2JjN2M0YzAiOnsiY3JlYXRlIjoxMjAwMDAwMDAwMDAwLCJkZWxldGUiOjEyMDAwMDAwMDAwMDAsInJlYWQiOjYwMDAwMDAwMDAwMCwidXBkYXRlIjoxMjAwMDAwMDAwMDAwfX0=",
          "dependencies": [
            "google_folder.classroom",
            "module.project.data.google_project.existing",
            "module.project.google_project.new",
            "module.project.random_string.suffix"
          ]
        },
        {
          "index_key": "cloudresourcemanager.googleapis.com",
          "schema_version": 0,
          "attributes": {
            "disable_dependent_services": true,
            "disable_on_destroy": true,
            "id": "teacherz-u5m9/cloudresourcemanager.googleapis.com",
            "project": "teacherz-u5m9",
            "service": "cloudresourcemanager.googleapis.com",
            "timeouts": null
          },
          "sensitive_attributes": [],
          "private": "eyJlMmJmYjczMC1lY2FhLTExZTYtOGY4OC0zNDM2M2JjN2M0YzAiOnsiY3JlYXRlIjoxMjAwMDAwMDAwMDAwLCJkZWxldGUiOjEyMDAwMDAwMDAwMDAsInJlYWQiOjYwMDAwMDAwMDAwMCwidXBkYXRlIjoxMjAwMDAwMDAwMDAwfX0=",
          "dependencies": [
            "google_folder.classroom",
            "module.project.data.google_project.existing",
            "module.project.google_project.new",
            "module.project.random_string.suffix"
          ]
        },
        {
          "index_key": "compute.googleapis.com",
          "schema_version": 0,
          "attributes": {
            "disable_dependent_services": true,
            "disable_on_destroy": true,
            "id": "teacherz-u5m9/compute.googleapis.com",
            "project": "teacherz-u5m9",
            "service": "compute.googleapis.com",
            "timeouts": null
          },
          "sensitive_attributes": [],
          "private": "eyJlMmJmYjczMC1lY2FhLTExZTYtOGY4OC0zNDM2M2JjN2M0YzAiOnsiY3JlYXRlIjoxMjAwMDAwMDAwMDAwLCJkZWxldGUiOjEyMDAwMDAwMDAwMDAsInJlYWQiOjYwMDAwMDAwMDAwMCwidXBkYXRlIjoxMjAwMDAwMDAwMDAwfX0=",
          "dependencies": [
            "google_folder.classroom",
            "module.project.data.google_project.existing",
            "module.project.google_project.new",
            "module.project.random_string.suffix"
          ]
        },
        {
          "index_key": "iam.googleapis.com",
          "schema_version": 0,
          "attributes": {
            "disable_dependent_services": true,
            "disable_on_destroy": true,
            "id": "teacherz-u5m9/iam.googleapis.com",
            "project": "teacherz-u5m9",
            "service": "iam.googleapis.com",
            "timeouts": null
          },
          "sensitive_attributes": [],
          "private": "eyJlMmJmYjczMC1lY2FhLTExZTYtOGY4OC0zNDM2M2JjN2M0YzAiOnsiY3JlYXRlIjoxMjAwMDAwMDAwMDAwLCJkZWxldGUiOjEyMDAwMDAwMDAwMDAsInJlYWQiOjYwMDAwMDAwMDAwMCwidXBkYXRlIjoxMjAwMDAwMDAwMDAwfX0=",
          "dependencies": [
            "google_folder.classroom",
            "module.project.data.google_project.existing",
            "module.project.google_project.new",
            "module.project.random_string.suffix"
          ]
        },
        {
          "index_key": "logging.googleapis.com",
          "schema_version": 0,
          "attributes": {
            "disable_dependent_services": true,
            "disable_on_destroy": true,
            "id": "teacherz-u5m9/logging.googleapis.com",
            "project": "teacherz-u5m9",
            "service": "logging.googleapis.com",
            "timeouts": null
          },
          "sensitive_attributes": [],
          "private": "eyJlMmJmYjczMC1lY2FhLTExZTYtOGY4OC0zNDM2M2JjN2M0YzAiOnsiY3JlYXRlIjoxMjAwMDAwMDAwMDAwLCJkZWxldGUiOjEyMDAwMDAwMDAwMDAsInJlYWQiOjYwMDAwMDAwMDAwMCwidXBkYXRlIjoxMjAwMDAwMDAwMDAwfX0=",
          "dependencies": [
            "google_folder.classroom",
            "module.project.data.google_project.existing",
            "module.project.google_project.new",
            "module.project.random_string.suffix"
          ]
        },
        {
          "index_key": "monitoring.googleapis.com",
          "schema_version": 0,
          "attributes": {
            "disable_dependent_services": true,
            "disable_on_destroy": true,
            "id": "teacherz-u5m9/monitoring.googleapis.com",
            "project": "teacherz-u5m9",
            "service": "monitoring.googleapis.com",
            "timeouts": null
          },
          "sensitive_attributes": [],
          "private": "eyJlMmJmYjczMC1lY2FhLTExZTYtOGY4OC0zNDM2M2JjN2M0YzAiOnsiY3JlYXRlIjoxMjAwMDAwMDAwMDAwLCJkZWxldGUiOjEyMDAwMDAwMDAwMDAsInJlYWQiOjYwMDAwMDAwMDAwMCwidXBkYXRlIjoxMjAwMDAwMDAwMDAwfX0=",
          "dependencies": [
            "google_folder.classroom",
            "module.project.data.google_project.existing",
            "module.project.google_project.new",
            "module.project.random_string.suffix"
          ]
        },
        {
          "index_key": "run.googleapis.com",
          "schema_version": 0,
          "attributes": {
            "disable_dependent_services": true,
            "disable_on_destroy": true,
            "id": "teacherz-u5m9/run.googleapis.com",
            "project": "teacherz-u5m9",
            "service": "run.googleapis.com",
            "timeouts": null
          },
          "sensitive_attributes": [],
          "private": "eyJlMmJmYjczMC1lY2FhLTExZTYtOGY4OC0zNDM2M2JjN2M0YzAiOnsiY3JlYXRlIjoxMjAwMDAwMDAwMDAwLCJkZWxldGUiOjEyMDAwMDAwMDAwMDAsInJlYWQiOjYwMDAwMDAwMDAwMCwidXBkYXRlIjoxMjAwMDAwMDAwMDAwfX0=",
          "dependencies": [
            "google_folder.classroom",
            "module.project.data.google_project.existing",
            "module.project.google_project.new",
            "module.project.random_string.suffix"
          ]
        },
        {
          "index_key": "serviceusage.googleapis.com",
          "schema_version": 0,
          "attributes": {
            "disable_dependent_services": true,
            "disable_on_destroy": true,
            "id": "teacherz-u5m9/serviceusage.googleapis.com",
            "project": "teacherz-u5m9",
            "service": "serviceusage.googleapis.com",
            "timeouts": null
          },
          "sensitive_attributes": [],
          "private": "eyJlMmJmYjczMC1lY2FhLTExZTYtOGY4OC0zNDM2M2JjN2M0YzAiOnsiY3JlYXRlIjoxMjAwMDAwMDAwMDAwLCJkZWxldGUiOjEyMDAwMDAwMDAwMDAsInJlYWQiOjYwMDAwMDAwMDAwMCwidXBkYXRlIjoxMjAwMDAwMDAwMDAwfX0=",
          "dependencies": [
            "google_folder.classroom",
            "module.project.data.google_project.existing",
            "module.project.google_project.new",
            "module.project.random_string.suffix"
          ]
        }
      ]
    },
    {
      "module": "module.project[\"teacherz\"]",
      "mode": "managed",
      "type": "random_string",
      "name": "suffix",
      "provider": "provider[\"registry.terraform.io/hashicorp/random\"]",
      "instances": [
        {
          "schema_version": 2,
          "attributes": {
            "id": "u5m9",
            "keepers": null,
            "length": 4,
            "lower": true,
            "min_lower": 0,
            "min_numeric": 0,
            "min_special": 0,
            "min_upper": 0,
            "number": true,
            "numeric": true,
            "override_special": null,
            "result": "u5m9",
            "special": false,
            "upper": false
          },
          "sensitive_attributes": [],
          "dependencies": [
            "google_folder.classroom"
          ]
        }
      ]
    }
  ],
  "check_results": null
}
